
Microsoft Visual Studio Solution File, Format Version 12.00
# Visual Studio Version 17
VisualStudioVersion = 17.11.35303.130
MinimumVisualStudioVersion = 10.0.40219.1
Project("{2150E333-8FDC-42A3-9474-1A3956D46DE8}") = "TestCase", "TestCase", "{25400C64-2DF8-4240-90E4-3BA15E3BD4FA}"
EndProject
Project("{2150E333-8FDC-42A3-9474-1A3956D46DE8}") = "ExtensionTools", "ExtensionTools", "{196258EE-67A8-43C2-84E6-1133B80142DD}"
EndProject
Project("{9A19103F-16F7-4668-BE54-9A1E7A4F7556}") = "AutoCSer.TestCase.NET8", "TestCase\TestCase\AutoCSer.TestCase.NET8.csproj", "{A9E1BAC4-967E-41C4-9842-D7A49E27F015}"
EndProject
Project("{2150E333-8FDC-42A3-9474-1A3956D46DE8}") = "ExtensionTools", "ExtensionTools", "{917E7121-4D7B-4083-9654-A0C0A2A9CF1C}"
EndProject
Project("{9A19103F-16F7-4668-BE54-9A1E7A4F7556}") = "AutoCSer.NET8", "AutoCSer\AutoCSer.NET8.csproj", "{3C636EA8-DD8F-4FFA-8284-5D0068B455D2}"
EndProject
Project("{9A19103F-16F7-4668-BE54-9A1E7A4F7556}") = "AutoCSer.Extensions.NET8", "AutoCSer\Extensions\AutoCSer.Extensions.NET8.csproj", "{770F328B-7A1F-4F4A-BC65-5B019FFA0F03}"
EndProject
Project("{9A19103F-16F7-4668-BE54-9A1E7A4F7556}") = "AutoCSer.FieldEquals.NET8", "AutoCSer\FieldEquals\AutoCSer.FieldEquals.NET8.csproj", "{21CD955F-774D-40AF-B518-FC9A199052CC}"
EndProject
Project("{9A19103F-16F7-4668-BE54-9A1E7A4F7556}") = "AutoCSer.RandomObject.NET8", "AutoCSer\RandomObject\AutoCSer.RandomObject.NET8.csproj", "{FDB8BF71-0DE4-49C1-8CE2-04E88A0009C3}"
EndProject
Project("{2150E333-8FDC-42A3-9474-1A3956D46DE8}") = "Application", "Application", "{820CAB27-14FB-446C-A5EF-600BC89A7BC4}"
EndProject
Project("{9A19103F-16F7-4668-BE54-9A1E7A4F7556}") = "AutoCSer.TestCase.Common.NET8", "TestCase\Common\AutoCSer.TestCase.Common.NET8.csproj", "{CF026824-D986-4A4F-824C-CCDC616221FD}"
EndProject
Project("{9A19103F-16F7-4668-BE54-9A1E7A4F7556}") = "AutoCSer.TestCase.CommandServerPerformance", "TestCase\CommandServerPerformance\AutoCSer.TestCase.CommandServerPerformance.csproj", "{6CDF2D8B-25A7-416B-BAA7-DA4483DDC987}"
EndProject
Project("{9A19103F-16F7-4668-BE54-9A1E7A4F7556}") = "AutoCSer.TestCase.CommandClientPerformance", "TestCase\CommandServerPerformance\Client\AutoCSer.TestCase.CommandClientPerformance.csproj", "{0056E9A8-99B3-471B-88B3-8994C9E3036C}"
EndProject
Project("{2150E333-8FDC-42A3-9474-1A3956D46DE8}") = "StreamPersistenceMemoryDatabase", "StreamPersistenceMemoryDatabase", "{65880485-7044-4C84-ABEE-8C2FEEB214F0}"
EndProject
Project("{9A19103F-16F7-4668-BE54-9A1E7A4F7556}") = "AutoCSer.CommandService.StreamPersistenceMemoryDatabase.NET8", "Application\StreamPersistenceMemoryDatabase\AutoCSer.CommandService.StreamPersistenceMemoryDatabase.NET8.csproj", "{FE6D608E-5770-4A3E-8560-B75A9C26BEAB}"
EndProject
Project("{2150E333-8FDC-42A3-9474-1A3956D46DE8}") = "TestCase", "TestCase", "{60CFF901-DDAF-4FEB-A70A-9AB5E5549204}"
EndProject
Project("{9A19103F-16F7-4668-BE54-9A1E7A4F7556}") = "AutoCSer.TestCase.StreamPersistenceMemoryDatabaseCommon", "TestCase\StreamPersistenceMemoryDatabase\Common\AutoCSer.TestCase.StreamPersistenceMemoryDatabaseCommon.csproj", "{CAB38422-35F5-42C9-AA43-E96825D0DEFF}"
EndProject
Project("{9A19103F-16F7-4668-BE54-9A1E7A4F7556}") = "AutoCSer.CommandService.TimestampVerify.NET8", "Application\TimestampVerify\AutoCSer.CommandService.TimestampVerify.NET8.csproj", "{4E0330E4-EB77-4B39-BD77-B7EAD178682C}"
EndProject
Project("{9A19103F-16F7-4668-BE54-9A1E7A4F7556}") = "AutoCSer.TestCase.StreamPersistenceMemoryDatabase", "TestCase\StreamPersistenceMemoryDatabase\AutoCSer.TestCase.StreamPersistenceMemoryDatabase.csproj", "{7F159A17-93CF-4EF0-B8F5-082AC5AECAB1}"
EndProject
Project("{9A19103F-16F7-4668-BE54-9A1E7A4F7556}") = "AutoCSer.TestCase.StreamPersistenceMemoryDatabaseRepairMethod", "TestCase\StreamPersistenceMemoryDatabase\RepairMethod\AutoCSer.TestCase.StreamPersistenceMemoryDatabaseRepairMethod.csproj", "{19C5A7E2-ECE9-4ED6-8A14-1A1B9AEBA3CA}"
EndProject
Project("{9A19103F-16F7-4668-BE54-9A1E7A4F7556}") = "AutoCSer.TestCase.StreamPersistenceMemoryDatabaseClient", "TestCase\StreamPersistenceMemoryDatabase\Client\AutoCSer.TestCase.StreamPersistenceMemoryDatabaseClient.csproj", "{A84AFD64-CC02-4042-AB48-4F3AD02D91C4}"
EndProject
Project("{9A19103F-16F7-4668-BE54-9A1E7A4F7556}") = "AutoCSer.TestCase.StreamPersistenceMemoryDatabaseLocalService", "TestCase\StreamPersistenceMemoryDatabase\LocalService\AutoCSer.TestCase.StreamPersistenceMemoryDatabaseLocalService.csproj", "{F38CC3B0-9D11-4730-8841-5F0992F04379}"
EndProject
Project("{9A19103F-16F7-4668-BE54-9A1E7A4F7556}") = "AutoCSer.NetCoreWeb.NET8", "AutoCSer\NetCoreWeb\AutoCSer.NetCoreWeb.NET8.csproj", "{4CBAA458-60B9-488E-ABC4-687C26EAAC90}"
EndProject
Project("{9A19103F-16F7-4668-BE54-9A1E7A4F7556}") = "AutoCSer.CodeGenerator.NET8", "AutoCSer\CodeGenerator\AutoCSer.CodeGenerator.NET8.csproj", "{7FAE8BE5-C766-4E82-A674-62CA1CFC770A}"
EndProject
Project("{9A19103F-16F7-4668-BE54-9A1E7A4F7556}") = "AutoCSer.Drawing.NET8", "AutoCSer\Drawing\AutoCSer.Drawing.NET8.csproj", "{132141AD-805A-4B1B-A669-5EE0CA6EE1CA}"
EndProject
Project("{9A19103F-16F7-4668-BE54-9A1E7A4F7556}") = "AutoCSer.ORM.NET8", "AutoCSer\ORM\AutoCSer.ORM.NET8.csproj", "{D9ED0BF6-A1F2-4CDE-BE8C-6330BF9854DE}"
EndProject
Project("{9A19103F-16F7-4668-BE54-9A1E7A4F7556}") = "AutoCSer.TestCase.SerializePerformance", "TestCase\SerializePerformance\AutoCSer.TestCase.SerializePerformance.csproj", "{D91ACCE5-2441-4457-AE66-C755E08B0795}"
EndProject
Project("{9A19103F-16F7-4668-BE54-9A1E7A4F7556}") = "AutoCSer.CommandService.DeployTask.NET8", "Application\DeployTask\AutoCSer.CommandService.DeployTask.NET8.csproj", "{D0A4CE20-43C8-474C-9264-3313488569B2}"
EndProject
Project("{9A19103F-16F7-4668-BE54-9A1E7A4F7556}") = "AutoCSer.CommandService.DiskBlock.NET8", "Application\DiskBlock\AutoCSer.CommandService.DiskBlock.NET8.csproj", "{C160AA0B-E31C-47B2-96E4-4C16CE19378B}"
EndProject
Project("{9A19103F-16F7-4668-BE54-9A1E7A4F7556}") = "AutoCSer.CommandService.ReverseLogCollection.NET8", "Application\ReverseLogCollection\AutoCSer.CommandService.ReverseLogCollection.NET8.csproj", "{4545C5BE-6EAC-46E6-8612-F514CFEDB498}"
EndProject
Project("{2150E333-8FDC-42A3-9474-1A3956D46DE8}") = "ORM", "ORM", "{B9476867-467B-4574-A1E6-FB7C874021D4}"
EndProject
Project("{2150E333-8FDC-42A3-9474-1A3956D46DE8}") = "TestCase", "TestCase", "{E6D7532B-47CA-48B8-B02D-159EAAE9492C}"
EndProject
Project("{9A19103F-16F7-4668-BE54-9A1E7A4F7556}") = "AutoCSer.TestCase.CommonModel", "TestCase\ORM\CommonModel\AutoCSer.TestCase.CommonModel.csproj", "{A54C3777-C346-4777-A787-8F9BE24C8DE8}"
EndProject
Project("{9A19103F-16F7-4668-BE54-9A1E7A4F7556}") = "AutoCSer.TestCase.BusinessService", "TestCase\ORM\BusinessService\AutoCSer.TestCase.BusinessService.csproj", "{7D7E825E-B154-4AB1-906B-63960DD6E1B4}"
EndProject
Project("{9A19103F-16F7-4668-BE54-9A1E7A4F7556}") = "AutoCSer.TestCase.BusinessClient", "TestCase\ORM\BusinessClient\AutoCSer.TestCase.BusinessClient.csproj", "{0D8E1041-67FC-44CB-87CC-C8A60C6AAF01}"
EndProject
Project("{2150E333-8FDC-42A3-9474-1A3956D46DE8}") = "NetCoreWeb", "NetCoreWeb", "{1A6CD54D-3FA7-407C-AC73-5174460CD967}"
EndProject
Project("{2150E333-8FDC-42A3-9474-1A3956D46DE8}") = "TestCase", "TestCase", "{2518D16E-86DF-46EA-9A05-64D6A858C748}"
EndProject
Project("{9A19103F-16F7-4668-BE54-9A1E7A4F7556}") = "AutoCSer.TestCase.NetCoreWeb", "TestCase\NetCoreWeb\AutoCSer.TestCase.NetCoreWeb.csproj", "{08F1B1C4-57E0-49BD-A85C-3A562224E8AB}"
EndProject
Project("{2150E333-8FDC-42A3-9474-1A3956D46DE8}") = "Drawing", "Drawing", "{468974EA-7812-4B5C-BEEB-779DCE028B59}"
EndProject
Project("{2150E333-8FDC-42A3-9474-1A3956D46DE8}") = "TestCase", "TestCase", "{DA19F032-BD1C-4433-A282-7E51422B11A7}"
EndProject
Project("{2150E333-8FDC-42A3-9474-1A3956D46DE8}") = "TimestampVerify", "TimestampVerify", "{D17A2DED-C655-4676-9DF5-F374AEC3237B}"
EndProject
Project("{9A19103F-16F7-4668-BE54-9A1E7A4F7556}") = "AutoCSer.TestCase.TimestampVerify", "TestCase\TimestampVerify\AutoCSer.TestCase.TimestampVerify.csproj", "{3386B056-D48A-494C-A62F-CCC48F608F54}"
EndProject
Project("{2150E333-8FDC-42A3-9474-1A3956D46DE8}") = "TestCase", "TestCase", "{9FCD81AA-EED6-4FF7-952F-D7AA6A54A6AB}"
EndProject
Project("{9A19103F-16F7-4668-BE54-9A1E7A4F7556}") = "AutoCSer.TestCase.TimestampVerifyClient", "TestCase\TimestampVerify\Client\AutoCSer.TestCase.TimestampVerifyClient.csproj", "{59183A58-9930-40F4-926C-BE4F628738E5}"
EndProject
Project("{9A19103F-16F7-4668-BE54-9A1E7A4F7556}") = "AutoCSer.TestCase.StreamPersistenceMemoryDatabaseBackuper", "TestCase\StreamPersistenceMemoryDatabase\Backuper\AutoCSer.TestCase.StreamPersistenceMemoryDatabaseBackuper.csproj", "{D6617C64-AE44-4019-A2D6-DCAFFE09E02A}"
EndProject
Project("{2150E333-8FDC-42A3-9474-1A3956D46DE8}") = "ReverseLogCollection", "ReverseLogCollection", "{201CB0D4-9F1B-4ECA-853B-68522FDDE0DE}"
EndProject
Project("{2150E333-8FDC-42A3-9474-1A3956D46DE8}") = "TestCase", "TestCase", "{96DBC338-0021-494E-BE06-C384B7971A55}"
EndProject
Project("{9A19103F-16F7-4668-BE54-9A1E7A4F7556}") = "AutoCSer.TestCase.ReverseLogCollectionCommon", "TestCase\ReverseLogCollection\Common\AutoCSer.TestCase.ReverseLogCollectionCommon.csproj", "{5CC415FA-72C8-43BF-9AB7-BD6965896BAC}"
EndProject
Project("{9A19103F-16F7-4668-BE54-9A1E7A4F7556}") = "AutoCSer.TestCase.ReverseLogCollection", "TestCase\ReverseLogCollection\AutoCSer.TestCase.ReverseLogCollection.csproj", "{4F5B4FF1-AD9A-4C32-9720-C04C1A8D2EF9}"
EndProject
Project("{9A19103F-16F7-4668-BE54-9A1E7A4F7556}") = "AutoCSer.TestCase.ReverseLogCollectionClient", "TestCase\ReverseLogCollection\Client\AutoCSer.TestCase.ReverseLogCollectionClient.csproj", "{E7B14A17-E4CC-4655-8A0D-D0CA5B58DA92}"
EndProject
Project("{9A19103F-16F7-4668-BE54-9A1E7A4F7556}") = "AutoCSer.TestCase.ProcessGuard", "TestCase\ProcessGuard\AutoCSer.TestCase.ProcessGuard.csproj", "{BFD07E8E-58B8-4227-9DFE-0EC1D8B15CF6}"
EndProject
Project("{9A19103F-16F7-4668-BE54-9A1E7A4F7556}") = "AutoCSer.TestCase.ProcessGuardSwitchProcess", "TestCase\ProcessGuard\SwitchProcess\AutoCSer.TestCase.ProcessGuardSwitchProcess.csproj", "{7F525124-D493-4C53-A200-3B7ECF04ED85}"
EndProject
Project("{9A19103F-16F7-4668-BE54-9A1E7A4F7556}") = "AutoCSer.TestCase.ProcessGuardClient", "TestCase\ProcessGuard\Client\AutoCSer.TestCase.ProcessGuardClient.csproj", "{5C015302-D24B-4400-AEAB-BF3952F917C0}"
EndProject
Project("{2150E333-8FDC-42A3-9474-1A3956D46DE8}") = "TestCase", "TestCase", "{81EE0AB6-8CD8-4375-8E2B-B718FEDC1BA7}"
EndProject
Project("{9A19103F-16F7-4668-BE54-9A1E7A4F7556}") = "AutoCSer.TestCase.FileSynchronous", "TestCase\FileSynchronous\AutoCSer.TestCase.FileSynchronous.csproj", "{C6425A09-987B-4FDA-93D4-0F5F18BCC4FA}"
EndProject
Project("{9A19103F-16F7-4668-BE54-9A1E7A4F7556}") = "AutoCSer.TestCase.FileSynchronousClient", "TestCase\FileSynchronous\Client\AutoCSer.TestCase.FileSynchronousClient.csproj", "{82935606-3E0A-40F5-9762-74B7E3DB7597}"
EndProject
Project("{2150E333-8FDC-42A3-9474-1A3956D46DE8}") = "DiskBlock", "DiskBlock", "{E376DE64-53FB-47D7-9DC6-A226FEA45411}"
EndProject
Project("{2150E333-8FDC-42A3-9474-1A3956D46DE8}") = "TestCase", "TestCase", "{96BDE492-E6BE-4F77-AE71-158C7181FD77}"
EndProject
Project("{9A19103F-16F7-4668-BE54-9A1E7A4F7556}") = "AutoCSer.TestCase.DiskBlock", "TestCase\DiskBlock\AutoCSer.TestCase.DiskBlock.csproj", "{3E18273F-8B5A-4148-8D57-1DE3C07CD129}"
EndProject
Project("{9A19103F-16F7-4668-BE54-9A1E7A4F7556}") = "AutoCSer.TestCase.DiskBlockClient", "TestCase\DiskBlock\Client\AutoCSer.TestCase.DiskBlockClient.csproj", "{9B58B520-0B00-44D3-969D-6C05935A0438}"
EndProject
Project("{2150E333-8FDC-42A3-9474-1A3956D46DE8}") = "DeployTask", "DeployTask", "{24E5839B-F21D-4236-ACFF-C096D52A1A3C}"
EndProject
Project("{9A19103F-16F7-4668-BE54-9A1E7A4F7556}") = "AutoCSer.TestCase.DatabaseBackup", "TestCase\DatabaseBackup\AutoCSer.TestCase.DatabaseBackup.csproj", "{ADB9211D-F098-4DC8-877E-3692950465F2}"
EndProject
Project("{9A19103F-16F7-4668-BE54-9A1E7A4F7556}") = "AutoCSer.TestCase.DatabaseBackupClient", "TestCase\DatabaseBackup\Client\AutoCSer.TestCase.DatabaseBackupClient.csproj", "{CBF2176D-106C-46C6-AF1D-FAF37FC0E594}"
EndProject
Project("{9A19103F-16F7-4668-BE54-9A1E7A4F7556}") = "AutoCSer.TestCase.LogCollectionReverseService", "TestCase\ReverseLogCollection\ReverseService\AutoCSer.TestCase.LogCollectionReverseService.csproj", "{BE4F6578-8D87-4859-90AB-01018402A1FE}"
EndProject
Project("{9A19103F-16F7-4668-BE54-9A1E7A4F7556}") = "AutoCSer.TestCase.LogCollectionReverseClient", "TestCase\ReverseLogCollection\ReverseClient\AutoCSer.TestCase.LogCollectionReverseClient.csproj", "{5481DED3-DAC4-43F2-A76D-8E7CA49F8298}"
EndProject
Project("{2150E333-8FDC-42A3-9474-1A3956D46DE8}") = "ReverseService", "ReverseService", "{7C0B660B-610F-4704-8620-C84D36031959}"
EndProject
Project("{2150E333-8FDC-42A3-9474-1A3956D46DE8}") = "ThirdParty", "ThirdParty", "{2BC9F417-4753-49D6-9C65-ED3DE67869A9}"
EndProject
Project("{9A19103F-16F7-4668-BE54-9A1E7A4F7556}") = "GrpcServicePerformance", "TestCase\ThirdParty\GrpcServicePerformance\GrpcServicePerformance.csproj", "{3B4606A8-2844-4829-9243-C1F62C9C593E}"
EndProject
Project("{9A19103F-16F7-4668-BE54-9A1E7A4F7556}") = "GrpcClientPerformance", "TestCase\ThirdParty\GrpcClientPerformance\GrpcClientPerformance.csproj", "{0E5D1A5B-1610-4BB6-B891-C0CB71A72A5D}"
EndProject
Project("{2150E333-8FDC-42A3-9474-1A3956D46DE8}") = "Document", "Document", "{DDB32DF7-903D-4A12-AC57-471718A94FE5}"
EndProject
Project("{9A19103F-16F7-4668-BE54-9A1E7A4F7556}") = "01.SymmetryService", "Document\SymmetryService\01.SymmetryService.csproj", "{F84B611A-3D1B-46F8-A640-844B15EFA230}"
EndProject
Project("{9A19103F-16F7-4668-BE54-9A1E7A4F7556}") = "02.ServiceDataSerialize", "Document\ServiceDataSerialize\02.ServiceDataSerialize.csproj", "{2EAE6112-C417-44BE-95E2-C24E681A3C4B}"
EndProject
Project("{9A19103F-16F7-4668-BE54-9A1E7A4F7556}") = "03.ServiceThreadStrategy", "Document\ServiceThreadStrategy\03.ServiceThreadStrategy.csproj", "{281B58F6-678C-4775-831E-97E99E8A9B0C}"
EndProject
Project("{9A19103F-16F7-4668-BE54-9A1E7A4F7556}") = "04.ServiceAuthentication", "Document\ServiceAuthentication\04.ServiceAuthentication.csproj", "{0C4F0961-3A47-49CA-98E6-2B4188EFA19A}"
EndProject
Project("{9A19103F-16F7-4668-BE54-9A1E7A4F7556}") = "RedisPerformance", "TestCase\ThirdParty\RedisPerformance\RedisPerformance.csproj", "{CD796A3C-2678-40CB-A5BC-AD8D94117C87}"
EndProject
Project("{9A19103F-16F7-4668-BE54-9A1E7A4F7556}") = "AutoCSer.TestCase.StreamPersistenceMemoryDatabasePerformance", "TestCase\StreamPersistenceMemoryDatabase\Performance\AutoCSer.TestCase.StreamPersistenceMemoryDatabasePerformance.csproj", "{2EA78B23-78FA-44A9-B7F4-08B4C23CEA85}"
EndProject
Project("{9A19103F-16F7-4668-BE54-9A1E7A4F7556}") = "06.MemoryDatabaseNode", "Document\MemoryDatabaseNode\06.MemoryDatabaseNode.csproj", "{A623F3E5-1CF3-4FAE-B860-6A1881BF86C0}"
EndProject
Project("{9A19103F-16F7-4668-BE54-9A1E7A4F7556}") = "07.MemoryDatabaseCustomNode", "Document\MemoryDatabaseCustomNode\07.MemoryDatabaseCustomNode.csproj", "{A7BCF0F4-263D-46BB-A92D-7DA5F9C93BEE}"
EndProject
Project("{FAE04EC0-301F-11D3-BF4B-00C04F79EFBC}") = "08.MemoryDatabaseLocalService", "Document\MemoryDatabaseLocalService\08.MemoryDatabaseLocalService.csproj", "{04FE5CED-D71D-4E37-8F1D-87F2F17703BE}"
EndProject
Project("{FAE04EC0-301F-11D3-BF4B-00C04F79EFBC}") = "09.ServerRegistry", "Document\ServerRegistry\09.ServerRegistry.csproj", "{263631BE-FB46-41FE-8987-3EDF7E01B113}"
EndProject
Project("{2150E333-8FDC-42A3-9474-1A3956D46DE8}") = "ServerRegistry", "ServerRegistry", "{31705CEB-2C8D-4E03-BF5D-1B5B77AA46C7}"
EndProject
Project("{FAE04EC0-301F-11D3-BF4B-00C04F79EFBC}") = "AutoCSer.TestCase.ServerRegistry", "TestCase\ServerRegistry\AutoCSer.TestCase.ServerRegistry.csproj", "{F0A7B058-9A5C-46F9-BB2C-9360E704753F}"
EndProject
Project("{FAE04EC0-301F-11D3-BF4B-00C04F79EFBC}") = "AutoCSer.TestCase.ServerRegistryService", "TestCase\ServerRegistry\Service\AutoCSer.TestCase.ServerRegistryService.csproj", "{BEC84A58-A43E-471A-82FA-A2525B48B294}"
EndProject
Project("{FAE04EC0-301F-11D3-BF4B-00C04F79EFBC}") = "AutoCSer.TestCase.ServerRegistryServiceClient", "TestCase\ServerRegistry\Service\Client\AutoCSer.TestCase.ServerRegistryServiceClient.csproj", "{A2D45A53-FB17-4272-9EB6-DF7FF2B2D39E}"
EndProject
Project("{2150E333-8FDC-42A3-9474-1A3956D46DE8}") = "ProcessGuard", "ProcessGuard", "{D906F796-8733-4DE0-84CA-61F925087BDD}"
EndProject
Project("{FAE04EC0-301F-11D3-BF4B-00C04F79EFBC}") = "10.ReverseServer", "Document\ReverseServer\10.ReverseServer.csproj", "{FCF64A84-5B81-46C9-8970-18D9D4FF1AA5}"
EndProject
Project("{FAE04EC0-301F-11D3-BF4B-00C04F79EFBC}") = "AutoCSer.TestCase.DeployTask", "TestCase\DeployTask\AutoCSer.TestCase.DeployTask.csproj", "{41E2217F-C1DA-4A32-87C3-45769CEC6231}"
EndProject
Project("{FAE04EC0-301F-11D3-BF4B-00C04F79EFBC}") = "AutoCSer.TestCase.DeployTaskClient", "TestCase\DeployTask\Client\AutoCSer.TestCase.DeployTaskClient.csproj", "{1447C712-1EF2-4501-85E9-0B6535C970D2}"
EndProject
Project("{FAE04EC0-301F-11D3-BF4B-00C04F79EFBC}") = "AutoCSer.TestCase.DeployTaskCommon", "TestCase\DeployTask\Common\AutoCSer.TestCase.DeployTaskCommon.csproj", "{BB9952DB-B605-4A0B-AD9E-0E91DF00358F}"
EndProject
Project("{2150E333-8FDC-42A3-9474-1A3956D46DE8}") = "stackoverflow.com", "stackoverflow.com", "{3BC3527C-BD62-4007-A5BF-F483DE4EFA79}"
EndProject
Project("{FAE04EC0-301F-11D3-BF4B-00C04F79EFBC}") = "GrpcServicePerformanceMinimal", "TestCase\ThirdParty\stackoverflow.com\GrpcServicePerformance\GrpcServicePerformanceMinimal.csproj", "{DDE7B251-1CCE-4A03-B0A5-FFE4CABF0ACF}"
EndProject
Project("{FAE04EC0-301F-11D3-BF4B-00C04F79EFBC}") = "GrpcClientPerformanceMinimal", "TestCase\ThirdParty\stackoverflow.com\GrpcClientPerformance\GrpcClientPerformanceMinimal.csproj", "{7E8888BA-4164-4210-9479-E8D75B603977}"
EndProject
Project("{FAE04EC0-301F-11D3-BF4B-00C04F79EFBC}") = "GarnetPerformance", "TestCase\ThirdParty\stackoverflow.com\GarnetPerformance\GarnetPerformance.csproj", "{2EEDE610-1641-48EB-9808-9BC5C9022921}"
EndProject
Project("{FAE04EC0-301F-11D3-BF4B-00C04F79EFBC}") = "StackExchangeRedisPerformance", "TestCase\ThirdParty\stackoverflow.com\StackExchangeRedisPerformance\StackExchangeRedisPerformance.csproj", "{12DFAF56-5D2F-4C2D-864B-3248E55563EA}"
EndProject
Project("{FAE04EC0-301F-11D3-BF4B-00C04F79EFBC}") = "AutoCSer.TestCase.StreamPersistenceMemoryDatabaseClientPerformance", "TestCase\StreamPersistenceMemoryDatabase\PerformanceClient\AutoCSer.TestCase.StreamPersistenceMemoryDatabaseClientPerformance.csproj", "{E7399175-93F3-4CA2-9EBF-164057D60642}"
EndProject
Project("{2150E333-8FDC-42A3-9474-1A3956D46DE8}") = "Search", "Search", "{F73673E3-11E8-4557-9EF4-F47BB2F90EA1}"
EndProject
Project("{FAE04EC0-301F-11D3-BF4B-00C04F79EFBC}") = "AutoCSer.CommandService.Search.NET8", "Application\Search\AutoCSer.CommandService.Search.NET8.csproj", "{88700546-D03C-48A0-B8B7-E5B47CC9128A}"
EndProject
Project("{2150E333-8FDC-42A3-9474-1A3956D46DE8}") = "InterfaceRealTimeCallMonitor", "InterfaceRealTimeCallMonitor", "{B719E151-4108-4CB0-A040-728FA8D0A0BA}"
EndProject
Project("{FAE04EC0-301F-11D3-BF4B-00C04F79EFBC}") = "AutoCSer.CommandService.InterfaceRealTimeCallMonitor.NET8", "Application\InterfaceRealTimeCallMonitor\AutoCSer.CommandService.InterfaceRealTimeCallMonitor.NET8.csproj", "{856FD979-622E-4211-B8AC-BF1B42D61228}"
EndProject
Project("{2150E333-8FDC-42A3-9474-1A3956D46DE8}") = "TestCase", "TestCase", "{925C3531-0F24-4B62-9000-4EA9817776BF}"
EndProject
Project("{FAE04EC0-301F-11D3-BF4B-00C04F79EFBC}") = "AutoCSer.TestCase.InterfaceRealTimeCallMonitor", "TestCase\InterfaceRealTimeCallMonitor\AutoCSer.TestCase.InterfaceRealTimeCallMonitor.csproj", "{44BDED7F-3E6F-456A-8D4F-6DA6083BE0CC}"
EndProject
Project("{FAE04EC0-301F-11D3-BF4B-00C04F79EFBC}") = "AutoCSer.TestCase.ExceptionStatistics", "TestCase\InterfaceRealTimeCallMonitor\ExceptionStatistics\AutoCSer.TestCase.ExceptionStatistics.csproj", "{321711FF-EF6B-4B8C-BA9B-17FE15937AAF}"
EndProject
Project("{2150E333-8FDC-42A3-9474-1A3956D46DE8}") = "TestCase", "TestCase", "{02EA681E-C7D8-13C7-8484-4AC65E1B71E8}"
EndProject
Project("{FAE04EC0-301F-11D3-BF4B-00C04F79EFBC}") = "AutoCSer.TestCase.SearchTrieGraph", "TestCase\Search\TrieGraph\AutoCSer.TestCase.SearchTrieGraph.csproj", "{11974D27-480F-458C-6F76-F579EA4D7383}"
EndProject
Project("{FAE04EC0-301F-11D3-BF4B-00C04F79EFBC}") = "AutoCSer.TestCase.Search", "TestCase\Search\AutoCSer.TestCase.Search.csproj", "{79871394-A929-F3E5-FCCE-C496A760045C}"
EndProject
Project("{FAE04EC0-301F-11D3-BF4B-00C04F79EFBC}") = "AutoCSer.TestCase.SearchWordIdentityBlockIndex", "TestCase\Search\WordIdentityBlockIndex\AutoCSer.TestCase.SearchWordIdentityBlockIndex.csproj", "{298559E0-6103-C1C6-7B18-E924314A2E27}"
EndProject
Project("{FAE04EC0-301F-11D3-BF4B-00C04F79EFBC}") = "AutoCSer.TestCase.SearchDataSource", "TestCase\Search\DataSource\AutoCSer.TestCase.SearchDataSource.csproj", "{0E2A9384-05F8-60EB-BD4F-7FD26ACA3046}"
EndProject
Project("{FAE04EC0-301F-11D3-BF4B-00C04F79EFBC}") = "AutoCSer.TestCase.SearchDiskBlockIndex", "TestCase\Search\DiskBlockIndex\AutoCSer.TestCase.SearchDiskBlockIndex.csproj", "{7F519BB9-0326-10F7-FC93-868C6E4E0B37}"
EndProject
Project("{FAE04EC0-301F-11D3-BF4B-00C04F79EFBC}") = "AutoCSer.TestCase.SearchCommon", "TestCase\Search\Common\AutoCSer.TestCase.SearchCommon.csproj", "{A9C1E706-661E-9137-68EF-E817098EB2AA}"
EndProject
Project("{FAE04EC0-301F-11D3-BF4B-00C04F79EFBC}") = "AutoCSer.TestCase.SearchQueryService", "TestCase\Search\QueryService\AutoCSer.TestCase.SearchQueryService.csproj", "{82F54CD0-B3EF-042E-AA28-E4361DD18BCB}"
EndProject
Project("{2150E333-8FDC-42A3-9474-1A3956D46DE8}") = "LocalService", "LocalService", "{F378C074-E6AE-4801-829F-0A2A2073352A}"
EndProject
Project("{FAE04EC0-301F-11D3-BF4B-00C04F79EFBC}") = "AutoCSer.TestCase.LocalSearchCommon", "TestCase\Search\LocalCommon\AutoCSer.TestCase.LocalSearchCommon.csproj", "{CF215BF1-D4A3-0D8D-6341-617F1702F6C3}"
EndProject
Project("{FAE04EC0-301F-11D3-BF4B-00C04F79EFBC}") = "AutoCSer.TestCase.LocalSearchDataSource", "TestCase\Search\LocalDataSource\AutoCSer.TestCase.LocalSearchDataSource.csproj", "{274C4EDD-E47A-5DC9-4FB4-5AD2E3F6A236}"
EndProject
Project("{FAE04EC0-301F-11D3-BF4B-00C04F79EFBC}") = "AutoCSer.TestCase.LocalSearchQueryService", "TestCase\Search\LocalQueryService\AutoCSer.TestCase.LocalSearchQueryService.csproj", "{E5D16344-8D9C-A677-9B08-A665144B0C7F}"
EndProject
Project("{FAE04EC0-301F-11D3-BF4B-00C04F79EFBC}") = "AutoCSer.TestCase.LocalSearchClient", "TestCase\Search\LocalSearchClient\AutoCSer.TestCase.LocalSearchClient.csproj", "{D672BF6C-39DA-8470-C8DF-7EF696BB3BA3}"
EndProject
Project("{2150E333-8FDC-42A3-9474-1A3956D46DE8}") = "MemoryIndexService", "MemoryIndexService", "{1D1A35E7-745D-40D3-BBA0-87BC6D224578}"
EndProject
Project("{FAE04EC0-301F-11D3-BF4B-00C04F79EFBC}") = "AutoCSer.TestCase.MemorySearchCommon", "TestCase\Search\MemorySearchCommon\AutoCSer.TestCase.MemorySearchCommon.csproj", "{957C8E46-650B-4521-E510-20F93E0F4D9C}"
EndProject
Project("{FAE04EC0-301F-11D3-BF4B-00C04F79EFBC}") = "AutoCSer.TestCase.MemorySearchDataSource", "TestCase\Search\MemorySearchDataSource\AutoCSer.TestCase.MemorySearchDataSource.csproj", "{C5DDC8D4-EB2A-5996-DC24-D281E5E86BE9}"
EndProject
Project("{FAE04EC0-301F-11D3-BF4B-00C04F79EFBC}") = "AutoCSer.TestCase.MemorySearchQueryService", "TestCase\Search\MemorySearchQueryService\AutoCSer.TestCase.MemorySearchQueryService.csproj", "{9191E314-8E3F-AF01-3EAB-47A928C774E2}"
EndProject
Project("{FAE04EC0-301F-11D3-BF4B-00C04F79EFBC}") = "AutoCSer.TestCase.MemorySearchClient", "TestCase\Search\MemorySearchClient\AutoCSer.TestCase.MemorySearchClient.csproj", "{2D4B1DC6-117B-6983-9F45-053CF6657463}"
EndProject
Project("{FAE04EC0-301F-11D3-BF4B-00C04F79EFBC}") = "AutoCSer.TestCase.CopyScreenGif", "TestCase\CopyScreenGif\AutoCSer.TestCase.CopyScreenGif.csproj", "{17CE708E-81FB-0E85-E3C8-6AD1009CF77F}"
EndProject
Global
	GlobalSection(SolutionConfigurationPlatforms) = preSolution
		Debug|Any CPU = Debug|Any CPU
		Release|Any CPU = Release|Any CPU
	EndGlobalSection
	GlobalSection(ProjectConfigurationPlatforms) = postSolution
		{A9E1BAC4-967E-41C4-9842-D7A49E27F015}.Debug|Any CPU.ActiveCfg = Debug|Any CPU
		{A9E1BAC4-967E-41C4-9842-D7A49E27F015}.Debug|Any CPU.Build.0 = Debug|Any CPU
		{A9E1BAC4-967E-41C4-9842-D7A49E27F015}.Release|Any CPU.ActiveCfg = Release|Any CPU
		{A9E1BAC4-967E-41C4-9842-D7A49E27F015}.Release|Any CPU.Build.0 = Release|Any CPU
		{3C636EA8-DD8F-4FFA-8284-5D0068B455D2}.Debug|Any CPU.ActiveCfg = Debug|Any CPU
		{3C636EA8-DD8F-4FFA-8284-5D0068B455D2}.Debug|Any CPU.Build.0 = Debug|Any CPU
		{3C636EA8-DD8F-4FFA-8284-5D0068B455D2}.Release|Any CPU.ActiveCfg = Release|Any CPU
		{3C636EA8-DD8F-4FFA-8284-5D0068B455D2}.Release|Any CPU.Build.0 = Release|Any CPU
		{770F328B-7A1F-4F4A-BC65-5B019FFA0F03}.Debug|Any CPU.ActiveCfg = Debug|Any CPU
		{770F328B-7A1F-4F4A-BC65-5B019FFA0F03}.Debug|Any CPU.Build.0 = Debug|Any CPU
		{770F328B-7A1F-4F4A-BC65-5B019FFA0F03}.Release|Any CPU.ActiveCfg = Release|Any CPU
		{770F328B-7A1F-4F4A-BC65-5B019FFA0F03}.Release|Any CPU.Build.0 = Release|Any CPU
		{21CD955F-774D-40AF-B518-FC9A199052CC}.Debug|Any CPU.ActiveCfg = Debug|Any CPU
		{21CD955F-774D-40AF-B518-FC9A199052CC}.Debug|Any CPU.Build.0 = Debug|Any CPU
		{21CD955F-774D-40AF-B518-FC9A199052CC}.Release|Any CPU.ActiveCfg = Release|Any CPU
		{21CD955F-774D-40AF-B518-FC9A199052CC}.Release|Any CPU.Build.0 = Release|Any CPU
		{FDB8BF71-0DE4-49C1-8CE2-04E88A0009C3}.Debug|Any CPU.ActiveCfg = Debug|Any CPU
		{FDB8BF71-0DE4-49C1-8CE2-04E88A0009C3}.Debug|Any CPU.Build.0 = Debug|Any CPU
		{FDB8BF71-0DE4-49C1-8CE2-04E88A0009C3}.Release|Any CPU.ActiveCfg = Release|Any CPU
		{FDB8BF71-0DE4-49C1-8CE2-04E88A0009C3}.Release|Any CPU.Build.0 = Release|Any CPU
		{CF026824-D986-4A4F-824C-CCDC616221FD}.Debug|Any CPU.ActiveCfg = Debug|Any CPU
		{CF026824-D986-4A4F-824C-CCDC616221FD}.Debug|Any CPU.Build.0 = Debug|Any CPU
		{CF026824-D986-4A4F-824C-CCDC616221FD}.Release|Any CPU.ActiveCfg = Release|Any CPU
		{CF026824-D986-4A4F-824C-CCDC616221FD}.Release|Any CPU.Build.0 = Release|Any CPU
		{6CDF2D8B-25A7-416B-BAA7-DA4483DDC987}.Debug|Any CPU.ActiveCfg = Debug|Any CPU
		{6CDF2D8B-25A7-416B-BAA7-DA4483DDC987}.Debug|Any CPU.Build.0 = Debug|Any CPU
		{6CDF2D8B-25A7-416B-BAA7-DA4483DDC987}.Release|Any CPU.ActiveCfg = Release|Any CPU
		{6CDF2D8B-25A7-416B-BAA7-DA4483DDC987}.Release|Any CPU.Build.0 = Release|Any CPU
		{0056E9A8-99B3-471B-88B3-8994C9E3036C}.Debug|Any CPU.ActiveCfg = Debug|Any CPU
		{0056E9A8-99B3-471B-88B3-8994C9E3036C}.Debug|Any CPU.Build.0 = Debug|Any CPU
		{0056E9A8-99B3-471B-88B3-8994C9E3036C}.Release|Any CPU.ActiveCfg = Release|Any CPU
		{0056E9A8-99B3-471B-88B3-8994C9E3036C}.Release|Any CPU.Build.0 = Release|Any CPU
		{FE6D608E-5770-4A3E-8560-B75A9C26BEAB}.Debug|Any CPU.ActiveCfg = Debug|Any CPU
		{FE6D608E-5770-4A3E-8560-B75A9C26BEAB}.Debug|Any CPU.Build.0 = Debug|Any CPU
		{FE6D608E-5770-4A3E-8560-B75A9C26BEAB}.Release|Any CPU.ActiveCfg = Release|Any CPU
		{FE6D608E-5770-4A3E-8560-B75A9C26BEAB}.Release|Any CPU.Build.0 = Release|Any CPU
		{CAB38422-35F5-42C9-AA43-E96825D0DEFF}.Debug|Any CPU.ActiveCfg = Debug|Any CPU
		{CAB38422-35F5-42C9-AA43-E96825D0DEFF}.Debug|Any CPU.Build.0 = Debug|Any CPU
		{CAB38422-35F5-42C9-AA43-E96825D0DEFF}.Release|Any CPU.ActiveCfg = Release|Any CPU
		{CAB38422-35F5-42C9-AA43-E96825D0DEFF}.Release|Any CPU.Build.0 = Release|Any CPU
		{4E0330E4-EB77-4B39-BD77-B7EAD178682C}.Debug|Any CPU.ActiveCfg = Debug|Any CPU
		{4E0330E4-EB77-4B39-BD77-B7EAD178682C}.Debug|Any CPU.Build.0 = Debug|Any CPU
		{4E0330E4-EB77-4B39-BD77-B7EAD178682C}.Release|Any CPU.ActiveCfg = Release|Any CPU
		{4E0330E4-EB77-4B39-BD77-B7EAD178682C}.Release|Any CPU.Build.0 = Release|Any CPU
		{7F159A17-93CF-4EF0-B8F5-082AC5AECAB1}.Debug|Any CPU.ActiveCfg = Debug|Any CPU
		{7F159A17-93CF-4EF0-B8F5-082AC5AECAB1}.Debug|Any CPU.Build.0 = Debug|Any CPU
		{7F159A17-93CF-4EF0-B8F5-082AC5AECAB1}.Release|Any CPU.ActiveCfg = Release|Any CPU
		{7F159A17-93CF-4EF0-B8F5-082AC5AECAB1}.Release|Any CPU.Build.0 = Release|Any CPU
		{19C5A7E2-ECE9-4ED6-8A14-1A1B9AEBA3CA}.Debug|Any CPU.ActiveCfg = Debug|Any CPU
		{19C5A7E2-ECE9-4ED6-8A14-1A1B9AEBA3CA}.Debug|Any CPU.Build.0 = Debug|Any CPU
		{19C5A7E2-ECE9-4ED6-8A14-1A1B9AEBA3CA}.Release|Any CPU.ActiveCfg = Release|Any CPU
		{19C5A7E2-ECE9-4ED6-8A14-1A1B9AEBA3CA}.Release|Any CPU.Build.0 = Release|Any CPU
		{A84AFD64-CC02-4042-AB48-4F3AD02D91C4}.Debug|Any CPU.ActiveCfg = Debug|Any CPU
		{A84AFD64-CC02-4042-AB48-4F3AD02D91C4}.Debug|Any CPU.Build.0 = Debug|Any CPU
		{A84AFD64-CC02-4042-AB48-4F3AD02D91C4}.Release|Any CPU.ActiveCfg = Release|Any CPU
		{A84AFD64-CC02-4042-AB48-4F3AD02D91C4}.Release|Any CPU.Build.0 = Release|Any CPU
		{F38CC3B0-9D11-4730-8841-5F0992F04379}.Debug|Any CPU.ActiveCfg = Debug|Any CPU
		{F38CC3B0-9D11-4730-8841-5F0992F04379}.Debug|Any CPU.Build.0 = Debug|Any CPU
		{F38CC3B0-9D11-4730-8841-5F0992F04379}.Release|Any CPU.ActiveCfg = Release|Any CPU
		{F38CC3B0-9D11-4730-8841-5F0992F04379}.Release|Any CPU.Build.0 = Release|Any CPU
		{4CBAA458-60B9-488E-ABC4-687C26EAAC90}.Debug|Any CPU.ActiveCfg = Debug|Any CPU
		{4CBAA458-60B9-488E-ABC4-687C26EAAC90}.Debug|Any CPU.Build.0 = Debug|Any CPU
		{4CBAA458-60B9-488E-ABC4-687C26EAAC90}.Release|Any CPU.ActiveCfg = Release|Any CPU
		{4CBAA458-60B9-488E-ABC4-687C26EAAC90}.Release|Any CPU.Build.0 = Release|Any CPU
		{7FAE8BE5-C766-4E82-A674-62CA1CFC770A}.Debug|Any CPU.ActiveCfg = Debug|Any CPU
		{7FAE8BE5-C766-4E82-A674-62CA1CFC770A}.Debug|Any CPU.Build.0 = Debug|Any CPU
		{7FAE8BE5-C766-4E82-A674-62CA1CFC770A}.Release|Any CPU.ActiveCfg = Release|Any CPU
		{7FAE8BE5-C766-4E82-A674-62CA1CFC770A}.Release|Any CPU.Build.0 = Release|Any CPU
		{132141AD-805A-4B1B-A669-5EE0CA6EE1CA}.Debug|Any CPU.ActiveCfg = Debug|Any CPU
		{132141AD-805A-4B1B-A669-5EE0CA6EE1CA}.Debug|Any CPU.Build.0 = Debug|Any CPU
		{132141AD-805A-4B1B-A669-5EE0CA6EE1CA}.Release|Any CPU.ActiveCfg = Release|Any CPU
		{132141AD-805A-4B1B-A669-5EE0CA6EE1CA}.Release|Any CPU.Build.0 = Release|Any CPU
		{D9ED0BF6-A1F2-4CDE-BE8C-6330BF9854DE}.Debug|Any CPU.ActiveCfg = Debug|Any CPU
		{D9ED0BF6-A1F2-4CDE-BE8C-6330BF9854DE}.Debug|Any CPU.Build.0 = Debug|Any CPU
		{D9ED0BF6-A1F2-4CDE-BE8C-6330BF9854DE}.Release|Any CPU.ActiveCfg = Release|Any CPU
		{D9ED0BF6-A1F2-4CDE-BE8C-6330BF9854DE}.Release|Any CPU.Build.0 = Release|Any CPU
		{D91ACCE5-2441-4457-AE66-C755E08B0795}.Debug|Any CPU.ActiveCfg = Debug|Any CPU
		{D91ACCE5-2441-4457-AE66-C755E08B0795}.Debug|Any CPU.Build.0 = Debug|Any CPU
		{D91ACCE5-2441-4457-AE66-C755E08B0795}.Release|Any CPU.ActiveCfg = Release|Any CPU
		{D91ACCE5-2441-4457-AE66-C755E08B0795}.Release|Any CPU.Build.0 = Release|Any CPU
		{D0A4CE20-43C8-474C-9264-3313488569B2}.Debug|Any CPU.ActiveCfg = Debug|Any CPU
		{D0A4CE20-43C8-474C-9264-3313488569B2}.Debug|Any CPU.Build.0 = Debug|Any CPU
		{D0A4CE20-43C8-474C-9264-3313488569B2}.Release|Any CPU.ActiveCfg = Release|Any CPU
		{D0A4CE20-43C8-474C-9264-3313488569B2}.Release|Any CPU.Build.0 = Release|Any CPU
		{C160AA0B-E31C-47B2-96E4-4C16CE19378B}.Debug|Any CPU.ActiveCfg = Debug|Any CPU
		{C160AA0B-E31C-47B2-96E4-4C16CE19378B}.Debug|Any CPU.Build.0 = Debug|Any CPU
		{C160AA0B-E31C-47B2-96E4-4C16CE19378B}.Release|Any CPU.ActiveCfg = Release|Any CPU
		{C160AA0B-E31C-47B2-96E4-4C16CE19378B}.Release|Any CPU.Build.0 = Release|Any CPU
		{4545C5BE-6EAC-46E6-8612-F514CFEDB498}.Debug|Any CPU.ActiveCfg = Debug|Any CPU
		{4545C5BE-6EAC-46E6-8612-F514CFEDB498}.Debug|Any CPU.Build.0 = Debug|Any CPU
		{4545C5BE-6EAC-46E6-8612-F514CFEDB498}.Release|Any CPU.ActiveCfg = Release|Any CPU
		{4545C5BE-6EAC-46E6-8612-F514CFEDB498}.Release|Any CPU.Build.0 = Release|Any CPU
		{A54C3777-C346-4777-A787-8F9BE24C8DE8}.Debug|Any CPU.ActiveCfg = Debug|Any CPU
		{A54C3777-C346-4777-A787-8F9BE24C8DE8}.Debug|Any CPU.Build.0 = Debug|Any CPU
		{A54C3777-C346-4777-A787-8F9BE24C8DE8}.Release|Any CPU.ActiveCfg = Release|Any CPU
		{A54C3777-C346-4777-A787-8F9BE24C8DE8}.Release|Any CPU.Build.0 = Release|Any CPU
		{7D7E825E-B154-4AB1-906B-63960DD6E1B4}.Debug|Any CPU.ActiveCfg = Debug|Any CPU
		{7D7E825E-B154-4AB1-906B-63960DD6E1B4}.Debug|Any CPU.Build.0 = Debug|Any CPU
		{7D7E825E-B154-4AB1-906B-63960DD6E1B4}.Release|Any CPU.ActiveCfg = Release|Any CPU
		{7D7E825E-B154-4AB1-906B-63960DD6E1B4}.Release|Any CPU.Build.0 = Release|Any CPU
		{0D8E1041-67FC-44CB-87CC-C8A60C6AAF01}.Debug|Any CPU.ActiveCfg = Debug|Any CPU
		{0D8E1041-67FC-44CB-87CC-C8A60C6AAF01}.Debug|Any CPU.Build.0 = Debug|Any CPU
		{0D8E1041-67FC-44CB-87CC-C8A60C6AAF01}.Release|Any CPU.ActiveCfg = Release|Any CPU
		{0D8E1041-67FC-44CB-87CC-C8A60C6AAF01}.Release|Any CPU.Build.0 = Release|Any CPU
		{08F1B1C4-57E0-49BD-A85C-3A562224E8AB}.Debug|Any CPU.ActiveCfg = Debug|Any CPU
		{08F1B1C4-57E0-49BD-A85C-3A562224E8AB}.Debug|Any CPU.Build.0 = Debug|Any CPU
		{08F1B1C4-57E0-49BD-A85C-3A562224E8AB}.Release|Any CPU.ActiveCfg = Release|Any CPU
		{08F1B1C4-57E0-49BD-A85C-3A562224E8AB}.Release|Any CPU.Build.0 = Release|Any CPU
		{3386B056-D48A-494C-A62F-CCC48F608F54}.Debug|Any CPU.ActiveCfg = Debug|Any CPU
		{3386B056-D48A-494C-A62F-CCC48F608F54}.Debug|Any CPU.Build.0 = Debug|Any CPU
		{3386B056-D48A-494C-A62F-CCC48F608F54}.Release|Any CPU.ActiveCfg = Release|Any CPU
		{3386B056-D48A-494C-A62F-CCC48F608F54}.Release|Any CPU.Build.0 = Release|Any CPU
		{59183A58-9930-40F4-926C-BE4F628738E5}.Debug|Any CPU.ActiveCfg = Debug|Any CPU
		{59183A58-9930-40F4-926C-BE4F628738E5}.Debug|Any CPU.Build.0 = Debug|Any CPU
		{59183A58-9930-40F4-926C-BE4F628738E5}.Release|Any CPU.ActiveCfg = Release|Any CPU
		{59183A58-9930-40F4-926C-BE4F628738E5}.Release|Any CPU.Build.0 = Release|Any CPU
		{D6617C64-AE44-4019-A2D6-DCAFFE09E02A}.Debug|Any CPU.ActiveCfg = Debug|Any CPU
		{D6617C64-AE44-4019-A2D6-DCAFFE09E02A}.Debug|Any CPU.Build.0 = Debug|Any CPU
		{D6617C64-AE44-4019-A2D6-DCAFFE09E02A}.Release|Any CPU.ActiveCfg = Release|Any CPU
		{D6617C64-AE44-4019-A2D6-DCAFFE09E02A}.Release|Any CPU.Build.0 = Release|Any CPU
		{5CC415FA-72C8-43BF-9AB7-BD6965896BAC}.Debug|Any CPU.ActiveCfg = Debug|Any CPU
		{5CC415FA-72C8-43BF-9AB7-BD6965896BAC}.Debug|Any CPU.Build.0 = Debug|Any CPU
		{5CC415FA-72C8-43BF-9AB7-BD6965896BAC}.Release|Any CPU.ActiveCfg = Release|Any CPU
		{5CC415FA-72C8-43BF-9AB7-BD6965896BAC}.Release|Any CPU.Build.0 = Release|Any CPU
		{4F5B4FF1-AD9A-4C32-9720-C04C1A8D2EF9}.Debug|Any CPU.ActiveCfg = Debug|Any CPU
		{4F5B4FF1-AD9A-4C32-9720-C04C1A8D2EF9}.Debug|Any CPU.Build.0 = Debug|Any CPU
		{4F5B4FF1-AD9A-4C32-9720-C04C1A8D2EF9}.Release|Any CPU.ActiveCfg = Release|Any CPU
		{4F5B4FF1-AD9A-4C32-9720-C04C1A8D2EF9}.Release|Any CPU.Build.0 = Release|Any CPU
		{E7B14A17-E4CC-4655-8A0D-D0CA5B58DA92}.Debug|Any CPU.ActiveCfg = Debug|Any CPU
		{E7B14A17-E4CC-4655-8A0D-D0CA5B58DA92}.Debug|Any CPU.Build.0 = Debug|Any CPU
		{E7B14A17-E4CC-4655-8A0D-D0CA5B58DA92}.Release|Any CPU.ActiveCfg = Release|Any CPU
		{E7B14A17-E4CC-4655-8A0D-D0CA5B58DA92}.Release|Any CPU.Build.0 = Release|Any CPU
		{BFD07E8E-58B8-4227-9DFE-0EC1D8B15CF6}.Debug|Any CPU.ActiveCfg = Debug|Any CPU
		{BFD07E8E-58B8-4227-9DFE-0EC1D8B15CF6}.Debug|Any CPU.Build.0 = Debug|Any CPU
		{BFD07E8E-58B8-4227-9DFE-0EC1D8B15CF6}.Release|Any CPU.ActiveCfg = Release|Any CPU
		{BFD07E8E-58B8-4227-9DFE-0EC1D8B15CF6}.Release|Any CPU.Build.0 = Release|Any CPU
		{7F525124-D493-4C53-A200-3B7ECF04ED85}.Debug|Any CPU.ActiveCfg = Debug|Any CPU
		{7F525124-D493-4C53-A200-3B7ECF04ED85}.Debug|Any CPU.Build.0 = Debug|Any CPU
		{7F525124-D493-4C53-A200-3B7ECF04ED85}.Release|Any CPU.ActiveCfg = Release|Any CPU
		{7F525124-D493-4C53-A200-3B7ECF04ED85}.Release|Any CPU.Build.0 = Release|Any CPU
		{5C015302-D24B-4400-AEAB-BF3952F917C0}.Debug|Any CPU.ActiveCfg = Debug|Any CPU
		{5C015302-D24B-4400-AEAB-BF3952F917C0}.Debug|Any CPU.Build.0 = Debug|Any CPU
		{5C015302-D24B-4400-AEAB-BF3952F917C0}.Release|Any CPU.ActiveCfg = Release|Any CPU
		{5C015302-D24B-4400-AEAB-BF3952F917C0}.Release|Any CPU.Build.0 = Release|Any CPU
		{C6425A09-987B-4FDA-93D4-0F5F18BCC4FA}.Debug|Any CPU.ActiveCfg = Debug|Any CPU
		{C6425A09-987B-4FDA-93D4-0F5F18BCC4FA}.Debug|Any CPU.Build.0 = Debug|Any CPU
		{C6425A09-987B-4FDA-93D4-0F5F18BCC4FA}.Release|Any CPU.ActiveCfg = Release|Any CPU
		{C6425A09-987B-4FDA-93D4-0F5F18BCC4FA}.Release|Any CPU.Build.0 = Release|Any CPU
		{82935606-3E0A-40F5-9762-74B7E3DB7597}.Debug|Any CPU.ActiveCfg = Debug|Any CPU
		{82935606-3E0A-40F5-9762-74B7E3DB7597}.Debug|Any CPU.Build.0 = Debug|Any CPU
		{82935606-3E0A-40F5-9762-74B7E3DB7597}.Release|Any CPU.ActiveCfg = Release|Any CPU
		{82935606-3E0A-40F5-9762-74B7E3DB7597}.Release|Any CPU.Build.0 = Release|Any CPU
		{3E18273F-8B5A-4148-8D57-1DE3C07CD129}.Debug|Any CPU.ActiveCfg = Debug|Any CPU
		{3E18273F-8B5A-4148-8D57-1DE3C07CD129}.Debug|Any CPU.Build.0 = Debug|Any CPU
		{3E18273F-8B5A-4148-8D57-1DE3C07CD129}.Release|Any CPU.ActiveCfg = Release|Any CPU
		{3E18273F-8B5A-4148-8D57-1DE3C07CD129}.Release|Any CPU.Build.0 = Release|Any CPU
		{9B58B520-0B00-44D3-969D-6C05935A0438}.Debug|Any CPU.ActiveCfg = Debug|Any CPU
		{9B58B520-0B00-44D3-969D-6C05935A0438}.Debug|Any CPU.Build.0 = Debug|Any CPU
		{9B58B520-0B00-44D3-969D-6C05935A0438}.Release|Any CPU.ActiveCfg = Release|Any CPU
		{9B58B520-0B00-44D3-969D-6C05935A0438}.Release|Any CPU.Build.0 = Release|Any CPU
		{ADB9211D-F098-4DC8-877E-3692950465F2}.Debug|Any CPU.ActiveCfg = Debug|Any CPU
		{ADB9211D-F098-4DC8-877E-3692950465F2}.Debug|Any CPU.Build.0 = Debug|Any CPU
		{ADB9211D-F098-4DC8-877E-3692950465F2}.Release|Any CPU.ActiveCfg = Release|Any CPU
		{ADB9211D-F098-4DC8-877E-3692950465F2}.Release|Any CPU.Build.0 = Release|Any CPU
		{CBF2176D-106C-46C6-AF1D-FAF37FC0E594}.Debug|Any CPU.ActiveCfg = Debug|Any CPU
		{CBF2176D-106C-46C6-AF1D-FAF37FC0E594}.Debug|Any CPU.Build.0 = Debug|Any CPU
		{CBF2176D-106C-46C6-AF1D-FAF37FC0E594}.Release|Any CPU.ActiveCfg = Release|Any CPU
		{CBF2176D-106C-46C6-AF1D-FAF37FC0E594}.Release|Any CPU.Build.0 = Release|Any CPU
		{BE4F6578-8D87-4859-90AB-01018402A1FE}.Debug|Any CPU.ActiveCfg = Debug|Any CPU
		{BE4F6578-8D87-4859-90AB-01018402A1FE}.Debug|Any CPU.Build.0 = Debug|Any CPU
		{BE4F6578-8D87-4859-90AB-01018402A1FE}.Release|Any CPU.ActiveCfg = Release|Any CPU
		{BE4F6578-8D87-4859-90AB-01018402A1FE}.Release|Any CPU.Build.0 = Release|Any CPU
		{5481DED3-DAC4-43F2-A76D-8E7CA49F8298}.Debug|Any CPU.ActiveCfg = Debug|Any CPU
		{5481DED3-DAC4-43F2-A76D-8E7CA49F8298}.Debug|Any CPU.Build.0 = Debug|Any CPU
		{5481DED3-DAC4-43F2-A76D-8E7CA49F8298}.Release|Any CPU.ActiveCfg = Release|Any CPU
		{5481DED3-DAC4-43F2-A76D-8E7CA49F8298}.Release|Any CPU.Build.0 = Release|Any CPU
		{3B4606A8-2844-4829-9243-C1F62C9C593E}.Debug|Any CPU.ActiveCfg = Debug|Any CPU
		{3B4606A8-2844-4829-9243-C1F62C9C593E}.Debug|Any CPU.Build.0 = Debug|Any CPU
		{3B4606A8-2844-4829-9243-C1F62C9C593E}.Release|Any CPU.ActiveCfg = Release|Any CPU
		{3B4606A8-2844-4829-9243-C1F62C9C593E}.Release|Any CPU.Build.0 = Release|Any CPU
		{0E5D1A5B-1610-4BB6-B891-C0CB71A72A5D}.Debug|Any CPU.ActiveCfg = Debug|Any CPU
		{0E5D1A5B-1610-4BB6-B891-C0CB71A72A5D}.Debug|Any CPU.Build.0 = Debug|Any CPU
		{0E5D1A5B-1610-4BB6-B891-C0CB71A72A5D}.Release|Any CPU.ActiveCfg = Release|Any CPU
		{0E5D1A5B-1610-4BB6-B891-C0CB71A72A5D}.Release|Any CPU.Build.0 = Release|Any CPU
		{F84B611A-3D1B-46F8-A640-844B15EFA230}.Debug|Any CPU.ActiveCfg = Debug|Any CPU
		{F84B611A-3D1B-46F8-A640-844B15EFA230}.Debug|Any CPU.Build.0 = Debug|Any CPU
		{F84B611A-3D1B-46F8-A640-844B15EFA230}.Release|Any CPU.ActiveCfg = Release|Any CPU
		{F84B611A-3D1B-46F8-A640-844B15EFA230}.Release|Any CPU.Build.0 = Release|Any CPU
		{2EAE6112-C417-44BE-95E2-C24E681A3C4B}.Debug|Any CPU.ActiveCfg = Debug|Any CPU
		{2EAE6112-C417-44BE-95E2-C24E681A3C4B}.Debug|Any CPU.Build.0 = Debug|Any CPU
		{2EAE6112-C417-44BE-95E2-C24E681A3C4B}.Release|Any CPU.ActiveCfg = Release|Any CPU
		{2EAE6112-C417-44BE-95E2-C24E681A3C4B}.Release|Any CPU.Build.0 = Release|Any CPU
		{281B58F6-678C-4775-831E-97E99E8A9B0C}.Debug|Any CPU.ActiveCfg = Debug|Any CPU
		{281B58F6-678C-4775-831E-97E99E8A9B0C}.Debug|Any CPU.Build.0 = Debug|Any CPU
		{281B58F6-678C-4775-831E-97E99E8A9B0C}.Release|Any CPU.ActiveCfg = Release|Any CPU
		{281B58F6-678C-4775-831E-97E99E8A9B0C}.Release|Any CPU.Build.0 = Release|Any CPU
		{0C4F0961-3A47-49CA-98E6-2B4188EFA19A}.Debug|Any CPU.ActiveCfg = Debug|Any CPU
		{0C4F0961-3A47-49CA-98E6-2B4188EFA19A}.Debug|Any CPU.Build.0 = Debug|Any CPU
		{0C4F0961-3A47-49CA-98E6-2B4188EFA19A}.Release|Any CPU.ActiveCfg = Release|Any CPU
		{0C4F0961-3A47-49CA-98E6-2B4188EFA19A}.Release|Any CPU.Build.0 = Release|Any CPU
		{CD796A3C-2678-40CB-A5BC-AD8D94117C87}.Debug|Any CPU.ActiveCfg = Debug|Any CPU
		{CD796A3C-2678-40CB-A5BC-AD8D94117C87}.Debug|Any CPU.Build.0 = Debug|Any CPU
		{CD796A3C-2678-40CB-A5BC-AD8D94117C87}.Release|Any CPU.ActiveCfg = Release|Any CPU
		{CD796A3C-2678-40CB-A5BC-AD8D94117C87}.Release|Any CPU.Build.0 = Release|Any CPU
		{2EA78B23-78FA-44A9-B7F4-08B4C23CEA85}.Debug|Any CPU.ActiveCfg = Debug|Any CPU
		{2EA78B23-78FA-44A9-B7F4-08B4C23CEA85}.Debug|Any CPU.Build.0 = Debug|Any CPU
		{2EA78B23-78FA-44A9-B7F4-08B4C23CEA85}.Release|Any CPU.ActiveCfg = Release|Any CPU
		{2EA78B23-78FA-44A9-B7F4-08B4C23CEA85}.Release|Any CPU.Build.0 = Release|Any CPU
		{A623F3E5-1CF3-4FAE-B860-6A1881BF86C0}.Debug|Any CPU.ActiveCfg = Debug|Any CPU
		{A623F3E5-1CF3-4FAE-B860-6A1881BF86C0}.Debug|Any CPU.Build.0 = Debug|Any CPU
		{A623F3E5-1CF3-4FAE-B860-6A1881BF86C0}.Release|Any CPU.ActiveCfg = Release|Any CPU
		{A623F3E5-1CF3-4FAE-B860-6A1881BF86C0}.Release|Any CPU.Build.0 = Release|Any CPU
		{A7BCF0F4-263D-46BB-A92D-7DA5F9C93BEE}.Debug|Any CPU.ActiveCfg = Debug|Any CPU
		{A7BCF0F4-263D-46BB-A92D-7DA5F9C93BEE}.Debug|Any CPU.Build.0 = Debug|Any CPU
		{A7BCF0F4-263D-46BB-A92D-7DA5F9C93BEE}.Release|Any CPU.ActiveCfg = Release|Any CPU
		{A7BCF0F4-263D-46BB-A92D-7DA5F9C93BEE}.Release|Any CPU.Build.0 = Release|Any CPU
		{04FE5CED-D71D-4E37-8F1D-87F2F17703BE}.Debug|Any CPU.ActiveCfg = Debug|Any CPU
		{04FE5CED-D71D-4E37-8F1D-87F2F17703BE}.Debug|Any CPU.Build.0 = Debug|Any CPU
		{04FE5CED-D71D-4E37-8F1D-87F2F17703BE}.Release|Any CPU.ActiveCfg = Release|Any CPU
		{04FE5CED-D71D-4E37-8F1D-87F2F17703BE}.Release|Any CPU.Build.0 = Release|Any CPU
		{263631BE-FB46-41FE-8987-3EDF7E01B113}.Debug|Any CPU.ActiveCfg = Debug|Any CPU
		{263631BE-FB46-41FE-8987-3EDF7E01B113}.Debug|Any CPU.Build.0 = Debug|Any CPU
		{263631BE-FB46-41FE-8987-3EDF7E01B113}.Release|Any CPU.ActiveCfg = Release|Any CPU
		{263631BE-FB46-41FE-8987-3EDF7E01B113}.Release|Any CPU.Build.0 = Release|Any CPU
		{F0A7B058-9A5C-46F9-BB2C-9360E704753F}.Debug|Any CPU.ActiveCfg = Debug|Any CPU
		{F0A7B058-9A5C-46F9-BB2C-9360E704753F}.Debug|Any CPU.Build.0 = Debug|Any CPU
		{F0A7B058-9A5C-46F9-BB2C-9360E704753F}.Release|Any CPU.ActiveCfg = Release|Any CPU
		{F0A7B058-9A5C-46F9-BB2C-9360E704753F}.Release|Any CPU.Build.0 = Release|Any CPU
		{BEC84A58-A43E-471A-82FA-A2525B48B294}.Debug|Any CPU.ActiveCfg = Debug|Any CPU
		{BEC84A58-A43E-471A-82FA-A2525B48B294}.Debug|Any CPU.Build.0 = Debug|Any CPU
		{BEC84A58-A43E-471A-82FA-A2525B48B294}.Release|Any CPU.ActiveCfg = Release|Any CPU
		{BEC84A58-A43E-471A-82FA-A2525B48B294}.Release|Any CPU.Build.0 = Release|Any CPU
		{A2D45A53-FB17-4272-9EB6-DF7FF2B2D39E}.Debug|Any CPU.ActiveCfg = Debug|Any CPU
		{A2D45A53-FB17-4272-9EB6-DF7FF2B2D39E}.Debug|Any CPU.Build.0 = Debug|Any CPU
		{A2D45A53-FB17-4272-9EB6-DF7FF2B2D39E}.Release|Any CPU.ActiveCfg = Release|Any CPU
		{A2D45A53-FB17-4272-9EB6-DF7FF2B2D39E}.Release|Any CPU.Build.0 = Release|Any CPU
		{FCF64A84-5B81-46C9-8970-18D9D4FF1AA5}.Debug|Any CPU.ActiveCfg = Debug|Any CPU
		{FCF64A84-5B81-46C9-8970-18D9D4FF1AA5}.Debug|Any CPU.Build.0 = Debug|Any CPU
		{FCF64A84-5B81-46C9-8970-18D9D4FF1AA5}.Release|Any CPU.ActiveCfg = Release|Any CPU
		{FCF64A84-5B81-46C9-8970-18D9D4FF1AA5}.Release|Any CPU.Build.0 = Release|Any CPU
		{41E2217F-C1DA-4A32-87C3-45769CEC6231}.Debug|Any CPU.ActiveCfg = Debug|Any CPU
		{41E2217F-C1DA-4A32-87C3-45769CEC6231}.Debug|Any CPU.Build.0 = Debug|Any CPU
		{41E2217F-C1DA-4A32-87C3-45769CEC6231}.Release|Any CPU.ActiveCfg = Release|Any CPU
		{41E2217F-C1DA-4A32-87C3-45769CEC6231}.Release|Any CPU.Build.0 = Release|Any CPU
		{1447C712-1EF2-4501-85E9-0B6535C970D2}.Debug|Any CPU.ActiveCfg = Debug|Any CPU
		{1447C712-1EF2-4501-85E9-0B6535C970D2}.Debug|Any CPU.Build.0 = Debug|Any CPU
		{1447C712-1EF2-4501-85E9-0B6535C970D2}.Release|Any CPU.ActiveCfg = Release|Any CPU
		{1447C712-1EF2-4501-85E9-0B6535C970D2}.Release|Any CPU.Build.0 = Release|Any CPU
		{BB9952DB-B605-4A0B-AD9E-0E91DF00358F}.Debug|Any CPU.ActiveCfg = Debug|Any CPU
		{BB9952DB-B605-4A0B-AD9E-0E91DF00358F}.Debug|Any CPU.Build.0 = Debug|Any CPU
		{BB9952DB-B605-4A0B-AD9E-0E91DF00358F}.Release|Any CPU.ActiveCfg = Release|Any CPU
		{BB9952DB-B605-4A0B-AD9E-0E91DF00358F}.Release|Any CPU.Build.0 = Release|Any CPU
		{DDE7B251-1CCE-4A03-B0A5-FFE4CABF0ACF}.Debug|Any CPU.ActiveCfg = Debug|Any CPU
		{DDE7B251-1CCE-4A03-B0A5-FFE4CABF0ACF}.Debug|Any CPU.Build.0 = Debug|Any CPU
		{DDE7B251-1CCE-4A03-B0A5-FFE4CABF0ACF}.Release|Any CPU.ActiveCfg = Release|Any CPU
		{DDE7B251-1CCE-4A03-B0A5-FFE4CABF0ACF}.Release|Any CPU.Build.0 = Release|Any CPU
		{7E8888BA-4164-4210-9479-E8D75B603977}.Debug|Any CPU.ActiveCfg = Debug|Any CPU
		{7E8888BA-4164-4210-9479-E8D75B603977}.Debug|Any CPU.Build.0 = Debug|Any CPU
		{7E8888BA-4164-4210-9479-E8D75B603977}.Release|Any CPU.ActiveCfg = Release|Any CPU
		{7E8888BA-4164-4210-9479-E8D75B603977}.Release|Any CPU.Build.0 = Release|Any CPU
		{2EEDE610-1641-48EB-9808-9BC5C9022921}.Debug|Any CPU.ActiveCfg = Debug|Any CPU
		{2EEDE610-1641-48EB-9808-9BC5C9022921}.Debug|Any CPU.Build.0 = Debug|Any CPU
		{2EEDE610-1641-48EB-9808-9BC5C9022921}.Release|Any CPU.ActiveCfg = Release|Any CPU
		{2EEDE610-1641-48EB-9808-9BC5C9022921}.Release|Any CPU.Build.0 = Release|Any CPU
		{12DFAF56-5D2F-4C2D-864B-3248E55563EA}.Debug|Any CPU.ActiveCfg = Debug|Any CPU
		{12DFAF56-5D2F-4C2D-864B-3248E55563EA}.Debug|Any CPU.Build.0 = Debug|Any CPU
		{12DFAF56-5D2F-4C2D-864B-3248E55563EA}.Release|Any CPU.ActiveCfg = Release|Any CPU
		{12DFAF56-5D2F-4C2D-864B-3248E55563EA}.Release|Any CPU.Build.0 = Release|Any CPU
		{E7399175-93F3-4CA2-9EBF-164057D60642}.Debug|Any CPU.ActiveCfg = Debug|Any CPU
		{E7399175-93F3-4CA2-9EBF-164057D60642}.Debug|Any CPU.Build.0 = Debug|Any CPU
		{E7399175-93F3-4CA2-9EBF-164057D60642}.Release|Any CPU.ActiveCfg = Release|Any CPU
		{E7399175-93F3-4CA2-9EBF-164057D60642}.Release|Any CPU.Build.0 = Release|Any CPU
		{88700546-D03C-48A0-B8B7-E5B47CC9128A}.Debug|Any CPU.ActiveCfg = Debug|Any CPU
		{88700546-D03C-48A0-B8B7-E5B47CC9128A}.Debug|Any CPU.Build.0 = Debug|Any CPU
		{88700546-D03C-48A0-B8B7-E5B47CC9128A}.Release|Any CPU.ActiveCfg = Release|Any CPU
		{88700546-D03C-48A0-B8B7-E5B47CC9128A}.Release|Any CPU.Build.0 = Release|Any CPU
		{856FD979-622E-4211-B8AC-BF1B42D61228}.Debug|Any CPU.ActiveCfg = Debug|Any CPU
		{856FD979-622E-4211-B8AC-BF1B42D61228}.Debug|Any CPU.Build.0 = Debug|Any CPU
		{856FD979-622E-4211-B8AC-BF1B42D61228}.Release|Any CPU.ActiveCfg = Release|Any CPU
		{856FD979-622E-4211-B8AC-BF1B42D61228}.Release|Any CPU.Build.0 = Release|Any CPU
		{44BDED7F-3E6F-456A-8D4F-6DA6083BE0CC}.Debug|Any CPU.ActiveCfg = Debug|Any CPU
		{44BDED7F-3E6F-456A-8D4F-6DA6083BE0CC}.Debug|Any CPU.Build.0 = Debug|Any CPU
		{44BDED7F-3E6F-456A-8D4F-6DA6083BE0CC}.Release|Any CPU.ActiveCfg = Release|Any CPU
		{44BDED7F-3E6F-456A-8D4F-6DA6083BE0CC}.Release|Any CPU.Build.0 = Release|Any CPU
		{321711FF-EF6B-4B8C-BA9B-17FE15937AAF}.Debug|Any CPU.ActiveCfg = Debug|Any CPU
		{321711FF-EF6B-4B8C-BA9B-17FE15937AAF}.Debug|Any CPU.Build.0 = Debug|Any CPU
		{321711FF-EF6B-4B8C-BA9B-17FE15937AAF}.Release|Any CPU.ActiveCfg = Release|Any CPU
		{321711FF-EF6B-4B8C-BA9B-17FE15937AAF}.Release|Any CPU.Build.0 = Release|Any CPU
		{11974D27-480F-458C-6F76-F579EA4D7383}.Debug|Any CPU.ActiveCfg = Debug|Any CPU
		{11974D27-480F-458C-6F76-F579EA4D7383}.Debug|Any CPU.Build.0 = Debug|Any CPU
		{11974D27-480F-458C-6F76-F579EA4D7383}.Release|Any CPU.ActiveCfg = Release|Any CPU
		{11974D27-480F-458C-6F76-F579EA4D7383}.Release|Any CPU.Build.0 = Release|Any CPU
		{79871394-A929-F3E5-FCCE-C496A760045C}.Debug|Any CPU.ActiveCfg = Debug|Any CPU
		{79871394-A929-F3E5-FCCE-C496A760045C}.Debug|Any CPU.Build.0 = Debug|Any CPU
		{79871394-A929-F3E5-FCCE-C496A760045C}.Release|Any CPU.ActiveCfg = Release|Any CPU
		{79871394-A929-F3E5-FCCE-C496A760045C}.Release|Any CPU.Build.0 = Release|Any CPU
		{298559E0-6103-C1C6-7B18-E924314A2E27}.Debug|Any CPU.ActiveCfg = Debug|Any CPU
		{298559E0-6103-C1C6-7B18-E924314A2E27}.Debug|Any CPU.Build.0 = Debug|Any CPU
		{298559E0-6103-C1C6-7B18-E924314A2E27}.Release|Any CPU.ActiveCfg = Release|Any CPU
		{298559E0-6103-C1C6-7B18-E924314A2E27}.Release|Any CPU.Build.0 = Release|Any CPU
		{0E2A9384-05F8-60EB-BD4F-7FD26ACA3046}.Debug|Any CPU.ActiveCfg = Debug|Any CPU
		{0E2A9384-05F8-60EB-BD4F-7FD26ACA3046}.Debug|Any CPU.Build.0 = Debug|Any CPU
		{0E2A9384-05F8-60EB-BD4F-7FD26ACA3046}.Release|Any CPU.ActiveCfg = Release|Any CPU
		{0E2A9384-05F8-60EB-BD4F-7FD26ACA3046}.Release|Any CPU.Build.0 = Release|Any CPU
		{7F519BB9-0326-10F7-FC93-868C6E4E0B37}.Debug|Any CPU.ActiveCfg = Debug|Any CPU
		{7F519BB9-0326-10F7-FC93-868C6E4E0B37}.Debug|Any CPU.Build.0 = Debug|Any CPU
		{7F519BB9-0326-10F7-FC93-868C6E4E0B37}.Release|Any CPU.ActiveCfg = Release|Any CPU
		{7F519BB9-0326-10F7-FC93-868C6E4E0B37}.Release|Any CPU.Build.0 = Release|Any CPU
		{A9C1E706-661E-9137-68EF-E817098EB2AA}.Debug|Any CPU.ActiveCfg = Debug|Any CPU
		{A9C1E706-661E-9137-68EF-E817098EB2AA}.Debug|Any CPU.Build.0 = Debug|Any CPU
		{A9C1E706-661E-9137-68EF-E817098EB2AA}.Release|Any CPU.ActiveCfg = Release|Any CPU
		{A9C1E706-661E-9137-68EF-E817098EB2AA}.Release|Any CPU.Build.0 = Release|Any CPU
		{82F54CD0-B3EF-042E-AA28-E4361DD18BCB}.Debug|Any CPU.ActiveCfg = Debug|Any CPU
		{82F54CD0-B3EF-042E-AA28-E4361DD18BCB}.Debug|Any CPU.Build.0 = Debug|Any CPU
		{82F54CD0-B3EF-042E-AA28-E4361DD18BCB}.Release|Any CPU.ActiveCfg = Release|Any CPU
		{82F54CD0-B3EF-042E-AA28-E4361DD18BCB}.Release|Any CPU.Build.0 = Release|Any CPU
		{CF215BF1-D4A3-0D8D-6341-617F1702F6C3}.Debug|Any CPU.ActiveCfg = Debug|Any CPU
		{CF215BF1-D4A3-0D8D-6341-617F1702F6C3}.Debug|Any CPU.Build.0 = Debug|Any CPU
		{CF215BF1-D4A3-0D8D-6341-617F1702F6C3}.Release|Any CPU.ActiveCfg = Release|Any CPU
		{CF215BF1-D4A3-0D8D-6341-617F1702F6C3}.Release|Any CPU.Build.0 = Release|Any CPU
		{274C4EDD-E47A-5DC9-4FB4-5AD2E3F6A236}.Debug|Any CPU.ActiveCfg = Debug|Any CPU
		{274C4EDD-E47A-5DC9-4FB4-5AD2E3F6A236}.Debug|Any CPU.Build.0 = Debug|Any CPU
		{274C4EDD-E47A-5DC9-4FB4-5AD2E3F6A236}.Release|Any CPU.ActiveCfg = Release|Any CPU
		{274C4EDD-E47A-5DC9-4FB4-5AD2E3F6A236}.Release|Any CPU.Build.0 = Release|Any CPU
		{E5D16344-8D9C-A677-9B08-A665144B0C7F}.Debug|Any CPU.ActiveCfg = Debug|Any CPU
		{E5D16344-8D9C-A677-9B08-A665144B0C7F}.Debug|Any CPU.Build.0 = Debug|Any CPU
		{E5D16344-8D9C-A677-9B08-A665144B0C7F}.Release|Any CPU.ActiveCfg = Release|Any CPU
		{E5D16344-8D9C-A677-9B08-A665144B0C7F}.Release|Any CPU.Build.0 = Release|Any CPU
		{D672BF6C-39DA-8470-C8DF-7EF696BB3BA3}.Debug|Any CPU.ActiveCfg = Debug|Any CPU
		{D672BF6C-39DA-8470-C8DF-7EF696BB3BA3}.Debug|Any CPU.Build.0 = Debug|Any CPU
		{D672BF6C-39DA-8470-C8DF-7EF696BB3BA3}.Release|Any CPU.ActiveCfg = Release|Any CPU
		{D672BF6C-39DA-8470-C8DF-7EF696BB3BA3}.Release|Any CPU.Build.0 = Release|Any CPU
		{957C8E46-650B-4521-E510-20F93E0F4D9C}.Debug|Any CPU.ActiveCfg = Debug|Any CPU
		{957C8E46-650B-4521-E510-20F93E0F4D9C}.Debug|Any CPU.Build.0 = Debug|Any CPU
		{957C8E46-650B-4521-E510-20F93E0F4D9C}.Release|Any CPU.ActiveCfg = Release|Any CPU
		{957C8E46-650B-4521-E510-20F93E0F4D9C}.Release|Any CPU.Build.0 = Release|Any CPU
		{C5DDC8D4-EB2A-5996-DC24-D281E5E86BE9}.Debug|Any CPU.ActiveCfg = Debug|Any CPU
		{C5DDC8D4-EB2A-5996-DC24-D281E5E86BE9}.Debug|Any CPU.Build.0 = Debug|Any CPU
		{C5DDC8D4-EB2A-5996-DC24-D281E5E86BE9}.Release|Any CPU.ActiveCfg = Release|Any CPU
		{C5DDC8D4-EB2A-5996-DC24-D281E5E86BE9}.Release|Any CPU.Build.0 = Release|Any CPU
		{9191E314-8E3F-AF01-3EAB-47A928C774E2}.Debug|Any CPU.ActiveCfg = Debug|Any CPU
		{9191E314-8E3F-AF01-3EAB-47A928C774E2}.Debug|Any CPU.Build.0 = Debug|Any CPU
		{9191E314-8E3F-AF01-3EAB-47A928C774E2}.Release|Any CPU.ActiveCfg = Release|Any CPU
		{9191E314-8E3F-AF01-3EAB-47A928C774E2}.Release|Any CPU.Build.0 = Release|Any CPU
		{2D4B1DC6-117B-6983-9F45-053CF6657463}.Debug|Any CPU.ActiveCfg = Debug|Any CPU
		{2D4B1DC6-117B-6983-9F45-053CF6657463}.Debug|Any CPU.Build.0 = Debug|Any CPU
		{2D4B1DC6-117B-6983-9F45-053CF6657463}.Release|Any CPU.ActiveCfg = Release|Any CPU
		{2D4B1DC6-117B-6983-9F45-053CF6657463}.Release|Any CPU.Build.0 = Release|Any CPU
		{17CE708E-81FB-0E85-E3C8-6AD1009CF77F}.Debug|Any CPU.ActiveCfg = Debug|Any CPU
		{17CE708E-81FB-0E85-E3C8-6AD1009CF77F}.Debug|Any CPU.Build.0 = Debug|Any CPU
		{17CE708E-81FB-0E85-E3C8-6AD1009CF77F}.Release|Any CPU.ActiveCfg = Release|Any CPU
		{17CE708E-81FB-0E85-E3C8-6AD1009CF77F}.Release|Any CPU.Build.0 = Release|Any CPU
	EndGlobalSection
	GlobalSection(SolutionProperties) = preSolution
		HideSolutionNode = FALSE
	EndGlobalSection
	GlobalSection(NestedProjects) = preSolution
		{196258EE-67A8-43C2-84E6-1133B80142DD} = {25400C64-2DF8-4240-90E4-3BA15E3BD4FA}
		{A9E1BAC4-967E-41C4-9842-D7A49E27F015} = {25400C64-2DF8-4240-90E4-3BA15E3BD4FA}
		{770F328B-7A1F-4F4A-BC65-5B019FFA0F03} = {917E7121-4D7B-4083-9654-A0C0A2A9CF1C}
		{21CD955F-774D-40AF-B518-FC9A199052CC} = {196258EE-67A8-43C2-84E6-1133B80142DD}
		{FDB8BF71-0DE4-49C1-8CE2-04E88A0009C3} = {196258EE-67A8-43C2-84E6-1133B80142DD}
		{CF026824-D986-4A4F-824C-CCDC616221FD} = {25400C64-2DF8-4240-90E4-3BA15E3BD4FA}
		{6CDF2D8B-25A7-416B-BAA7-DA4483DDC987} = {25400C64-2DF8-4240-90E4-3BA15E3BD4FA}
		{0056E9A8-99B3-471B-88B3-8994C9E3036C} = {25400C64-2DF8-4240-90E4-3BA15E3BD4FA}
		{65880485-7044-4C84-ABEE-8C2FEEB214F0} = {820CAB27-14FB-446C-A5EF-600BC89A7BC4}
		{FE6D608E-5770-4A3E-8560-B75A9C26BEAB} = {65880485-7044-4C84-ABEE-8C2FEEB214F0}
		{60CFF901-DDAF-4FEB-A70A-9AB5E5549204} = {65880485-7044-4C84-ABEE-8C2FEEB214F0}
		{CAB38422-35F5-42C9-AA43-E96825D0DEFF} = {60CFF901-DDAF-4FEB-A70A-9AB5E5549204}
		{4E0330E4-EB77-4B39-BD77-B7EAD178682C} = {D17A2DED-C655-4676-9DF5-F374AEC3237B}
		{7F159A17-93CF-4EF0-B8F5-082AC5AECAB1} = {60CFF901-DDAF-4FEB-A70A-9AB5E5549204}
		{19C5A7E2-ECE9-4ED6-8A14-1A1B9AEBA3CA} = {60CFF901-DDAF-4FEB-A70A-9AB5E5549204}
		{A84AFD64-CC02-4042-AB48-4F3AD02D91C4} = {60CFF901-DDAF-4FEB-A70A-9AB5E5549204}
		{F38CC3B0-9D11-4730-8841-5F0992F04379} = {60CFF901-DDAF-4FEB-A70A-9AB5E5549204}
		{4CBAA458-60B9-488E-ABC4-687C26EAAC90} = {1A6CD54D-3FA7-407C-AC73-5174460CD967}
		{132141AD-805A-4B1B-A669-5EE0CA6EE1CA} = {468974EA-7812-4B5C-BEEB-779DCE028B59}
		{D9ED0BF6-A1F2-4CDE-BE8C-6330BF9854DE} = {B9476867-467B-4574-A1E6-FB7C874021D4}
		{D91ACCE5-2441-4457-AE66-C755E08B0795} = {25400C64-2DF8-4240-90E4-3BA15E3BD4FA}
		{D0A4CE20-43C8-474C-9264-3313488569B2} = {24E5839B-F21D-4236-ACFF-C096D52A1A3C}
		{C160AA0B-E31C-47B2-96E4-4C16CE19378B} = {E376DE64-53FB-47D7-9DC6-A226FEA45411}
		{4545C5BE-6EAC-46E6-8612-F514CFEDB498} = {201CB0D4-9F1B-4ECA-853B-68522FDDE0DE}
		{B9476867-467B-4574-A1E6-FB7C874021D4} = {917E7121-4D7B-4083-9654-A0C0A2A9CF1C}
		{E6D7532B-47CA-48B8-B02D-159EAAE9492C} = {B9476867-467B-4574-A1E6-FB7C874021D4}
		{A54C3777-C346-4777-A787-8F9BE24C8DE8} = {E6D7532B-47CA-48B8-B02D-159EAAE9492C}
		{7D7E825E-B154-4AB1-906B-63960DD6E1B4} = {E6D7532B-47CA-48B8-B02D-159EAAE9492C}
		{0D8E1041-67FC-44CB-87CC-C8A60C6AAF01} = {E6D7532B-47CA-48B8-B02D-159EAAE9492C}
		{1A6CD54D-3FA7-407C-AC73-5174460CD967} = {917E7121-4D7B-4083-9654-A0C0A2A9CF1C}
		{2518D16E-86DF-46EA-9A05-64D6A858C748} = {1A6CD54D-3FA7-407C-AC73-5174460CD967}
		{08F1B1C4-57E0-49BD-A85C-3A562224E8AB} = {2518D16E-86DF-46EA-9A05-64D6A858C748}
		{468974EA-7812-4B5C-BEEB-779DCE028B59} = {917E7121-4D7B-4083-9654-A0C0A2A9CF1C}
		{DA19F032-BD1C-4433-A282-7E51422B11A7} = {468974EA-7812-4B5C-BEEB-779DCE028B59}
		{D17A2DED-C655-4676-9DF5-F374AEC3237B} = {820CAB27-14FB-446C-A5EF-600BC89A7BC4}
		{3386B056-D48A-494C-A62F-CCC48F608F54} = {9FCD81AA-EED6-4FF7-952F-D7AA6A54A6AB}
		{9FCD81AA-EED6-4FF7-952F-D7AA6A54A6AB} = {D17A2DED-C655-4676-9DF5-F374AEC3237B}
		{59183A58-9930-40F4-926C-BE4F628738E5} = {9FCD81AA-EED6-4FF7-952F-D7AA6A54A6AB}
		{D6617C64-AE44-4019-A2D6-DCAFFE09E02A} = {60CFF901-DDAF-4FEB-A70A-9AB5E5549204}
		{201CB0D4-9F1B-4ECA-853B-68522FDDE0DE} = {820CAB27-14FB-446C-A5EF-600BC89A7BC4}
		{96DBC338-0021-494E-BE06-C384B7971A55} = {201CB0D4-9F1B-4ECA-853B-68522FDDE0DE}
		{5CC415FA-72C8-43BF-9AB7-BD6965896BAC} = {96DBC338-0021-494E-BE06-C384B7971A55}
		{4F5B4FF1-AD9A-4C32-9720-C04C1A8D2EF9} = {96DBC338-0021-494E-BE06-C384B7971A55}
		{E7B14A17-E4CC-4655-8A0D-D0CA5B58DA92} = {96DBC338-0021-494E-BE06-C384B7971A55}
		{BFD07E8E-58B8-4227-9DFE-0EC1D8B15CF6} = {D906F796-8733-4DE0-84CA-61F925087BDD}
		{7F525124-D493-4C53-A200-3B7ECF04ED85} = {D906F796-8733-4DE0-84CA-61F925087BDD}
		{5C015302-D24B-4400-AEAB-BF3952F917C0} = {D906F796-8733-4DE0-84CA-61F925087BDD}
		{81EE0AB6-8CD8-4375-8E2B-B718FEDC1BA7} = {24E5839B-F21D-4236-ACFF-C096D52A1A3C}
		{C6425A09-987B-4FDA-93D4-0F5F18BCC4FA} = {81EE0AB6-8CD8-4375-8E2B-B718FEDC1BA7}
		{82935606-3E0A-40F5-9762-74B7E3DB7597} = {81EE0AB6-8CD8-4375-8E2B-B718FEDC1BA7}
		{E376DE64-53FB-47D7-9DC6-A226FEA45411} = {820CAB27-14FB-446C-A5EF-600BC89A7BC4}
		{96BDE492-E6BE-4F77-AE71-158C7181FD77} = {E376DE64-53FB-47D7-9DC6-A226FEA45411}
		{3E18273F-8B5A-4148-8D57-1DE3C07CD129} = {96BDE492-E6BE-4F77-AE71-158C7181FD77}
		{9B58B520-0B00-44D3-969D-6C05935A0438} = {96BDE492-E6BE-4F77-AE71-158C7181FD77}
		{24E5839B-F21D-4236-ACFF-C096D52A1A3C} = {820CAB27-14FB-446C-A5EF-600BC89A7BC4}
		{ADB9211D-F098-4DC8-877E-3692950465F2} = {81EE0AB6-8CD8-4375-8E2B-B718FEDC1BA7}
		{CBF2176D-106C-46C6-AF1D-FAF37FC0E594} = {81EE0AB6-8CD8-4375-8E2B-B718FEDC1BA7}
		{BE4F6578-8D87-4859-90AB-01018402A1FE} = {7C0B660B-610F-4704-8620-C84D36031959}
		{5481DED3-DAC4-43F2-A76D-8E7CA49F8298} = {7C0B660B-610F-4704-8620-C84D36031959}
		{7C0B660B-610F-4704-8620-C84D36031959} = {96DBC338-0021-494E-BE06-C384B7971A55}
		{2BC9F417-4753-49D6-9C65-ED3DE67869A9} = {25400C64-2DF8-4240-90E4-3BA15E3BD4FA}
		{3B4606A8-2844-4829-9243-C1F62C9C593E} = {2BC9F417-4753-49D6-9C65-ED3DE67869A9}
		{0E5D1A5B-1610-4BB6-B891-C0CB71A72A5D} = {2BC9F417-4753-49D6-9C65-ED3DE67869A9}
		{F84B611A-3D1B-46F8-A640-844B15EFA230} = {DDB32DF7-903D-4A12-AC57-471718A94FE5}
		{2EAE6112-C417-44BE-95E2-C24E681A3C4B} = {DDB32DF7-903D-4A12-AC57-471718A94FE5}
		{281B58F6-678C-4775-831E-97E99E8A9B0C} = {DDB32DF7-903D-4A12-AC57-471718A94FE5}
		{0C4F0961-3A47-49CA-98E6-2B4188EFA19A} = {DDB32DF7-903D-4A12-AC57-471718A94FE5}
		{CD796A3C-2678-40CB-A5BC-AD8D94117C87} = {2BC9F417-4753-49D6-9C65-ED3DE67869A9}
		{2EA78B23-78FA-44A9-B7F4-08B4C23CEA85} = {25400C64-2DF8-4240-90E4-3BA15E3BD4FA}
		{A623F3E5-1CF3-4FAE-B860-6A1881BF86C0} = {DDB32DF7-903D-4A12-AC57-471718A94FE5}
		{A7BCF0F4-263D-46BB-A92D-7DA5F9C93BEE} = {DDB32DF7-903D-4A12-AC57-471718A94FE5}
		{04FE5CED-D71D-4E37-8F1D-87F2F17703BE} = {DDB32DF7-903D-4A12-AC57-471718A94FE5}
		{263631BE-FB46-41FE-8987-3EDF7E01B113} = {DDB32DF7-903D-4A12-AC57-471718A94FE5}
		{31705CEB-2C8D-4E03-BF5D-1B5B77AA46C7} = {60CFF901-DDAF-4FEB-A70A-9AB5E5549204}
		{F0A7B058-9A5C-46F9-BB2C-9360E704753F} = {31705CEB-2C8D-4E03-BF5D-1B5B77AA46C7}
		{BEC84A58-A43E-471A-82FA-A2525B48B294} = {31705CEB-2C8D-4E03-BF5D-1B5B77AA46C7}
		{A2D45A53-FB17-4272-9EB6-DF7FF2B2D39E} = {31705CEB-2C8D-4E03-BF5D-1B5B77AA46C7}
		{D906F796-8733-4DE0-84CA-61F925087BDD} = {60CFF901-DDAF-4FEB-A70A-9AB5E5549204}
		{FCF64A84-5B81-46C9-8970-18D9D4FF1AA5} = {DDB32DF7-903D-4A12-AC57-471718A94FE5}
		{41E2217F-C1DA-4A32-87C3-45769CEC6231} = {81EE0AB6-8CD8-4375-8E2B-B718FEDC1BA7}
		{1447C712-1EF2-4501-85E9-0B6535C970D2} = {81EE0AB6-8CD8-4375-8E2B-B718FEDC1BA7}
		{BB9952DB-B605-4A0B-AD9E-0E91DF00358F} = {81EE0AB6-8CD8-4375-8E2B-B718FEDC1BA7}
		{3BC3527C-BD62-4007-A5BF-F483DE4EFA79} = {2BC9F417-4753-49D6-9C65-ED3DE67869A9}
		{DDE7B251-1CCE-4A03-B0A5-FFE4CABF0ACF} = {3BC3527C-BD62-4007-A5BF-F483DE4EFA79}
		{7E8888BA-4164-4210-9479-E8D75B603977} = {3BC3527C-BD62-4007-A5BF-F483DE4EFA79}
		{2EEDE610-1641-48EB-9808-9BC5C9022921} = {3BC3527C-BD62-4007-A5BF-F483DE4EFA79}
		{12DFAF56-5D2F-4C2D-864B-3248E55563EA} = {3BC3527C-BD62-4007-A5BF-F483DE4EFA79}
		{E7399175-93F3-4CA2-9EBF-164057D60642} = {25400C64-2DF8-4240-90E4-3BA15E3BD4FA}
		{F73673E3-11E8-4557-9EF4-F47BB2F90EA1} = {820CAB27-14FB-446C-A5EF-600BC89A7BC4}
		{88700546-D03C-48A0-B8B7-E5B47CC9128A} = {F73673E3-11E8-4557-9EF4-F47BB2F90EA1}
		{B719E151-4108-4CB0-A040-728FA8D0A0BA} = {820CAB27-14FB-446C-A5EF-600BC89A7BC4}
		{856FD979-622E-4211-B8AC-BF1B42D61228} = {B719E151-4108-4CB0-A040-728FA8D0A0BA}
		{925C3531-0F24-4B62-9000-4EA9817776BF} = {B719E151-4108-4CB0-A040-728FA8D0A0BA}
		{44BDED7F-3E6F-456A-8D4F-6DA6083BE0CC} = {925C3531-0F24-4B62-9000-4EA9817776BF}
		{321711FF-EF6B-4B8C-BA9B-17FE15937AAF} = {925C3531-0F24-4B62-9000-4EA9817776BF}
		{02EA681E-C7D8-13C7-8484-4AC65E1B71E8} = {F73673E3-11E8-4557-9EF4-F47BB2F90EA1}
		{11974D27-480F-458C-6F76-F579EA4D7383} = {02EA681E-C7D8-13C7-8484-4AC65E1B71E8}
		{79871394-A929-F3E5-FCCE-C496A760045C} = {02EA681E-C7D8-13C7-8484-4AC65E1B71E8}
		{298559E0-6103-C1C6-7B18-E924314A2E27} = {02EA681E-C7D8-13C7-8484-4AC65E1B71E8}
		{0E2A9384-05F8-60EB-BD4F-7FD26ACA3046} = {02EA681E-C7D8-13C7-8484-4AC65E1B71E8}
		{7F519BB9-0326-10F7-FC93-868C6E4E0B37} = {02EA681E-C7D8-13C7-8484-4AC65E1B71E8}
		{A9C1E706-661E-9137-68EF-E817098EB2AA} = {02EA681E-C7D8-13C7-8484-4AC65E1B71E8}
		{82F54CD0-B3EF-042E-AA28-E4361DD18BCB} = {02EA681E-C7D8-13C7-8484-4AC65E1B71E8}
		{F378C074-E6AE-4801-829F-0A2A2073352A} = {02EA681E-C7D8-13C7-8484-4AC65E1B71E8}
		{CF215BF1-D4A3-0D8D-6341-617F1702F6C3} = {F378C074-E6AE-4801-829F-0A2A2073352A}
		{274C4EDD-E47A-5DC9-4FB4-5AD2E3F6A236} = {F378C074-E6AE-4801-829F-0A2A2073352A}
		{E5D16344-8D9C-A677-9B08-A665144B0C7F} = {F378C074-E6AE-4801-829F-0A2A2073352A}
		{D672BF6C-39DA-8470-C8DF-7EF696BB3BA3} = {F378C074-E6AE-4801-829F-0A2A2073352A}
		{1D1A35E7-745D-40D3-BBA0-87BC6D224578} = {02EA681E-C7D8-13C7-8484-4AC65E1B71E8}
		{957C8E46-650B-4521-E510-20F93E0F4D9C} = {1D1A35E7-745D-40D3-BBA0-87BC6D224578}
		{C5DDC8D4-EB2A-5996-DC24-D281E5E86BE9} = {1D1A35E7-745D-40D3-BBA0-87BC6D224578}
		{9191E314-8E3F-AF01-3EAB-47A928C774E2} = {1D1A35E7-745D-40D3-BBA0-87BC6D224578}
		{2D4B1DC6-117B-6983-9F45-053CF6657463} = {1D1A35E7-745D-40D3-BBA0-87BC6D224578}
		{17CE708E-81FB-0E85-E3C8-6AD1009CF77F} = {DA19F032-BD1C-4433-A282-7E51422B11A7}
	EndGlobalSection
	GlobalSection(ExtensibilityGlobals) = postSolution
		SolutionGuid = {3FF9DAF1-0EED-40D6-A2E3-62AE78E31106}
	EndGlobalSection
EndGlobal
