
Microsoft Visual Studio Solution File, Format Version 12.00
# Visual Studio Version 16
VisualStudioVersion = 16.0.31424.327
MinimumVisualStudioVersion = 10.0.40219.1
Project("{2150E333-8FDC-42A3-9474-1A3956D46DE8}") = "TestCase", "TestCase", "{2DED9358-90ED-4076-B844-FE2A64162C51}"
EndProject
Project("{9A19103F-16F7-4668-BE54-9A1E7A4F7556}") = "AutoCSer.TestCase.SerializePerformance.NetStandard", "TestCase\SerializePerformance\AutoCSer.TestCase.SerializePerformance.NetStandard.csproj", "{D7CD22CA-47C6-4B4B-868E-A3E465B500B4}"
EndProject
Project("{9A19103F-16F7-4668-BE54-9A1E7A4F7556}") = "AutoCSer.TestCase.NetStandard", "TestCase\TestCase\AutoCSer.TestCase.NetStandard.csproj", "{80C7F338-1F14-48A6-B05F-678E6218EE6B}"
EndProject
Project("{9A19103F-16F7-4668-BE54-9A1E7A4F7556}") = "AutoCSer.TestCase.CommandServerPerformance.NetStandard", "TestCase\CommandServerPerformance\AutoCSer.TestCase.CommandServerPerformance.NetStandard.csproj", "{22073251-5138-40A8-AFAC-947C34A104F2}"
EndProject
Project("{9A19103F-16F7-4668-BE54-9A1E7A4F7556}") = "AutoCSer.TestCase.CommandClientPerformance.NetStandard", "TestCase\CommandServerPerformance\Client\AutoCSer.TestCase.CommandClientPerformance.NetStandard.csproj", "{B7158D1C-2C4D-4865-8FC5-BE5518FE3F90}"
EndProject
Project("{2150E333-8FDC-42A3-9474-1A3956D46DE8}") = "Application", "Application", "{EFAEE2B6-47FE-4687-AAE7-10C927249CC3}"
EndProject
Project("{2150E333-8FDC-42A3-9474-1A3956D46DE8}") = "ServiceRegistry", "ServiceRegistry", "{D959554E-E027-467E-BD1E-D67FED62DCA3}"
EndProject
Project("{2150E333-8FDC-42A3-9474-1A3956D46DE8}") = "ExtensionTools", "ExtensionTools", "{68EBF962-1891-40BE-B044-9387C6A03EDE}"
EndProject
Project("{2150E333-8FDC-42A3-9474-1A3956D46DE8}") = "TestCase", "TestCase", "{58345396-676A-4C08-989E-728B866E54E9}"
EndProject
Project("{9A19103F-16F7-4668-BE54-9A1E7A4F7556}") = "AutoCSer.TestCase.ServiceRegistry.NetStandard", "TestCase\ServiceRegistry\AutoCSer.TestCase.ServiceRegistry.NetStandard.csproj", "{524825D5-156F-4D88-B983-0D7812695295}"
EndProject
Project("{9A19103F-16F7-4668-BE54-9A1E7A4F7556}") = "AutoCSer.TestCase.ServiceRegistry.Service.NetStandard", "TestCase\ServiceRegistry\Service\AutoCSer.TestCase.ServiceRegistry.Service.NetStandard.csproj", "{F181FC87-2E3C-4493-BDA5-2B47EC629E29}"
EndProject
Project("{9A19103F-16F7-4668-BE54-9A1E7A4F7556}") = "AutoCSer.TestCase.ServiceRegistry.Client.NetStandard", "TestCase\ServiceRegistry\Service\Client\AutoCSer.TestCase.ServiceRegistry.Client.NetStandard.csproj", "{B9FEF2DB-21E0-4B3B-8DEB-469A84552D2F}"
EndProject
Project("{2150E333-8FDC-42A3-9474-1A3956D46DE8}") = "DistributedLock", "DistributedLock", "{9AB60571-45FC-4718-AEDB-538A3CF81693}"
EndProject
Project("{9A19103F-16F7-4668-BE54-9A1E7A4F7556}") = "AutoCSer.TestCase.DistributedLock.NetStandard", "TestCase\DistributedLock\AutoCSer.TestCase.DistributedLock.NetStandard.csproj", "{08F689E0-80BD-4B8B-96E9-868455045656}"
EndProject
Project("{2150E333-8FDC-42A3-9474-1A3956D46DE8}") = "TestCase", "TestCase", "{0221975A-9B6C-4EBB-8451-05DE52D74C9C}"
EndProject
Project("{9A19103F-16F7-4668-BE54-9A1E7A4F7556}") = "AutoCSer.TestCase.DistributedLockClient.NetStandard", "TestCase\DistributedLock\Client\AutoCSer.TestCase.DistributedLockClient.NetStandard.csproj", "{2A1061B4-696D-4227-850E-587529508FEE}"
EndProject
Project("{2150E333-8FDC-42A3-9474-1A3956D46DE8}") = "ProcessGuard", "ProcessGuard", "{28237FFE-2BD3-4299-B1B2-D790AF3AEDF0}"
EndProject
Project("{2150E333-8FDC-42A3-9474-1A3956D46DE8}") = "TestCase", "TestCase", "{5B7C24E8-9465-4DDD-8825-43CD426FC060}"
EndProject
Project("{9A19103F-16F7-4668-BE54-9A1E7A4F7556}") = "AutoCSer.TestCase.ProcessGuard.NetStandard", "TestCase\ProcessGuard\AutoCSer.TestCase.ProcessGuard.NetStandard.csproj", "{B9C7F0E1-5BAE-499E-A7D9-5DC2F19A993F}"
EndProject
Project("{9A19103F-16F7-4668-BE54-9A1E7A4F7556}") = "AutoCSer.TestCase.ProcessGuardClient.NetStandard", "TestCase\ProcessGuard\Client\AutoCSer.TestCase.ProcessGuardClient.NetStandard.csproj", "{3432C0F2-AA90-4714-8DB1-85CAAD97088F}"
EndProject
Project("{2150E333-8FDC-42A3-9474-1A3956D46DE8}") = "Example", "Example", "{5CDD2AC8-81A9-410A-907C-0A3355331B3B}"
EndProject
Project("{2150E333-8FDC-42A3-9474-1A3956D46DE8}") = "ExtensionTools", "ExtensionTools", "{8E2DAE91-968D-48C0-8495-76C13D781EDA}"
EndProject
Project("{2150E333-8FDC-42A3-9474-1A3956D46DE8}") = "TimestampVerify", "TimestampVerify", "{DC22596A-A449-4EF3-9624-C03110051383}"
EndProject
Project("{2150E333-8FDC-42A3-9474-1A3956D46DE8}") = "TestCase", "TestCase", "{64BF4F66-97A1-419D-B6D9-4026CEA920EC}"
EndProject
Project("{9A19103F-16F7-4668-BE54-9A1E7A4F7556}") = "AutoCSer.TestCase.TimestampVerify.NetStandard", "TestCase\TimestampVerify\AutoCSer.TestCase.TimestampVerify.NetStandard.csproj", "{CF83CADE-31B0-404E-A1B8-19BEC19316F8}"
EndProject
Project("{9A19103F-16F7-4668-BE54-9A1E7A4F7556}") = "AutoCSer.TestCase.TimestampVerifyClient.NetStandard", "TestCase\TimestampVerify\Client\AutoCSer.TestCase.TimestampVerifyClient.NetStandard.csproj", "{940F659D-0244-4CE3-8248-0E6868013620}"
EndProject
Project("{2150E333-8FDC-42A3-9474-1A3956D46DE8}") = "DatabaseBackup", "DatabaseBackup", "{6DB96D59-02D8-4E46-8DCD-A907EC6EF75B}"
EndProject
Project("{2150E333-8FDC-42A3-9474-1A3956D46DE8}") = "TestCase", "TestCase", "{62FABE0C-85B1-4B54-8536-BB4B16754686}"
EndProject
Project("{9A19103F-16F7-4668-BE54-9A1E7A4F7556}") = "AutoCSer.TestCase.DatabaseBackup.NetStandard", "TestCase\DatabaseBackup\AutoCSer.TestCase.DatabaseBackup.NetStandard.csproj", "{ED0293F2-7EB9-4F66-B239-CDDD5CD7FA45}"
EndProject
Project("{9A19103F-16F7-4668-BE54-9A1E7A4F7556}") = "AutoCSer.TestCase.DatabaseBackupClient.NetStandard", "TestCase\DatabaseBackup\Client\AutoCSer.TestCase.DatabaseBackupClient.NetStandard.csproj", "{25CA747A-7845-460C-8ACE-E0E2FC082537}"
EndProject
Project("{2150E333-8FDC-42A3-9474-1A3956D46DE8}") = "ReverseLogCollection", "ReverseLogCollection", "{A357478C-E846-4404-80A9-018BA5094048}"
EndProject
Project("{2150E333-8FDC-42A3-9474-1A3956D46DE8}") = "TestCase", "TestCase", "{7476361C-9566-4E07-82F6-1FBA1D67D1C0}"
EndProject
Project("{9A19103F-16F7-4668-BE54-9A1E7A4F7556}") = "AutoCSer.TestCase.ReverseLogCollectionClient.NetStandard", "TestCase\ReverseLogCollection\Client\AutoCSer.TestCase.ReverseLogCollectionClient.NetStandard.csproj", "{49AEB3D3-738B-45E6-80C2-1B33AE6EF827}"
EndProject
Project("{9A19103F-16F7-4668-BE54-9A1E7A4F7556}") = "AutoCSer.TestCase.ReverseLogCollection.NetStandard", "TestCase\ReverseLogCollection\AutoCSer.TestCase.ReverseLogCollection.NetStandard.csproj", "{3DCB4DDC-8892-4E0E-8689-5BEDA4AB51E8}"
EndProject
Project("{9A19103F-16F7-4668-BE54-9A1E7A4F7556}") = "AutoCSer.TestCase.ReverseLogCollectionCommon.NetStandard", "TestCase\ReverseLogCollection\Common\AutoCSer.TestCase.ReverseLogCollectionCommon.NetStandard.csproj", "{56397720-E0AD-4A14-ACDE-FC45F8137DF0}"
EndProject
Project("{9A19103F-16F7-4668-BE54-9A1E7A4F7556}") = "AutoCSer.TestCase.ProcessGuardSwitchProcess.NetStandard", "TestCase\ProcessGuard\SwitchProcess\AutoCSer.TestCase.ProcessGuardSwitchProcess.NetStandard.csproj", "{CF938EFE-1682-453F-81AF-71F61ADF5DAB}"
EndProject
Project("{9A19103F-16F7-4668-BE54-9A1E7A4F7556}") = "AutoCSer.Extensions.NetStandard2.1", "AutoCSer\Extensions\AutoCSer.Extensions.NetStandard2.1.csproj", "{2364DD10-5765-4BFF-90ED-FDAF3C9B3B26}"
EndProject
Project("{9A19103F-16F7-4668-BE54-9A1E7A4F7556}") = "AutoCSer.Example.CommandServer.NetStandard2.1", "Example\CommandServer\AutoCSer.Example.CommandServer.NetStandard2.1.csproj", "{EAD966F0-9025-4BA9-B764-B364D00E5938}"
EndProject
Project("{9A19103F-16F7-4668-BE54-9A1E7A4F7556}") = "AutoCSer.CommandService.TimestampVerify.NetStandard2.1", "Application\TimestampVerify\AutoCSer.CommandService.TimestampVerify.NetStandard2.1.csproj", "{1B655B7D-0B20-47D6-8A03-44537791537F}"
EndProject
Project("{9A19103F-16F7-4668-BE54-9A1E7A4F7556}") = "AutoCSer.CommandService.ServiceRegistry.NetStandard2.1", "Application\ServiceRegistry\AutoCSer.CommandService.ServiceRegistry.NetStandard2.1.csproj", "{C4A4F800-7C4C-4CED-ACFD-E93DDFF293AA}"
EndProject
Project("{9A19103F-16F7-4668-BE54-9A1E7A4F7556}") = "AutoCSer.CommandService.ReverseLogCollection.NetStandard2.1", "Application\ReverseLogCollection\AutoCSer.CommandService.ReverseLogCollection.NetStandard2.1.csproj", "{DC738939-5F62-46D3-B221-CCA775A07CE0}"
EndProject
Project("{9A19103F-16F7-4668-BE54-9A1E7A4F7556}") = "AutoCSer.CommandService.ProcessGuard.NetStandard2.1", "Application\ProcessGuard\AutoCSer.CommandService.ProcessGuard.NetStandard2.1.csproj", "{CCEEE640-8096-4C8C-8F08-2C724D025820}"
EndProject
Project("{9A19103F-16F7-4668-BE54-9A1E7A4F7556}") = "AutoCSer.CommandService.DistributedLock.NetStandard2.1", "Application\DistributedLock\AutoCSer.CommandService.DistributedLock.NetStandard2.1.csproj", "{719083AF-7D6A-41B5-9188-87347ADCF053}"
EndProject
Project("{9A19103F-16F7-4668-BE54-9A1E7A4F7556}") = "AutoCSer.CommandService.DatabaseBackup.NetStandard2.1", "Application\DatabaseBackup\AutoCSer.CommandService.DatabaseBackup.NetStandard2.1.csproj", "{8F15B443-4233-48B0-A6AD-79DBC1F489E5}"
EndProject
Project("{2150E333-8FDC-42A3-9474-1A3956D46DE8}") = "DeployTask", "DeployTask", "{D0BEC7D9-A4E7-4A95-B244-2CBEE2283201}"
EndProject
Project("{9A19103F-16F7-4668-BE54-9A1E7A4F7556}") = "AutoCSer.CommandService.DeployTask.NetStandard2.1", "Application\DeployTask\AutoCSer.CommandService.DeployTask.NetStandard2.1.csproj", "{DCE5D94A-C6FB-46D0-AFE8-E64B7B0393F2}"
EndProject
Project("{2150E333-8FDC-42A3-9474-1A3956D46DE8}") = "DiskBlock", "DiskBlock", "{DE1E6605-178B-49D5-8A8C-4884A97DAD63}"
EndProject
Project("{9A19103F-16F7-4668-BE54-9A1E7A4F7556}") = "AutoCSer.CommandService.DiskBlock.NetStandard2.1", "Application\DiskBlock\AutoCSer.CommandService.DiskBlock.NetStandard2.1.csproj", "{1B953AD7-BA12-4FB0-91D6-1F4B519AE2FE}"
EndProject
Project("{2150E333-8FDC-42A3-9474-1A3956D46DE8}") = "TestCase", "TestCase", "{CA02ACA5-F343-476D-82AB-362F0B71D0D3}"
EndProject
Project("{2150E333-8FDC-42A3-9474-1A3956D46DE8}") = "FileSynchronous", "FileSynchronous", "{38588842-4B0D-4A73-8CDE-4A30FF40C1F4}"
EndProject
Project("{9A19103F-16F7-4668-BE54-9A1E7A4F7556}") = "AutoCSer.CommandService.FileSynchronous.NetStandard2.1", "Application\FileSynchronous\AutoCSer.CommandService.FileSynchronous.NetStandard2.1.csproj", "{4F7A1953-3412-492E-98EA-D84BF5FE95BC}"
EndProject
Project("{2150E333-8FDC-42A3-9474-1A3956D46DE8}") = "TestCase", "TestCase", "{C49EAABD-4771-4773-A524-BFC0BD61C8BE}"
EndProject
Project("{9A19103F-16F7-4668-BE54-9A1E7A4F7556}") = "AutoCSer.TestCase.DiskBlock.NetStandard", "TestCase\DiskBlock\AutoCSer.TestCase.DiskBlock.NetStandard.csproj", "{CB91C758-09B6-4FBE-AC8E-239811C2AEE2}"
EndProject
Project("{9A19103F-16F7-4668-BE54-9A1E7A4F7556}") = "AutoCSer.TestCase.DiskBlockClient.NetStandard", "TestCase\DiskBlock\Client\AutoCSer.TestCase.DiskBlockClient.NetStandard.csproj", "{15F5D218-9C6A-47D4-96D5-3C410C2DEB56}"
EndProject
Project("{9A19103F-16F7-4668-BE54-9A1E7A4F7556}") = "AutoCSer.TestCase.FileSynchronous.NetStandard", "TestCase\FileSynchronous\AutoCSer.TestCase.FileSynchronous.NetStandard.csproj", "{79103DB3-0F8F-42E0-9E73-FF0176738742}"
EndProject
Project("{9A19103F-16F7-4668-BE54-9A1E7A4F7556}") = "AutoCSer.TestCase.FileSynchronousClient.NetStandard", "TestCase\FileSynchronous\Client\AutoCSer.TestCase.FileSynchronousClient.NetStandard.csproj", "{5E4D67EE-1382-4541-9714-B5341F255090}"
EndProject
Project("{2150E333-8FDC-42A3-9474-1A3956D46DE8}") = "StreamPersistenceMemoryDatabase", "StreamPersistenceMemoryDatabase", "{A6BC7907-1292-4803-888F-277E566DFB18}"
EndProject
Project("{9A19103F-16F7-4668-BE54-9A1E7A4F7556}") = "AutoCSer.CommandService.StreamPersistenceMemoryDatabase.NetStandard2.1", "Application\StreamPersistenceMemoryDatabase\AutoCSer.CommandService.StreamPersistenceMemoryDatabase.NetStandard2.1.csproj", "{A1DC82CF-A49D-41B4-953E-F3FB47CBB357}"
EndProject
Project("{2150E333-8FDC-42A3-9474-1A3956D46DE8}") = "TestCase", "TestCase", "{308081BC-1789-4CE1-9905-3BBB3D6DF5AE}"
EndProject
Project("{9A19103F-16F7-4668-BE54-9A1E7A4F7556}") = "AutoCSer.TestCase.StreamPersistenceMemoryDatabaseCommon.NetStandard", "TestCase\StreamPersistenceMemoryDatabase\Common\AutoCSer.TestCase.StreamPersistenceMemoryDatabaseCommon.NetStandard.csproj", "{1C332D9E-DB59-4B01-BEC4-C976AC57E6FA}"
EndProject
Project("{9A19103F-16F7-4668-BE54-9A1E7A4F7556}") = "AutoCSer.TestCase.StreamPersistenceMemoryDatabase.NetStandard", "TestCase\StreamPersistenceMemoryDatabase\AutoCSer.TestCase.StreamPersistenceMemoryDatabase.NetStandard.csproj", "{A55C84BD-134F-4315-B83F-4E96510AB79A}"
EndProject
Project("{9A19103F-16F7-4668-BE54-9A1E7A4F7556}") = "AutoCSer.TestCase.StreamPersistenceMemoryDatabaseRepairMethod.NetStandard", "TestCase\StreamPersistenceMemoryDatabase\RepairMethod\AutoCSer.TestCase.StreamPersistenceMemoryDatabaseRepairMethod.NetStandard.csproj", "{EA7C663E-C482-424A-87E3-E70C94942EAD}"
EndProject
Project("{9A19103F-16F7-4668-BE54-9A1E7A4F7556}") = "AutoCSer.TestCase.StreamPersistenceMemoryDatabaseClient.NetStandard", "TestCase\StreamPersistenceMemoryDatabase\Client\AutoCSer.TestCase.StreamPersistenceMemoryDatabaseClient.NetStandard.csproj", "{14DE9DCB-2244-4C52-A12B-33F03AF11E4E}"
EndProject
Project("{9A19103F-16F7-4668-BE54-9A1E7A4F7556}") = "AutoCSer.TestCase.StreamPersistenceMemoryDatabaseBackuper.NetStandard", "TestCase\StreamPersistenceMemoryDatabase\Backuper\AutoCSer.TestCase.StreamPersistenceMemoryDatabaseBackuper.NetStandard.csproj", "{542EF016-0E41-4A50-BDDD-B15B8DE70166}"
EndProject
Project("{2150E333-8FDC-42A3-9474-1A3956D46DE8}") = "Drawing", "Drawing", "{83E04150-92D6-4CB1-B7E5-4EC3A6361787}"
EndProject
Project("{9A19103F-16F7-4668-BE54-9A1E7A4F7556}") = "AutoCSer.Drawing.NetStandard2.1", "AutoCSer\Drawing\AutoCSer.Drawing.NetStandard2.1.csproj", "{DA898F10-90F1-4F70-A6F0-8A0FC043AB93}"
EndProject
Project("{2150E333-8FDC-42A3-9474-1A3956D46DE8}") = "Example", "Example", "{6F709F72-F05B-4BFD-81E3-0B21247D344C}"
EndProject
Project("{9A19103F-16F7-4668-BE54-9A1E7A4F7556}") = "AutoCSer.Example.CopyScreenGif.NetStandard", "Example\CopyScreenGif\AutoCSer.Example.CopyScreenGif.NetStandard.csproj", "{E970BD8B-0E3B-4212-8C39-47184327AC9B}"
EndProject
Project("{2150E333-8FDC-42A3-9474-1A3956D46DE8}") = "NetCoreWeb", "NetCoreWeb", "{A45610F8-B48E-43B3-935E-98E80432A64B}"
EndProject
Project("{9A19103F-16F7-4668-BE54-9A1E7A4F7556}") = "AutoCSer.NetCoreWeb.NetCore3.1", "AutoCSer\NetCoreWeb\AutoCSer.NetCoreWeb.NetCore3.1.csproj", "{288664A1-7E75-49EC-B44F-B54558D2F6E2}"
EndProject
Project("{2150E333-8FDC-42A3-9474-1A3956D46DE8}") = "TestCase", "TestCase", "{A513D95D-5F01-41BA-9625-9B4AA991F56E}"
EndProject
Project("{9A19103F-16F7-4668-BE54-9A1E7A4F7556}") = "AutoCSer.TestCase.NetCoreWeb.NetCore3.1", "TestCase\NetCoreWeb\AutoCSer.TestCase.NetCoreWeb.NetCore3.1.csproj", "{8EB953AF-951A-4AA9-9470-52EFD08F50E9}"
EndProject
Project("{2150E333-8FDC-42A3-9474-1A3956D46DE8}") = "ORM", "ORM", "{C07E55EE-C8AA-4ADB-ACD7-48E30D56C4F9}"
EndProject
Project("{9A19103F-16F7-4668-BE54-9A1E7A4F7556}") = "AutoCSer.ORM.NetStandard2.1", "AutoCSer\ORM\AutoCSer.ORM.NetStandard2.1.csproj", "{90A1E73A-9439-4C63-AC9F-A479AF451105}"
EndProject
Project("{2150E333-8FDC-42A3-9474-1A3956D46DE8}") = "TestCase", "TestCase", "{C28E5551-6427-4586-9B01-36CB40B58C97}"
EndProject
Project("{9A19103F-16F7-4668-BE54-9A1E7A4F7556}") = "AutoCSer.TestCase.CommonModel.NetStandard", "TestCase\ORM\CommonModel\AutoCSer.TestCase.CommonModel.NetStandard.csproj", "{5714AF06-1043-46AA-87AF-6E08E250AAB9}"
EndProject
Project("{9A19103F-16F7-4668-BE54-9A1E7A4F7556}") = "AutoCSer.TestCase.BusinessService.NetStandard", "TestCase\ORM\BusinessService\AutoCSer.TestCase.BusinessService.NetStandard.csproj", "{6884F31D-455F-42B7-8F5D-EADC05410F2B}"
EndProject
Project("{9A19103F-16F7-4668-BE54-9A1E7A4F7556}") = "AutoCSer.TestCase.BusinessClient.NetStandard", "TestCase\ORM\BusinessClient\AutoCSer.TestCase.BusinessClient.NetStandard.csproj", "{BB65F413-5E7D-47E5-8FD2-A1C5D5AC4347}"
EndProject
Project("{2150E333-8FDC-42A3-9474-1A3956D46DE8}") = "Search", "Search", "{82509CAB-59BA-4D1F-A3A7-B61045FAE377}"
EndProject
Project("{9A19103F-16F7-4668-BE54-9A1E7A4F7556}") = "AutoCSer.Search.NetStandard2.1", "AutoCSer\Search\AutoCSer.Search.NetStandard2.1.csproj", "{31C31DFE-6C6B-415E-A412-CA0A2E4FC33B}"
EndProject
Project("{2150E333-8FDC-42A3-9474-1A3956D46DE8}") = "Example", "Example", "{4E9EE3FE-BD20-4E9B-82A6-CC20EE500D6A}"
EndProject
Project("{9A19103F-16F7-4668-BE54-9A1E7A4F7556}") = "AutoCSer.Example.Search.NetStandard", "Example\Search\AutoCSer.Example.Search.NetStandard.csproj", "{35311018-48A3-4BF0-A870-3F677A320618}"
EndProject
Project("{9A19103F-16F7-4668-BE54-9A1E7A4F7556}") = "AutoCSer.CodeGenerator.NetStandard2.1", "AutoCSer\CodeGenerator\AutoCSer.CodeGenerator.NetStandard2.1.csproj", "{97B30918-FF93-40C4-84BC-20439149B0EF}"
EndProject
Project("{2150E333-8FDC-42A3-9474-1A3956D46DE8}") = "AutoCSer", "AutoCSer", "{8E798CD6-27D3-4DA5-B07B-6FDA7765E918}"
EndProject
Project("{2150E333-8FDC-42A3-9474-1A3956D46DE8}") = "Deploy", "Deploy", "{66C70D0D-9CEB-425D-8103-6151AE2DB3F1}"
EndProject
Project("{9A19103F-16F7-4668-BE54-9A1E7A4F7556}") = "AutoCSer.DeployConfig", "TestCase\AutoCSer\DeployConfig\AutoCSer.DeployConfig.csproj", "{5473A461-807B-4DFF-9257-85DCF585433A}"
EndProject
Project("{9A19103F-16F7-4668-BE54-9A1E7A4F7556}") = "AutoCSer.DeployService", "TestCase\AutoCSer\DeployService\AutoCSer.DeployService.csproj", "{BF83289D-3BD4-4012-A750-F47C1663D2FE}"
EndProject
Project("{9A19103F-16F7-4668-BE54-9A1E7A4F7556}") = "AutoCSer.DeployServer", "TestCase\AutoCSer\DeployServer\AutoCSer.DeployServer.csproj", "{5FF975B8-B7EB-41CB-886D-ADFBE7286C0D}"
EndProject
Project("{9A19103F-16F7-4668-BE54-9A1E7A4F7556}") = "AutoCSer.FieldEquals.NetStandard2.1", "AutoCSer\FieldEquals\AutoCSer.FieldEquals.NetStandard2.1.csproj", "{AC8C4880-AE34-4279-8DC0-38FF73869A36}"
EndProject
Project("{9A19103F-16F7-4668-BE54-9A1E7A4F7556}") = "AutoCSer.RandomObject.NetStandard2.1", "AutoCSer\RandomObject\AutoCSer.RandomObject.NetStandard2.1.csproj", "{CB2C0B1E-BEBC-4593-974A-D01C2C1E045C}"
EndProject
Project("{9A19103F-16F7-4668-BE54-9A1E7A4F7556}") = "AutoCSer.TestCase.Common.NetStandard2.1", "TestCase\Common\AutoCSer.TestCase.Common.NetStandard2.1.csproj", "{0A1820DC-948B-4480-BE36-1471318EF601}"
EndProject
Project("{9A19103F-16F7-4668-BE54-9A1E7A4F7556}") = "AutoCSer.TestCase.StreamPersistenceMemoryDatabaseLocalService.NetStandard", "TestCase\StreamPersistenceMemoryDatabase\LocalService\AutoCSer.TestCase.StreamPersistenceMemoryDatabaseLocalService.NetStandard.csproj", "{A4AA8EDE-111A-4881-B33E-A6A13908B3E4}"
EndProject
Global
	GlobalSection(SolutionConfigurationPlatforms) = preSolution
		Debug|Any CPU = Debug|Any CPU
		Release|Any CPU = Release|Any CPU
	EndGlobalSection
	GlobalSection(ProjectConfigurationPlatforms) = postSolution
		{D7CD22CA-47C6-4B4B-868E-A3E465B500B4}.Debug|Any CPU.ActiveCfg = Debug|Any CPU
		{D7CD22CA-47C6-4B4B-868E-A3E465B500B4}.Debug|Any CPU.Build.0 = Debug|Any CPU
		{D7CD22CA-47C6-4B4B-868E-A3E465B500B4}.Release|Any CPU.ActiveCfg = Release|Any CPU
		{D7CD22CA-47C6-4B4B-868E-A3E465B500B4}.Release|Any CPU.Build.0 = Release|Any CPU
		{80C7F338-1F14-48A6-B05F-678E6218EE6B}.Debug|Any CPU.ActiveCfg = Debug|Any CPU
		{80C7F338-1F14-48A6-B05F-678E6218EE6B}.Debug|Any CPU.Build.0 = Debug|Any CPU
		{80C7F338-1F14-48A6-B05F-678E6218EE6B}.Release|Any CPU.ActiveCfg = Release|Any CPU
		{80C7F338-1F14-48A6-B05F-678E6218EE6B}.Release|Any CPU.Build.0 = Release|Any CPU
		{22073251-5138-40A8-AFAC-947C34A104F2}.Debug|Any CPU.ActiveCfg = Debug|Any CPU
		{22073251-5138-40A8-AFAC-947C34A104F2}.Debug|Any CPU.Build.0 = Debug|Any CPU
		{22073251-5138-40A8-AFAC-947C34A104F2}.Release|Any CPU.ActiveCfg = Release|Any CPU
		{22073251-5138-40A8-AFAC-947C34A104F2}.Release|Any CPU.Build.0 = Release|Any CPU
		{B7158D1C-2C4D-4865-8FC5-BE5518FE3F90}.Debug|Any CPU.ActiveCfg = Debug|Any CPU
		{B7158D1C-2C4D-4865-8FC5-BE5518FE3F90}.Debug|Any CPU.Build.0 = Debug|Any CPU
		{B7158D1C-2C4D-4865-8FC5-BE5518FE3F90}.Release|Any CPU.ActiveCfg = Release|Any CPU
		{B7158D1C-2C4D-4865-8FC5-BE5518FE3F90}.Release|Any CPU.Build.0 = Release|Any CPU
		{524825D5-156F-4D88-B983-0D7812695295}.Debug|Any CPU.ActiveCfg = Debug|Any CPU
		{524825D5-156F-4D88-B983-0D7812695295}.Debug|Any CPU.Build.0 = Debug|Any CPU
		{524825D5-156F-4D88-B983-0D7812695295}.Release|Any CPU.ActiveCfg = Release|Any CPU
		{524825D5-156F-4D88-B983-0D7812695295}.Release|Any CPU.Build.0 = Release|Any CPU
		{F181FC87-2E3C-4493-BDA5-2B47EC629E29}.Debug|Any CPU.ActiveCfg = Debug|Any CPU
		{F181FC87-2E3C-4493-BDA5-2B47EC629E29}.Debug|Any CPU.Build.0 = Debug|Any CPU
		{F181FC87-2E3C-4493-BDA5-2B47EC629E29}.Release|Any CPU.ActiveCfg = Release|Any CPU
		{F181FC87-2E3C-4493-BDA5-2B47EC629E29}.Release|Any CPU.Build.0 = Release|Any CPU
		{B9FEF2DB-21E0-4B3B-8DEB-469A84552D2F}.Debug|Any CPU.ActiveCfg = Debug|Any CPU
		{B9FEF2DB-21E0-4B3B-8DEB-469A84552D2F}.Debug|Any CPU.Build.0 = Debug|Any CPU
		{B9FEF2DB-21E0-4B3B-8DEB-469A84552D2F}.Release|Any CPU.ActiveCfg = Release|Any CPU
		{B9FEF2DB-21E0-4B3B-8DEB-469A84552D2F}.Release|Any CPU.Build.0 = Release|Any CPU
		{08F689E0-80BD-4B8B-96E9-868455045656}.Debug|Any CPU.ActiveCfg = Debug|Any CPU
		{08F689E0-80BD-4B8B-96E9-868455045656}.Debug|Any CPU.Build.0 = Debug|Any CPU
		{08F689E0-80BD-4B8B-96E9-868455045656}.Release|Any CPU.ActiveCfg = Release|Any CPU
		{08F689E0-80BD-4B8B-96E9-868455045656}.Release|Any CPU.Build.0 = Release|Any CPU
		{2A1061B4-696D-4227-850E-587529508FEE}.Debug|Any CPU.ActiveCfg = Debug|Any CPU
		{2A1061B4-696D-4227-850E-587529508FEE}.Debug|Any CPU.Build.0 = Debug|Any CPU
		{2A1061B4-696D-4227-850E-587529508FEE}.Release|Any CPU.ActiveCfg = Release|Any CPU
		{2A1061B4-696D-4227-850E-587529508FEE}.Release|Any CPU.Build.0 = Release|Any CPU
		{B9C7F0E1-5BAE-499E-A7D9-5DC2F19A993F}.Debug|Any CPU.ActiveCfg = Debug|Any CPU
		{B9C7F0E1-5BAE-499E-A7D9-5DC2F19A993F}.Debug|Any CPU.Build.0 = Debug|Any CPU
		{B9C7F0E1-5BAE-499E-A7D9-5DC2F19A993F}.Release|Any CPU.ActiveCfg = Release|Any CPU
		{B9C7F0E1-5BAE-499E-A7D9-5DC2F19A993F}.Release|Any CPU.Build.0 = Release|Any CPU
		{3432C0F2-AA90-4714-8DB1-85CAAD97088F}.Debug|Any CPU.ActiveCfg = Debug|Any CPU
		{3432C0F2-AA90-4714-8DB1-85CAAD97088F}.Debug|Any CPU.Build.0 = Debug|Any CPU
		{3432C0F2-AA90-4714-8DB1-85CAAD97088F}.Release|Any CPU.ActiveCfg = Release|Any CPU
		{3432C0F2-AA90-4714-8DB1-85CAAD97088F}.Release|Any CPU.Build.0 = Release|Any CPU
		{CF83CADE-31B0-404E-A1B8-19BEC19316F8}.Debug|Any CPU.ActiveCfg = Debug|Any CPU
		{CF83CADE-31B0-404E-A1B8-19BEC19316F8}.Debug|Any CPU.Build.0 = Debug|Any CPU
		{CF83CADE-31B0-404E-A1B8-19BEC19316F8}.Release|Any CPU.ActiveCfg = Release|Any CPU
		{CF83CADE-31B0-404E-A1B8-19BEC19316F8}.Release|Any CPU.Build.0 = Release|Any CPU
		{940F659D-0244-4CE3-8248-0E6868013620}.Debug|Any CPU.ActiveCfg = Debug|Any CPU
		{940F659D-0244-4CE3-8248-0E6868013620}.Debug|Any CPU.Build.0 = Debug|Any CPU
		{940F659D-0244-4CE3-8248-0E6868013620}.Release|Any CPU.ActiveCfg = Release|Any CPU
		{940F659D-0244-4CE3-8248-0E6868013620}.Release|Any CPU.Build.0 = Release|Any CPU
		{ED0293F2-7EB9-4F66-B239-CDDD5CD7FA45}.Debug|Any CPU.ActiveCfg = Debug|Any CPU
		{ED0293F2-7EB9-4F66-B239-CDDD5CD7FA45}.Debug|Any CPU.Build.0 = Debug|Any CPU
		{ED0293F2-7EB9-4F66-B239-CDDD5CD7FA45}.Release|Any CPU.ActiveCfg = Release|Any CPU
		{ED0293F2-7EB9-4F66-B239-CDDD5CD7FA45}.Release|Any CPU.Build.0 = Release|Any CPU
		{25CA747A-7845-460C-8ACE-E0E2FC082537}.Debug|Any CPU.ActiveCfg = Debug|Any CPU
		{25CA747A-7845-460C-8ACE-E0E2FC082537}.Debug|Any CPU.Build.0 = Debug|Any CPU
		{25CA747A-7845-460C-8ACE-E0E2FC082537}.Release|Any CPU.ActiveCfg = Release|Any CPU
		{25CA747A-7845-460C-8ACE-E0E2FC082537}.Release|Any CPU.Build.0 = Release|Any CPU
		{49AEB3D3-738B-45E6-80C2-1B33AE6EF827}.Debug|Any CPU.ActiveCfg = Debug|Any CPU
		{49AEB3D3-738B-45E6-80C2-1B33AE6EF827}.Debug|Any CPU.Build.0 = Debug|Any CPU
		{49AEB3D3-738B-45E6-80C2-1B33AE6EF827}.Release|Any CPU.ActiveCfg = Release|Any CPU
		{49AEB3D3-738B-45E6-80C2-1B33AE6EF827}.Release|Any CPU.Build.0 = Release|Any CPU
		{3DCB4DDC-8892-4E0E-8689-5BEDA4AB51E8}.Debug|Any CPU.ActiveCfg = Debug|Any CPU
		{3DCB4DDC-8892-4E0E-8689-5BEDA4AB51E8}.Debug|Any CPU.Build.0 = Debug|Any CPU
		{3DCB4DDC-8892-4E0E-8689-5BEDA4AB51E8}.Release|Any CPU.ActiveCfg = Release|Any CPU
		{3DCB4DDC-8892-4E0E-8689-5BEDA4AB51E8}.Release|Any CPU.Build.0 = Release|Any CPU
		{56397720-E0AD-4A14-ACDE-FC45F8137DF0}.Debug|Any CPU.ActiveCfg = Debug|Any CPU
		{56397720-E0AD-4A14-ACDE-FC45F8137DF0}.Debug|Any CPU.Build.0 = Debug|Any CPU
		{56397720-E0AD-4A14-ACDE-FC45F8137DF0}.Release|Any CPU.ActiveCfg = Release|Any CPU
		{56397720-E0AD-4A14-ACDE-FC45F8137DF0}.Release|Any CPU.Build.0 = Release|Any CPU
		{CF938EFE-1682-453F-81AF-71F61ADF5DAB}.Debug|Any CPU.ActiveCfg = Debug|Any CPU
		{CF938EFE-1682-453F-81AF-71F61ADF5DAB}.Debug|Any CPU.Build.0 = Debug|Any CPU
		{CF938EFE-1682-453F-81AF-71F61ADF5DAB}.Release|Any CPU.ActiveCfg = Release|Any CPU
		{CF938EFE-1682-453F-81AF-71F61ADF5DAB}.Release|Any CPU.Build.0 = Release|Any CPU
		{2364DD10-5765-4BFF-90ED-FDAF3C9B3B26}.Debug|Any CPU.ActiveCfg = Debug|Any CPU
		{2364DD10-5765-4BFF-90ED-FDAF3C9B3B26}.Debug|Any CPU.Build.0 = Debug|Any CPU
		{2364DD10-5765-4BFF-90ED-FDAF3C9B3B26}.Release|Any CPU.ActiveCfg = Release|Any CPU
		{2364DD10-5765-4BFF-90ED-FDAF3C9B3B26}.Release|Any CPU.Build.0 = Release|Any CPU
		{EAD966F0-9025-4BA9-B764-B364D00E5938}.Debug|Any CPU.ActiveCfg = Debug|Any CPU
		{EAD966F0-9025-4BA9-B764-B364D00E5938}.Debug|Any CPU.Build.0 = Debug|Any CPU
		{EAD966F0-9025-4BA9-B764-B364D00E5938}.Release|Any CPU.ActiveCfg = Release|Any CPU
		{EAD966F0-9025-4BA9-B764-B364D00E5938}.Release|Any CPU.Build.0 = Release|Any CPU
		{1B655B7D-0B20-47D6-8A03-44537791537F}.Debug|Any CPU.ActiveCfg = Debug|Any CPU
		{1B655B7D-0B20-47D6-8A03-44537791537F}.Debug|Any CPU.Build.0 = Debug|Any CPU
		{1B655B7D-0B20-47D6-8A03-44537791537F}.Release|Any CPU.ActiveCfg = Release|Any CPU
		{1B655B7D-0B20-47D6-8A03-44537791537F}.Release|Any CPU.Build.0 = Release|Any CPU
		{C4A4F800-7C4C-4CED-ACFD-E93DDFF293AA}.Debug|Any CPU.ActiveCfg = Debug|Any CPU
		{C4A4F800-7C4C-4CED-ACFD-E93DDFF293AA}.Debug|Any CPU.Build.0 = Debug|Any CPU
		{C4A4F800-7C4C-4CED-ACFD-E93DDFF293AA}.Release|Any CPU.ActiveCfg = Release|Any CPU
		{C4A4F800-7C4C-4CED-ACFD-E93DDFF293AA}.Release|Any CPU.Build.0 = Release|Any CPU
		{DC738939-5F62-46D3-B221-CCA775A07CE0}.Debug|Any CPU.ActiveCfg = Debug|Any CPU
		{DC738939-5F62-46D3-B221-CCA775A07CE0}.Debug|Any CPU.Build.0 = Debug|Any CPU
		{DC738939-5F62-46D3-B221-CCA775A07CE0}.Release|Any CPU.ActiveCfg = Release|Any CPU
		{DC738939-5F62-46D3-B221-CCA775A07CE0}.Release|Any CPU.Build.0 = Release|Any CPU
		{CCEEE640-8096-4C8C-8F08-2C724D025820}.Debug|Any CPU.ActiveCfg = Debug|Any CPU
		{CCEEE640-8096-4C8C-8F08-2C724D025820}.Debug|Any CPU.Build.0 = Debug|Any CPU
		{CCEEE640-8096-4C8C-8F08-2C724D025820}.Release|Any CPU.ActiveCfg = Release|Any CPU
		{CCEEE640-8096-4C8C-8F08-2C724D025820}.Release|Any CPU.Build.0 = Release|Any CPU
		{719083AF-7D6A-41B5-9188-87347ADCF053}.Debug|Any CPU.ActiveCfg = Debug|Any CPU
		{719083AF-7D6A-41B5-9188-87347ADCF053}.Debug|Any CPU.Build.0 = Debug|Any CPU
		{719083AF-7D6A-41B5-9188-87347ADCF053}.Release|Any CPU.ActiveCfg = Release|Any CPU
		{719083AF-7D6A-41B5-9188-87347ADCF053}.Release|Any CPU.Build.0 = Release|Any CPU
		{8F15B443-4233-48B0-A6AD-79DBC1F489E5}.Debug|Any CPU.ActiveCfg = Debug|Any CPU
		{8F15B443-4233-48B0-A6AD-79DBC1F489E5}.Debug|Any CPU.Build.0 = Debug|Any CPU
		{8F15B443-4233-48B0-A6AD-79DBC1F489E5}.Release|Any CPU.ActiveCfg = Release|Any CPU
		{8F15B443-4233-48B0-A6AD-79DBC1F489E5}.Release|Any CPU.Build.0 = Release|Any CPU
		{DCE5D94A-C6FB-46D0-AFE8-E64B7B0393F2}.Debug|Any CPU.ActiveCfg = Debug|Any CPU
		{DCE5D94A-C6FB-46D0-AFE8-E64B7B0393F2}.Debug|Any CPU.Build.0 = Debug|Any CPU
		{DCE5D94A-C6FB-46D0-AFE8-E64B7B0393F2}.Release|Any CPU.ActiveCfg = Release|Any CPU
		{DCE5D94A-C6FB-46D0-AFE8-E64B7B0393F2}.Release|Any CPU.Build.0 = Release|Any CPU
		{1B953AD7-BA12-4FB0-91D6-1F4B519AE2FE}.Debug|Any CPU.ActiveCfg = Debug|Any CPU
		{1B953AD7-BA12-4FB0-91D6-1F4B519AE2FE}.Debug|Any CPU.Build.0 = Debug|Any CPU
		{1B953AD7-BA12-4FB0-91D6-1F4B519AE2FE}.Release|Any CPU.ActiveCfg = Release|Any CPU
		{1B953AD7-BA12-4FB0-91D6-1F4B519AE2FE}.Release|Any CPU.Build.0 = Release|Any CPU
		{4F7A1953-3412-492E-98EA-D84BF5FE95BC}.Debug|Any CPU.ActiveCfg = Debug|Any CPU
		{4F7A1953-3412-492E-98EA-D84BF5FE95BC}.Debug|Any CPU.Build.0 = Debug|Any CPU
		{4F7A1953-3412-492E-98EA-D84BF5FE95BC}.Release|Any CPU.ActiveCfg = Release|Any CPU
		{4F7A1953-3412-492E-98EA-D84BF5FE95BC}.Release|Any CPU.Build.0 = Release|Any CPU
		{CB91C758-09B6-4FBE-AC8E-239811C2AEE2}.Debug|Any CPU.ActiveCfg = Debug|Any CPU
		{CB91C758-09B6-4FBE-AC8E-239811C2AEE2}.Debug|Any CPU.Build.0 = Debug|Any CPU
		{CB91C758-09B6-4FBE-AC8E-239811C2AEE2}.Release|Any CPU.ActiveCfg = Release|Any CPU
		{CB91C758-09B6-4FBE-AC8E-239811C2AEE2}.Release|Any CPU.Build.0 = Release|Any CPU
		{15F5D218-9C6A-47D4-96D5-3C410C2DEB56}.Debug|Any CPU.ActiveCfg = Debug|Any CPU
		{15F5D218-9C6A-47D4-96D5-3C410C2DEB56}.Debug|Any CPU.Build.0 = Debug|Any CPU
		{15F5D218-9C6A-47D4-96D5-3C410C2DEB56}.Release|Any CPU.ActiveCfg = Release|Any CPU
		{15F5D218-9C6A-47D4-96D5-3C410C2DEB56}.Release|Any CPU.Build.0 = Release|Any CPU
		{79103DB3-0F8F-42E0-9E73-FF0176738742}.Debug|Any CPU.ActiveCfg = Debug|Any CPU
		{79103DB3-0F8F-42E0-9E73-FF0176738742}.Debug|Any CPU.Build.0 = Debug|Any CPU
		{79103DB3-0F8F-42E0-9E73-FF0176738742}.Release|Any CPU.ActiveCfg = Release|Any CPU
		{79103DB3-0F8F-42E0-9E73-FF0176738742}.Release|Any CPU.Build.0 = Release|Any CPU
		{5E4D67EE-1382-4541-9714-B5341F255090}.Debug|Any CPU.ActiveCfg = Debug|Any CPU
		{5E4D67EE-1382-4541-9714-B5341F255090}.Debug|Any CPU.Build.0 = Debug|Any CPU
		{5E4D67EE-1382-4541-9714-B5341F255090}.Release|Any CPU.ActiveCfg = Release|Any CPU
		{5E4D67EE-1382-4541-9714-B5341F255090}.Release|Any CPU.Build.0 = Release|Any CPU
		{A1DC82CF-A49D-41B4-953E-F3FB47CBB357}.Debug|Any CPU.ActiveCfg = Debug|Any CPU
		{A1DC82CF-A49D-41B4-953E-F3FB47CBB357}.Debug|Any CPU.Build.0 = Debug|Any CPU
		{A1DC82CF-A49D-41B4-953E-F3FB47CBB357}.Release|Any CPU.ActiveCfg = Release|Any CPU
		{A1DC82CF-A49D-41B4-953E-F3FB47CBB357}.Release|Any CPU.Build.0 = Release|Any CPU
		{1C332D9E-DB59-4B01-BEC4-C976AC57E6FA}.Debug|Any CPU.ActiveCfg = Debug|Any CPU
		{1C332D9E-DB59-4B01-BEC4-C976AC57E6FA}.Debug|Any CPU.Build.0 = Debug|Any CPU
		{1C332D9E-DB59-4B01-BEC4-C976AC57E6FA}.Release|Any CPU.ActiveCfg = Release|Any CPU
		{1C332D9E-DB59-4B01-BEC4-C976AC57E6FA}.Release|Any CPU.Build.0 = Release|Any CPU
		{A55C84BD-134F-4315-B83F-4E96510AB79A}.Debug|Any CPU.ActiveCfg = Debug|Any CPU
		{A55C84BD-134F-4315-B83F-4E96510AB79A}.Debug|Any CPU.Build.0 = Debug|Any CPU
		{A55C84BD-134F-4315-B83F-4E96510AB79A}.Release|Any CPU.ActiveCfg = Release|Any CPU
		{A55C84BD-134F-4315-B83F-4E96510AB79A}.Release|Any CPU.Build.0 = Release|Any CPU
		{EA7C663E-C482-424A-87E3-E70C94942EAD}.Debug|Any CPU.ActiveCfg = Debug|Any CPU
		{EA7C663E-C482-424A-87E3-E70C94942EAD}.Debug|Any CPU.Build.0 = Debug|Any CPU
		{EA7C663E-C482-424A-87E3-E70C94942EAD}.Release|Any CPU.ActiveCfg = Release|Any CPU
		{EA7C663E-C482-424A-87E3-E70C94942EAD}.Release|Any CPU.Build.0 = Release|Any CPU
		{14DE9DCB-2244-4C52-A12B-33F03AF11E4E}.Debug|Any CPU.ActiveCfg = Debug|Any CPU
		{14DE9DCB-2244-4C52-A12B-33F03AF11E4E}.Debug|Any CPU.Build.0 = Debug|Any CPU
		{14DE9DCB-2244-4C52-A12B-33F03AF11E4E}.Release|Any CPU.ActiveCfg = Release|Any CPU
		{14DE9DCB-2244-4C52-A12B-33F03AF11E4E}.Release|Any CPU.Build.0 = Release|Any CPU
		{542EF016-0E41-4A50-BDDD-B15B8DE70166}.Debug|Any CPU.ActiveCfg = Debug|Any CPU
		{542EF016-0E41-4A50-BDDD-B15B8DE70166}.Debug|Any CPU.Build.0 = Debug|Any CPU
		{542EF016-0E41-4A50-BDDD-B15B8DE70166}.Release|Any CPU.ActiveCfg = Release|Any CPU
		{542EF016-0E41-4A50-BDDD-B15B8DE70166}.Release|Any CPU.Build.0 = Release|Any CPU
		{DA898F10-90F1-4F70-A6F0-8A0FC043AB93}.Debug|Any CPU.ActiveCfg = Debug|Any CPU
		{DA898F10-90F1-4F70-A6F0-8A0FC043AB93}.Debug|Any CPU.Build.0 = Debug|Any CPU
		{DA898F10-90F1-4F70-A6F0-8A0FC043AB93}.Release|Any CPU.ActiveCfg = Release|Any CPU
		{DA898F10-90F1-4F70-A6F0-8A0FC043AB93}.Release|Any CPU.Build.0 = Release|Any CPU
		{E970BD8B-0E3B-4212-8C39-47184327AC9B}.Debug|Any CPU.ActiveCfg = Debug|Any CPU
		{E970BD8B-0E3B-4212-8C39-47184327AC9B}.Debug|Any CPU.Build.0 = Debug|Any CPU
		{E970BD8B-0E3B-4212-8C39-47184327AC9B}.Release|Any CPU.ActiveCfg = Release|Any CPU
		{E970BD8B-0E3B-4212-8C39-47184327AC9B}.Release|Any CPU.Build.0 = Release|Any CPU
		{288664A1-7E75-49EC-B44F-B54558D2F6E2}.Debug|Any CPU.ActiveCfg = Debug|Any CPU
		{288664A1-7E75-49EC-B44F-B54558D2F6E2}.Debug|Any CPU.Build.0 = Debug|Any CPU
		{288664A1-7E75-49EC-B44F-B54558D2F6E2}.Release|Any CPU.ActiveCfg = Release|Any CPU
		{288664A1-7E75-49EC-B44F-B54558D2F6E2}.Release|Any CPU.Build.0 = Release|Any CPU
		{8EB953AF-951A-4AA9-9470-52EFD08F50E9}.Debug|Any CPU.ActiveCfg = Debug|Any CPU
		{8EB953AF-951A-4AA9-9470-52EFD08F50E9}.Debug|Any CPU.Build.0 = Debug|Any CPU
		{8EB953AF-951A-4AA9-9470-52EFD08F50E9}.Release|Any CPU.ActiveCfg = Release|Any CPU
		{8EB953AF-951A-4AA9-9470-52EFD08F50E9}.Release|Any CPU.Build.0 = Release|Any CPU
		{90A1E73A-9439-4C63-AC9F-A479AF451105}.Debug|Any CPU.ActiveCfg = Debug|Any CPU
		{90A1E73A-9439-4C63-AC9F-A479AF451105}.Debug|Any CPU.Build.0 = Debug|Any CPU
		{90A1E73A-9439-4C63-AC9F-A479AF451105}.Release|Any CPU.ActiveCfg = Release|Any CPU
		{90A1E73A-9439-4C63-AC9F-A479AF451105}.Release|Any CPU.Build.0 = Release|Any CPU
		{5714AF06-1043-46AA-87AF-6E08E250AAB9}.Debug|Any CPU.ActiveCfg = Debug|Any CPU
		{5714AF06-1043-46AA-87AF-6E08E250AAB9}.Debug|Any CPU.Build.0 = Debug|Any CPU
		{5714AF06-1043-46AA-87AF-6E08E250AAB9}.Release|Any CPU.ActiveCfg = Release|Any CPU
		{5714AF06-1043-46AA-87AF-6E08E250AAB9}.Release|Any CPU.Build.0 = Release|Any CPU
		{6884F31D-455F-42B7-8F5D-EADC05410F2B}.Debug|Any CPU.ActiveCfg = Debug|Any CPU
		{6884F31D-455F-42B7-8F5D-EADC05410F2B}.Debug|Any CPU.Build.0 = Debug|Any CPU
		{6884F31D-455F-42B7-8F5D-EADC05410F2B}.Release|Any CPU.ActiveCfg = Release|Any CPU
		{6884F31D-455F-42B7-8F5D-EADC05410F2B}.Release|Any CPU.Build.0 = Release|Any CPU
		{BB65F413-5E7D-47E5-8FD2-A1C5D5AC4347}.Debug|Any CPU.ActiveCfg = Debug|Any CPU
		{BB65F413-5E7D-47E5-8FD2-A1C5D5AC4347}.Debug|Any CPU.Build.0 = Debug|Any CPU
		{BB65F413-5E7D-47E5-8FD2-A1C5D5AC4347}.Release|Any CPU.ActiveCfg = Release|Any CPU
		{BB65F413-5E7D-47E5-8FD2-A1C5D5AC4347}.Release|Any CPU.Build.0 = Release|Any CPU
		{31C31DFE-6C6B-415E-A412-CA0A2E4FC33B}.Debug|Any CPU.ActiveCfg = Debug|Any CPU
		{31C31DFE-6C6B-415E-A412-CA0A2E4FC33B}.Debug|Any CPU.Build.0 = Debug|Any CPU
		{31C31DFE-6C6B-415E-A412-CA0A2E4FC33B}.Release|Any CPU.ActiveCfg = Release|Any CPU
		{31C31DFE-6C6B-415E-A412-CA0A2E4FC33B}.Release|Any CPU.Build.0 = Release|Any CPU
		{35311018-48A3-4BF0-A870-3F677A320618}.Debug|Any CPU.ActiveCfg = Debug|Any CPU
		{35311018-48A3-4BF0-A870-3F677A320618}.Debug|Any CPU.Build.0 = Debug|Any CPU
		{35311018-48A3-4BF0-A870-3F677A320618}.Release|Any CPU.ActiveCfg = Release|Any CPU
		{35311018-48A3-4BF0-A870-3F677A320618}.Release|Any CPU.Build.0 = Release|Any CPU
		{97B30918-FF93-40C4-84BC-20439149B0EF}.Debug|Any CPU.ActiveCfg = Debug|Any CPU
		{97B30918-FF93-40C4-84BC-20439149B0EF}.Debug|Any CPU.Build.0 = Debug|Any CPU
		{97B30918-FF93-40C4-84BC-20439149B0EF}.Release|Any CPU.ActiveCfg = Release|Any CPU
		{97B30918-FF93-40C4-84BC-20439149B0EF}.Release|Any CPU.Build.0 = Release|Any CPU
		{5473A461-807B-4DFF-9257-85DCF585433A}.Debug|Any CPU.ActiveCfg = Debug|Any CPU
		{5473A461-807B-4DFF-9257-85DCF585433A}.Debug|Any CPU.Build.0 = Debug|Any CPU
		{5473A461-807B-4DFF-9257-85DCF585433A}.Release|Any CPU.ActiveCfg = Release|Any CPU
		{5473A461-807B-4DFF-9257-85DCF585433A}.Release|Any CPU.Build.0 = Release|Any CPU
		{BF83289D-3BD4-4012-A750-F47C1663D2FE}.Debug|Any CPU.ActiveCfg = Debug|Any CPU
		{BF83289D-3BD4-4012-A750-F47C1663D2FE}.Debug|Any CPU.Build.0 = Debug|Any CPU
		{BF83289D-3BD4-4012-A750-F47C1663D2FE}.Release|Any CPU.ActiveCfg = Release|Any CPU
		{BF83289D-3BD4-4012-A750-F47C1663D2FE}.Release|Any CPU.Build.0 = Release|Any CPU
		{5FF975B8-B7EB-41CB-886D-ADFBE7286C0D}.Debug|Any CPU.ActiveCfg = Debug|Any CPU
		{5FF975B8-B7EB-41CB-886D-ADFBE7286C0D}.Debug|Any CPU.Build.0 = Debug|Any CPU
		{5FF975B8-B7EB-41CB-886D-ADFBE7286C0D}.Release|Any CPU.ActiveCfg = Release|Any CPU
		{5FF975B8-B7EB-41CB-886D-ADFBE7286C0D}.Release|Any CPU.Build.0 = Release|Any CPU
		{AC8C4880-AE34-4279-8DC0-38FF73869A36}.Debug|Any CPU.ActiveCfg = Debug|Any CPU
		{AC8C4880-AE34-4279-8DC0-38FF73869A36}.Debug|Any CPU.Build.0 = Debug|Any CPU
		{AC8C4880-AE34-4279-8DC0-38FF73869A36}.Release|Any CPU.ActiveCfg = Release|Any CPU
		{AC8C4880-AE34-4279-8DC0-38FF73869A36}.Release|Any CPU.Build.0 = Release|Any CPU
		{CB2C0B1E-BEBC-4593-974A-D01C2C1E045C}.Debug|Any CPU.ActiveCfg = Debug|Any CPU
		{CB2C0B1E-BEBC-4593-974A-D01C2C1E045C}.Debug|Any CPU.Build.0 = Debug|Any CPU
		{CB2C0B1E-BEBC-4593-974A-D01C2C1E045C}.Release|Any CPU.ActiveCfg = Release|Any CPU
		{CB2C0B1E-BEBC-4593-974A-D01C2C1E045C}.Release|Any CPU.Build.0 = Release|Any CPU
		{0A1820DC-948B-4480-BE36-1471318EF601}.Debug|Any CPU.ActiveCfg = Debug|Any CPU
		{0A1820DC-948B-4480-BE36-1471318EF601}.Debug|Any CPU.Build.0 = Debug|Any CPU
		{0A1820DC-948B-4480-BE36-1471318EF601}.Release|Any CPU.ActiveCfg = Release|Any CPU
		{0A1820DC-948B-4480-BE36-1471318EF601}.Release|Any CPU.Build.0 = Release|Any CPU
		{A4AA8EDE-111A-4881-B33E-A6A13908B3E4}.Debug|Any CPU.ActiveCfg = Debug|Any CPU
		{A4AA8EDE-111A-4881-B33E-A6A13908B3E4}.Debug|Any CPU.Build.0 = Debug|Any CPU
		{A4AA8EDE-111A-4881-B33E-A6A13908B3E4}.Release|Any CPU.ActiveCfg = Release|Any CPU
		{A4AA8EDE-111A-4881-B33E-A6A13908B3E4}.Release|Any CPU.Build.0 = Release|Any CPU
	EndGlobalSection
	GlobalSection(SolutionProperties) = preSolution
		HideSolutionNode = FALSE
	EndGlobalSection
	GlobalSection(NestedProjects) = preSolution
		{D7CD22CA-47C6-4B4B-868E-A3E465B500B4} = {2DED9358-90ED-4076-B844-FE2A64162C51}
		{80C7F338-1F14-48A6-B05F-678E6218EE6B} = {2DED9358-90ED-4076-B844-FE2A64162C51}
		{22073251-5138-40A8-AFAC-947C34A104F2} = {2DED9358-90ED-4076-B844-FE2A64162C51}
		{B7158D1C-2C4D-4865-8FC5-BE5518FE3F90} = {2DED9358-90ED-4076-B844-FE2A64162C51}
		{D959554E-E027-467E-BD1E-D67FED62DCA3} = {EFAEE2B6-47FE-4687-AAE7-10C927249CC3}
		{58345396-676A-4C08-989E-728B866E54E9} = {D959554E-E027-467E-BD1E-D67FED62DCA3}
		{524825D5-156F-4D88-B983-0D7812695295} = {58345396-676A-4C08-989E-728B866E54E9}
		{F181FC87-2E3C-4493-BDA5-2B47EC629E29} = {58345396-676A-4C08-989E-728B866E54E9}
		{B9FEF2DB-21E0-4B3B-8DEB-469A84552D2F} = {58345396-676A-4C08-989E-728B866E54E9}
		{9AB60571-45FC-4718-AEDB-538A3CF81693} = {EFAEE2B6-47FE-4687-AAE7-10C927249CC3}
		{08F689E0-80BD-4B8B-96E9-868455045656} = {0221975A-9B6C-4EBB-8451-05DE52D74C9C}
		{0221975A-9B6C-4EBB-8451-05DE52D74C9C} = {9AB60571-45FC-4718-AEDB-538A3CF81693}
		{2A1061B4-696D-4227-850E-587529508FEE} = {0221975A-9B6C-4EBB-8451-05DE52D74C9C}
		{28237FFE-2BD3-4299-B1B2-D790AF3AEDF0} = {EFAEE2B6-47FE-4687-AAE7-10C927249CC3}
		{5B7C24E8-9465-4DDD-8825-43CD426FC060} = {28237FFE-2BD3-4299-B1B2-D790AF3AEDF0}
		{B9C7F0E1-5BAE-499E-A7D9-5DC2F19A993F} = {5B7C24E8-9465-4DDD-8825-43CD426FC060}
		{3432C0F2-AA90-4714-8DB1-85CAAD97088F} = {5B7C24E8-9465-4DDD-8825-43CD426FC060}
		{8E2DAE91-968D-48C0-8495-76C13D781EDA} = {2DED9358-90ED-4076-B844-FE2A64162C51}
		{DC22596A-A449-4EF3-9624-C03110051383} = {EFAEE2B6-47FE-4687-AAE7-10C927249CC3}
		{64BF4F66-97A1-419D-B6D9-4026CEA920EC} = {DC22596A-A449-4EF3-9624-C03110051383}
		{CF83CADE-31B0-404E-A1B8-19BEC19316F8} = {64BF4F66-97A1-419D-B6D9-4026CEA920EC}
		{940F659D-0244-4CE3-8248-0E6868013620} = {64BF4F66-97A1-419D-B6D9-4026CEA920EC}
		{6DB96D59-02D8-4E46-8DCD-A907EC6EF75B} = {EFAEE2B6-47FE-4687-AAE7-10C927249CC3}
		{62FABE0C-85B1-4B54-8536-BB4B16754686} = {6DB96D59-02D8-4E46-8DCD-A907EC6EF75B}
		{ED0293F2-7EB9-4F66-B239-CDDD5CD7FA45} = {62FABE0C-85B1-4B54-8536-BB4B16754686}
		{25CA747A-7845-460C-8ACE-E0E2FC082537} = {62FABE0C-85B1-4B54-8536-BB4B16754686}
		{A357478C-E846-4404-80A9-018BA5094048} = {EFAEE2B6-47FE-4687-AAE7-10C927249CC3}
		{7476361C-9566-4E07-82F6-1FBA1D67D1C0} = {A357478C-E846-4404-80A9-018BA5094048}
		{49AEB3D3-738B-45E6-80C2-1B33AE6EF827} = {7476361C-9566-4E07-82F6-1FBA1D67D1C0}
		{3DCB4DDC-8892-4E0E-8689-5BEDA4AB51E8} = {7476361C-9566-4E07-82F6-1FBA1D67D1C0}
		{56397720-E0AD-4A14-ACDE-FC45F8137DF0} = {7476361C-9566-4E07-82F6-1FBA1D67D1C0}
		{CF938EFE-1682-453F-81AF-71F61ADF5DAB} = {5B7C24E8-9465-4DDD-8825-43CD426FC060}
		{2364DD10-5765-4BFF-90ED-FDAF3C9B3B26} = {68EBF962-1891-40BE-B044-9387C6A03EDE}
		{EAD966F0-9025-4BA9-B764-B364D00E5938} = {5CDD2AC8-81A9-410A-907C-0A3355331B3B}
		{1B655B7D-0B20-47D6-8A03-44537791537F} = {DC22596A-A449-4EF3-9624-C03110051383}
		{C4A4F800-7C4C-4CED-ACFD-E93DDFF293AA} = {D959554E-E027-467E-BD1E-D67FED62DCA3}
		{DC738939-5F62-46D3-B221-CCA775A07CE0} = {A357478C-E846-4404-80A9-018BA5094048}
		{CCEEE640-8096-4C8C-8F08-2C724D025820} = {28237FFE-2BD3-4299-B1B2-D790AF3AEDF0}
		{719083AF-7D6A-41B5-9188-87347ADCF053} = {9AB60571-45FC-4718-AEDB-538A3CF81693}
		{8F15B443-4233-48B0-A6AD-79DBC1F489E5} = {6DB96D59-02D8-4E46-8DCD-A907EC6EF75B}
		{D0BEC7D9-A4E7-4A95-B244-2CBEE2283201} = {EFAEE2B6-47FE-4687-AAE7-10C927249CC3}
		{DCE5D94A-C6FB-46D0-AFE8-E64B7B0393F2} = {D0BEC7D9-A4E7-4A95-B244-2CBEE2283201}
		{DE1E6605-178B-49D5-8A8C-4884A97DAD63} = {EFAEE2B6-47FE-4687-AAE7-10C927249CC3}
		{1B953AD7-BA12-4FB0-91D6-1F4B519AE2FE} = {DE1E6605-178B-49D5-8A8C-4884A97DAD63}
		{CA02ACA5-F343-476D-82AB-362F0B71D0D3} = {DE1E6605-178B-49D5-8A8C-4884A97DAD63}
		{38588842-4B0D-4A73-8CDE-4A30FF40C1F4} = {EFAEE2B6-47FE-4687-AAE7-10C927249CC3}
		{4F7A1953-3412-492E-98EA-D84BF5FE95BC} = {38588842-4B0D-4A73-8CDE-4A30FF40C1F4}
		{C49EAABD-4771-4773-A524-BFC0BD61C8BE} = {38588842-4B0D-4A73-8CDE-4A30FF40C1F4}
		{CB91C758-09B6-4FBE-AC8E-239811C2AEE2} = {CA02ACA5-F343-476D-82AB-362F0B71D0D3}
		{15F5D218-9C6A-47D4-96D5-3C410C2DEB56} = {CA02ACA5-F343-476D-82AB-362F0B71D0D3}
		{79103DB3-0F8F-42E0-9E73-FF0176738742} = {C49EAABD-4771-4773-A524-BFC0BD61C8BE}
		{5E4D67EE-1382-4541-9714-B5341F255090} = {C49EAABD-4771-4773-A524-BFC0BD61C8BE}
		{A6BC7907-1292-4803-888F-277E566DFB18} = {EFAEE2B6-47FE-4687-AAE7-10C927249CC3}
		{A1DC82CF-A49D-41B4-953E-F3FB47CBB357} = {A6BC7907-1292-4803-888F-277E566DFB18}
		{308081BC-1789-4CE1-9905-3BBB3D6DF5AE} = {A6BC7907-1292-4803-888F-277E566DFB18}
		{1C332D9E-DB59-4B01-BEC4-C976AC57E6FA} = {308081BC-1789-4CE1-9905-3BBB3D6DF5AE}
		{A55C84BD-134F-4315-B83F-4E96510AB79A} = {308081BC-1789-4CE1-9905-3BBB3D6DF5AE}
		{EA7C663E-C482-424A-87E3-E70C94942EAD} = {308081BC-1789-4CE1-9905-3BBB3D6DF5AE}
		{14DE9DCB-2244-4C52-A12B-33F03AF11E4E} = {308081BC-1789-4CE1-9905-3BBB3D6DF5AE}
		{542EF016-0E41-4A50-BDDD-B15B8DE70166} = {308081BC-1789-4CE1-9905-3BBB3D6DF5AE}
		{83E04150-92D6-4CB1-B7E5-4EC3A6361787} = {68EBF962-1891-40BE-B044-9387C6A03EDE}
		{DA898F10-90F1-4F70-A6F0-8A0FC043AB93} = {83E04150-92D6-4CB1-B7E5-4EC3A6361787}
		{6F709F72-F05B-4BFD-81E3-0B21247D344C} = {83E04150-92D6-4CB1-B7E5-4EC3A6361787}
		{E970BD8B-0E3B-4212-8C39-47184327AC9B} = {6F709F72-F05B-4BFD-81E3-0B21247D344C}
		{A45610F8-B48E-43B3-935E-98E80432A64B} = {68EBF962-1891-40BE-B044-9387C6A03EDE}
		{288664A1-7E75-49EC-B44F-B54558D2F6E2} = {A45610F8-B48E-43B3-935E-98E80432A64B}
		{A513D95D-5F01-41BA-9625-9B4AA991F56E} = {A45610F8-B48E-43B3-935E-98E80432A64B}
		{8EB953AF-951A-4AA9-9470-52EFD08F50E9} = {A513D95D-5F01-41BA-9625-9B4AA991F56E}
		{C07E55EE-C8AA-4ADB-ACD7-48E30D56C4F9} = {68EBF962-1891-40BE-B044-9387C6A03EDE}
		{90A1E73A-9439-4C63-AC9F-A479AF451105} = {C07E55EE-C8AA-4ADB-ACD7-48E30D56C4F9}
		{C28E5551-6427-4586-9B01-36CB40B58C97} = {C07E55EE-C8AA-4ADB-ACD7-48E30D56C4F9}
		{5714AF06-1043-46AA-87AF-6E08E250AAB9} = {C28E5551-6427-4586-9B01-36CB40B58C97}
		{6884F31D-455F-42B7-8F5D-EADC05410F2B} = {C28E5551-6427-4586-9B01-36CB40B58C97}
		{BB65F413-5E7D-47E5-8FD2-A1C5D5AC4347} = {C28E5551-6427-4586-9B01-36CB40B58C97}
		{82509CAB-59BA-4D1F-A3A7-B61045FAE377} = {68EBF962-1891-40BE-B044-9387C6A03EDE}
		{31C31DFE-6C6B-415E-A412-CA0A2E4FC33B} = {82509CAB-59BA-4D1F-A3A7-B61045FAE377}
		{4E9EE3FE-BD20-4E9B-82A6-CC20EE500D6A} = {82509CAB-59BA-4D1F-A3A7-B61045FAE377}
		{35311018-48A3-4BF0-A870-3F677A320618} = {4E9EE3FE-BD20-4E9B-82A6-CC20EE500D6A}
		{8E798CD6-27D3-4DA5-B07B-6FDA7765E918} = {2DED9358-90ED-4076-B844-FE2A64162C51}
		{66C70D0D-9CEB-425D-8103-6151AE2DB3F1} = {8E798CD6-27D3-4DA5-B07B-6FDA7765E918}
		{5473A461-807B-4DFF-9257-85DCF585433A} = {66C70D0D-9CEB-425D-8103-6151AE2DB3F1}
		{BF83289D-3BD4-4012-A750-F47C1663D2FE} = {66C70D0D-9CEB-425D-8103-6151AE2DB3F1}
		{5FF975B8-B7EB-41CB-886D-ADFBE7286C0D} = {66C70D0D-9CEB-425D-8103-6151AE2DB3F1}
		{AC8C4880-AE34-4279-8DC0-38FF73869A36} = {8E2DAE91-968D-48C0-8495-76C13D781EDA}
		{CB2C0B1E-BEBC-4593-974A-D01C2C1E045C} = {8E2DAE91-968D-48C0-8495-76C13D781EDA}
		{0A1820DC-948B-4480-BE36-1471318EF601} = {2DED9358-90ED-4076-B844-FE2A64162C51}
		{A4AA8EDE-111A-4881-B33E-A6A13908B3E4} = {308081BC-1789-4CE1-9905-3BBB3D6DF5AE}
	EndGlobalSection
	GlobalSection(ExtensibilityGlobals) = postSolution
		SolutionGuid = {420CDCCC-1C76-406B-BBCD-D473EAC1DB95}
	EndGlobalSection
EndGlobal
