
Microsoft Visual Studio Solution File, Format Version 12.00
# Visual Studio 14
VisualStudioVersion = 14.0.25420.1
MinimumVisualStudioVersion = 10.0.40219.1
Project("{FAE04EC0-301F-11D3-BF4B-00C04F79EFBC}") = "AutoCSer.DotNet4.5", "AutoCSer\AutoCSer.DotNet4.5.csproj", "{C941BD13-25AA-4F36-8C3B-873BA299F237}"
EndProject
Project("{2150E333-8FDC-42A3-9474-1A3956D46DE8}") = "ExtensionTools", "ExtensionTools", "{545C1A41-DC07-4804-B289-8E00421FD856}"
EndProject
Project("{FAE04EC0-301F-11D3-BF4B-00C04F79EFBC}") = "AutoCSer.Extensions.DotNet4.5", "AutoCSer\Extensions\AutoCSer.Extensions.DotNet4.5.csproj", "{F62F389D-D5EA-4765-8E78-39A1DD06F731}"
EndProject
Project("{2150E333-8FDC-42A3-9474-1A3956D46DE8}") = "Application", "Application", "{830F2AE5-3CE7-4148-A75D-7140A7310A93}"
EndProject
Project("{FAE04EC0-301F-11D3-BF4B-00C04F79EFBC}") = "AutoCSer.CommandService.TimestampVerify.DotNet4.5", "Application\TimestampVerify\AutoCSer.CommandService.TimestampVerify.DotNet4.5.csproj", "{33A9605F-4EC2-4D7F-9D38-07965C4A9C51}"
EndProject
Project("{FAE04EC0-301F-11D3-BF4B-00C04F79EFBC}") = "AutoCSer.CommandService.ReverseLogCollection.DotNet4.5", "Application\ReverseLogCollection\AutoCSer.CommandService.ReverseLogCollection.DotNet4.5.csproj", "{E48E386F-D7C9-4BCE-AA07-DB7DA75815BF}"
EndProject
Project("{FAE04EC0-301F-11D3-BF4B-00C04F79EFBC}") = "AutoCSer.DeployService.DotNet4.5", "Application\DeployService\AutoCSer.DeployService.DotNet4.5.csproj", "{0BA10872-C540-4B09-9B21-0403F36EEC5D}"
EndProject
Project("{FAE04EC0-301F-11D3-BF4B-00C04F79EFBC}") = "AutoCSer.Drawing.DotNet4.5", "AutoCSer\Drawing\AutoCSer.Drawing.DotNet4.5.csproj", "{4964F513-D6A5-48C8-B416-21C97EBDFC9F}"
EndProject
Project("{FAE04EC0-301F-11D3-BF4B-00C04F79EFBC}") = "AutoCSer.FieldEquals.DotNet4.5", "AutoCSer\FieldEquals\AutoCSer.FieldEquals.DotNet4.5.csproj", "{90FC149A-E986-4E5B-B659-5C94D03474C9}"
EndProject
Project("{FAE04EC0-301F-11D3-BF4B-00C04F79EFBC}") = "AutoCSer.RandomObject.DotNet4.5", "AutoCSer\RandomObject\AutoCSer.RandomObject.DotNet4.5.csproj", "{B48FEE11-9340-4763-B0C6-8963F45FA949}"
EndProject
Project("{FAE04EC0-301F-11D3-BF4B-00C04F79EFBC}") = "AutoCSer.ORM.DotNet4.5", "AutoCSer\ORM\AutoCSer.ORM.DotNet4.5.csproj", "{C37BEE64-BB8B-4D37-949F-20E081358B8B}"
EndProject
Project("{FAE04EC0-301F-11D3-BF4B-00C04F79EFBC}") = "AutoCSer.CommandService.DeployTask.DotNet4.5", "Application\DeployTask\AutoCSer.CommandService.DeployTask.DotNet4.5.csproj", "{4E9C5D69-73C5-41A5-913E-5938B3CB0740}"
EndProject
Project("{FAE04EC0-301F-11D3-BF4B-00C04F79EFBC}") = "AutoCSer.CommandService.DiskBlock.DotNet4.5", "Application\DiskBlock\AutoCSer.CommandService.DiskBlock.DotNet4.5.csproj", "{24955DDD-B17E-486F-A78A-1572A861E873}"
EndProject
Project("{FAE04EC0-301F-11D3-BF4B-00C04F79EFBC}") = "AutoCSer.CommandService.StreamPersistenceMemoryDatabase.DotNet4.5", "Application\StreamPersistenceMemoryDatabase\AutoCSer.CommandService.StreamPersistenceMemoryDatabase.DotNet4.5.csproj", "{16850F6E-850A-46E4-AF12-CF48E9E771B1}"
EndProject
Project("{FAE04EC0-301F-11D3-BF4B-00C04F79EFBC}") = "AutoCSer.CodeGenerator.DotNet4.5", "AutoCSer\CodeGenerator\AutoCSer.CodeGenerator.DotNet4.5.csproj", "{DA8E2D6D-2FD4-41D3-ABA7-7B7137CF6825}"
EndProject
Project("{FAE04EC0-301F-11D3-BF4B-00C04F79EFBC}") = "AutoCSer.TestCase.DotNet4.5", "TestCase\TestCase\AutoCSer.TestCase.DotNet4.5.csproj", "{89EA6BFE-7AEF-4F13-8BAF-2B3EB4C231E7}"
EndProject
Project("{2150E333-8FDC-42A3-9474-1A3956D46DE8}") = "TestCase", "TestCase", "{6890850C-4F69-4721-B3BB-139F02575A79}"
EndProject
Project("{FAE04EC0-301F-11D3-BF4B-00C04F79EFBC}") = "AutoCSer.TestCase.Common.DotNet4.5", "TestCase\Common\AutoCSer.TestCase.Common.DotNet4.5.csproj", "{7BD35F81-1A2B-45BF-BAF6-4AA8184F9121}"
EndProject
Project("{FAE04EC0-301F-11D3-BF4B-00C04F79EFBC}") = "AutoCSer.CommandService.Search.DotNet4.5", "Application\Search\AutoCSer.CommandService.Search.DotNet4.5.csproj", "{174CF338-5A15-4BE6-92DA-18073D0B36DD}"
EndProject
Project("{FAE04EC0-301F-11D3-BF4B-00C04F79EFBC}") = "AutoCSer.CommandService.InterfaceRealTimeCallMonitor.DotNet4.5", "Application\InterfaceRealTimeCallMonitor\AutoCSer.CommandService.InterfaceRealTimeCallMonitor.DotNet4.5.csproj", "{FD845129-6149-4B72-9D5E-DB5054F8CBC1}"
EndProject
Global
	GlobalSection(SolutionConfigurationPlatforms) = preSolution
		Debug|Any CPU = Debug|Any CPU
		Release|Any CPU = Release|Any CPU
	EndGlobalSection
	GlobalSection(ProjectConfigurationPlatforms) = postSolution
		{C941BD13-25AA-4F36-8C3B-873BA299F237}.Debug|Any CPU.ActiveCfg = Debug|Any CPU
		{C941BD13-25AA-4F36-8C3B-873BA299F237}.Debug|Any CPU.Build.0 = Debug|Any CPU
		{C941BD13-25AA-4F36-8C3B-873BA299F237}.Release|Any CPU.ActiveCfg = Release|Any CPU
		{C941BD13-25AA-4F36-8C3B-873BA299F237}.Release|Any CPU.Build.0 = Release|Any CPU
		{F62F389D-D5EA-4765-8E78-39A1DD06F731}.Debug|Any CPU.ActiveCfg = Debug|Any CPU
		{F62F389D-D5EA-4765-8E78-39A1DD06F731}.Debug|Any CPU.Build.0 = Debug|Any CPU
		{F62F389D-D5EA-4765-8E78-39A1DD06F731}.Release|Any CPU.ActiveCfg = Release|Any CPU
		{F62F389D-D5EA-4765-8E78-39A1DD06F731}.Release|Any CPU.Build.0 = Release|Any CPU
		{33A9605F-4EC2-4D7F-9D38-07965C4A9C51}.Debug|Any CPU.ActiveCfg = Debug|Any CPU
		{33A9605F-4EC2-4D7F-9D38-07965C4A9C51}.Debug|Any CPU.Build.0 = Debug|Any CPU
		{33A9605F-4EC2-4D7F-9D38-07965C4A9C51}.Release|Any CPU.ActiveCfg = Release|Any CPU
		{33A9605F-4EC2-4D7F-9D38-07965C4A9C51}.Release|Any CPU.Build.0 = Release|Any CPU
		{E48E386F-D7C9-4BCE-AA07-DB7DA75815BF}.Debug|Any CPU.ActiveCfg = Debug|Any CPU
		{E48E386F-D7C9-4BCE-AA07-DB7DA75815BF}.Debug|Any CPU.Build.0 = Debug|Any CPU
		{E48E386F-D7C9-4BCE-AA07-DB7DA75815BF}.Release|Any CPU.ActiveCfg = Release|Any CPU
		{E48E386F-D7C9-4BCE-AA07-DB7DA75815BF}.Release|Any CPU.Build.0 = Release|Any CPU
		{0BA10872-C540-4B09-9B21-0403F36EEC5D}.Debug|Any CPU.ActiveCfg = Debug|Any CPU
		{0BA10872-C540-4B09-9B21-0403F36EEC5D}.Debug|Any CPU.Build.0 = Debug|Any CPU
		{0BA10872-C540-4B09-9B21-0403F36EEC5D}.Release|Any CPU.ActiveCfg = Release|Any CPU
		{0BA10872-C540-4B09-9B21-0403F36EEC5D}.Release|Any CPU.Build.0 = Release|Any CPU
		{4964F513-D6A5-48C8-B416-21C97EBDFC9F}.Debug|Any CPU.ActiveCfg = Debug|Any CPU
		{4964F513-D6A5-48C8-B416-21C97EBDFC9F}.Debug|Any CPU.Build.0 = Debug|Any CPU
		{4964F513-D6A5-48C8-B416-21C97EBDFC9F}.Release|Any CPU.ActiveCfg = Release|Any CPU
		{4964F513-D6A5-48C8-B416-21C97EBDFC9F}.Release|Any CPU.Build.0 = Release|Any CPU
		{90FC149A-E986-4E5B-B659-5C94D03474C9}.Debug|Any CPU.ActiveCfg = Debug|Any CPU
		{90FC149A-E986-4E5B-B659-5C94D03474C9}.Debug|Any CPU.Build.0 = Debug|Any CPU
		{90FC149A-E986-4E5B-B659-5C94D03474C9}.Release|Any CPU.ActiveCfg = Release|Any CPU
		{90FC149A-E986-4E5B-B659-5C94D03474C9}.Release|Any CPU.Build.0 = Release|Any CPU
		{B48FEE11-9340-4763-B0C6-8963F45FA949}.Debug|Any CPU.ActiveCfg = Debug|Any CPU
		{B48FEE11-9340-4763-B0C6-8963F45FA949}.Debug|Any CPU.Build.0 = Debug|Any CPU
		{B48FEE11-9340-4763-B0C6-8963F45FA949}.Release|Any CPU.ActiveCfg = Release|Any CPU
		{B48FEE11-9340-4763-B0C6-8963F45FA949}.Release|Any CPU.Build.0 = Release|Any CPU
		{C37BEE64-BB8B-4D37-949F-20E081358B8B}.Debug|Any CPU.ActiveCfg = Debug|Any CPU
		{C37BEE64-BB8B-4D37-949F-20E081358B8B}.Debug|Any CPU.Build.0 = Debug|Any CPU
		{C37BEE64-BB8B-4D37-949F-20E081358B8B}.Release|Any CPU.ActiveCfg = Release|Any CPU
		{C37BEE64-BB8B-4D37-949F-20E081358B8B}.Release|Any CPU.Build.0 = Release|Any CPU
		{4E9C5D69-73C5-41A5-913E-5938B3CB0740}.Debug|Any CPU.ActiveCfg = Debug|Any CPU
		{4E9C5D69-73C5-41A5-913E-5938B3CB0740}.Debug|Any CPU.Build.0 = Debug|Any CPU
		{4E9C5D69-73C5-41A5-913E-5938B3CB0740}.Release|Any CPU.ActiveCfg = Release|Any CPU
		{4E9C5D69-73C5-41A5-913E-5938B3CB0740}.Release|Any CPU.Build.0 = Release|Any CPU
		{24955DDD-B17E-486F-A78A-1572A861E873}.Debug|Any CPU.ActiveCfg = Debug|Any CPU
		{24955DDD-B17E-486F-A78A-1572A861E873}.Debug|Any CPU.Build.0 = Debug|Any CPU
		{24955DDD-B17E-486F-A78A-1572A861E873}.Release|Any CPU.ActiveCfg = Release|Any CPU
		{24955DDD-B17E-486F-A78A-1572A861E873}.Release|Any CPU.Build.0 = Release|Any CPU
		{16850F6E-850A-46E4-AF12-CF48E9E771B1}.Debug|Any CPU.ActiveCfg = Debug|Any CPU
		{16850F6E-850A-46E4-AF12-CF48E9E771B1}.Debug|Any CPU.Build.0 = Debug|Any CPU
		{16850F6E-850A-46E4-AF12-CF48E9E771B1}.Release|Any CPU.ActiveCfg = Release|Any CPU
		{16850F6E-850A-46E4-AF12-CF48E9E771B1}.Release|Any CPU.Build.0 = Release|Any CPU
		{DA8E2D6D-2FD4-41D3-ABA7-7B7137CF6825}.Debug|Any CPU.ActiveCfg = Debug|Any CPU
		{DA8E2D6D-2FD4-41D3-ABA7-7B7137CF6825}.Debug|Any CPU.Build.0 = Debug|Any CPU
		{DA8E2D6D-2FD4-41D3-ABA7-7B7137CF6825}.Release|Any CPU.ActiveCfg = Release|Any CPU
		{DA8E2D6D-2FD4-41D3-ABA7-7B7137CF6825}.Release|Any CPU.Build.0 = Release|Any CPU
		{89EA6BFE-7AEF-4F13-8BAF-2B3EB4C231E7}.Debug|Any CPU.ActiveCfg = Debug|Any CPU
		{89EA6BFE-7AEF-4F13-8BAF-2B3EB4C231E7}.Debug|Any CPU.Build.0 = Debug|Any CPU
		{89EA6BFE-7AEF-4F13-8BAF-2B3EB4C231E7}.Release|Any CPU.ActiveCfg = Release|Any CPU
		{89EA6BFE-7AEF-4F13-8BAF-2B3EB4C231E7}.Release|Any CPU.Build.0 = Release|Any CPU
		{7BD35F81-1A2B-45BF-BAF6-4AA8184F9121}.Debug|Any CPU.ActiveCfg = Debug|Any CPU
		{7BD35F81-1A2B-45BF-BAF6-4AA8184F9121}.Debug|Any CPU.Build.0 = Debug|Any CPU
		{7BD35F81-1A2B-45BF-BAF6-4AA8184F9121}.Release|Any CPU.ActiveCfg = Release|Any CPU
		{7BD35F81-1A2B-45BF-BAF6-4AA8184F9121}.Release|Any CPU.Build.0 = Release|Any CPU
		{174CF338-5A15-4BE6-92DA-18073D0B36DD}.Debug|Any CPU.ActiveCfg = Debug|Any CPU
		{174CF338-5A15-4BE6-92DA-18073D0B36DD}.Debug|Any CPU.Build.0 = Debug|Any CPU
		{174CF338-5A15-4BE6-92DA-18073D0B36DD}.Release|Any CPU.ActiveCfg = Release|Any CPU
		{174CF338-5A15-4BE6-92DA-18073D0B36DD}.Release|Any CPU.Build.0 = Release|Any CPU
		{FD845129-6149-4B72-9D5E-DB5054F8CBC1}.Debug|Any CPU.ActiveCfg = Debug|Any CPU
		{FD845129-6149-4B72-9D5E-DB5054F8CBC1}.Debug|Any CPU.Build.0 = Debug|Any CPU
		{FD845129-6149-4B72-9D5E-DB5054F8CBC1}.Release|Any CPU.ActiveCfg = Release|Any CPU
		{FD845129-6149-4B72-9D5E-DB5054F8CBC1}.Release|Any CPU.Build.0 = Release|Any CPU
	EndGlobalSection
	GlobalSection(SolutionProperties) = preSolution
		HideSolutionNode = FALSE
	EndGlobalSection
	GlobalSection(NestedProjects) = preSolution
		{F62F389D-D5EA-4765-8E78-39A1DD06F731} = {545C1A41-DC07-4804-B289-8E00421FD856}
		{33A9605F-4EC2-4D7F-9D38-07965C4A9C51} = {830F2AE5-3CE7-4148-A75D-7140A7310A93}
		{E48E386F-D7C9-4BCE-AA07-DB7DA75815BF} = {830F2AE5-3CE7-4148-A75D-7140A7310A93}
		{0BA10872-C540-4B09-9B21-0403F36EEC5D} = {830F2AE5-3CE7-4148-A75D-7140A7310A93}
		{4964F513-D6A5-48C8-B416-21C97EBDFC9F} = {545C1A41-DC07-4804-B289-8E00421FD856}
		{90FC149A-E986-4E5B-B659-5C94D03474C9} = {545C1A41-DC07-4804-B289-8E00421FD856}
		{B48FEE11-9340-4763-B0C6-8963F45FA949} = {545C1A41-DC07-4804-B289-8E00421FD856}
		{C37BEE64-BB8B-4D37-949F-20E081358B8B} = {545C1A41-DC07-4804-B289-8E00421FD856}
		{4E9C5D69-73C5-41A5-913E-5938B3CB0740} = {830F2AE5-3CE7-4148-A75D-7140A7310A93}
		{24955DDD-B17E-486F-A78A-1572A861E873} = {830F2AE5-3CE7-4148-A75D-7140A7310A93}
		{16850F6E-850A-46E4-AF12-CF48E9E771B1} = {830F2AE5-3CE7-4148-A75D-7140A7310A93}
		{89EA6BFE-7AEF-4F13-8BAF-2B3EB4C231E7} = {6890850C-4F69-4721-B3BB-139F02575A79}
		{7BD35F81-1A2B-45BF-BAF6-4AA8184F9121} = {6890850C-4F69-4721-B3BB-139F02575A79}
		{174CF338-5A15-4BE6-92DA-18073D0B36DD} = {830F2AE5-3CE7-4148-A75D-7140A7310A93}
		{FD845129-6149-4B72-9D5E-DB5054F8CBC1} = {830F2AE5-3CE7-4148-A75D-7140A7310A93}
	EndGlobalSection
EndGlobal
