
Microsoft Visual Studio Solution File, Format Version 12.00
# Visual Studio 15
VisualStudioVersion = 15.0.28307.1231
MinimumVisualStudioVersion = 10.0.40219.1
Project("{9A19103F-16F7-4668-BE54-9A1E7A4F7556}") = "AutoCSer.Extensions.NetStandard", "AutoCSer\Extensions\AutoCSer.Extensions.NetStandard.csproj", "{F0F0ED16-EEAD-4430-8DFD-A29F7B17E135}"
EndProject
Project("{2150E333-8FDC-42A3-9474-1A3956D46DE8}") = "Application", "Application", "{EFAEE2B6-47FE-4687-AAE7-10C927249CC3}"
EndProject
Project("{9A19103F-16F7-4668-BE54-9A1E7A4F7556}") = "AutoCSer.CommandService.ServiceRegistry.NetStandard", "Application\ServiceRegistry\AutoCSer.CommandService.ServiceRegistry.NetStandard.csproj", "{0B4E1A40-79D6-4F52-B22B-F7F6D160E737}"
EndProject
Project("{2150E333-8FDC-42A3-9474-1A3956D46DE8}") = "ExtensionTools", "ExtensionTools", "{68EBF962-1891-40BE-B044-9387C6A03EDE}"
EndProject
Project("{9A19103F-16F7-4668-BE54-9A1E7A4F7556}") = "AutoCSer.CommandService.DistributedLock.NetStandard", "Application\DistributedLock\AutoCSer.CommandService.DistributedLock.NetStandard.csproj", "{7011DE2F-B2FD-4B64-8BFA-125F76192F81}"
EndProject
Project("{9A19103F-16F7-4668-BE54-9A1E7A4F7556}") = "AutoCSer.CommandService.ProcessGuard.NetStandard", "Application\ProcessGuard\AutoCSer.CommandService.ProcessGuard.NetStandard.csproj", "{C2D0E8AF-6EB1-416B-8A76-AFA2EEF85D97}"
EndProject
Project("{2150E333-8FDC-42A3-9474-1A3956D46DE8}") = "Example", "Example", "{5CDD2AC8-81A9-410A-907C-0A3355331B3B}"
EndProject
Project("{9A19103F-16F7-4668-BE54-9A1E7A4F7556}") = "AutoCSer.Example.CommandServer.NetStandard", "Example\CommandServer\AutoCSer.Example.CommandServer.NetStandard.csproj", "{E917546B-847F-4646-AB3B-039281EFD405}"
EndProject
Project("{9A19103F-16F7-4668-BE54-9A1E7A4F7556}") = "AutoCSer.CommandService.TimestampVerify.NetStandard", "Application\TimestampVerify\AutoCSer.CommandService.TimestampVerify.NetStandard.csproj", "{444819F5-4E18-4827-A056-5287F077B0C9}"
EndProject
Project("{9A19103F-16F7-4668-BE54-9A1E7A4F7556}") = "AutoCSer.CommandService.DatabaseBackup.NetStandard", "Application\DatabaseBackup\AutoCSer.CommandService.DatabaseBackup.NetStandard.csproj", "{1BB35934-2F3D-4057-9E5D-84AFDC15D903}"
EndProject
Project("{9A19103F-16F7-4668-BE54-9A1E7A4F7556}") = "AutoCSer.CommandService.ReverseLogCollection.NetStandard", "Application\ReverseLogCollection\AutoCSer.CommandService.ReverseLogCollection.NetStandard.csproj", "{75A4401F-FB06-4E4B-B259-F40416F487A3}"
EndProject
Project("{9A19103F-16F7-4668-BE54-9A1E7A4F7556}") = "AutoCSer.TestCase.Common.NetStandard", "TestCase\Common\AutoCSer.TestCase.Common.NetStandard.csproj", "{0DA2C354-7374-43A1-9723-7AFE3A744FB0}"
EndProject
Global
	GlobalSection(SolutionConfigurationPlatforms) = preSolution
		Debug|Any CPU = Debug|Any CPU
		Release|Any CPU = Release|Any CPU
	EndGlobalSection
	GlobalSection(ProjectConfigurationPlatforms) = postSolution
		{F0F0ED16-EEAD-4430-8DFD-A29F7B17E135}.Debug|Any CPU.ActiveCfg = Debug|Any CPU
		{F0F0ED16-EEAD-4430-8DFD-A29F7B17E135}.Debug|Any CPU.Build.0 = Debug|Any CPU
		{F0F0ED16-EEAD-4430-8DFD-A29F7B17E135}.Release|Any CPU.ActiveCfg = Release|Any CPU
		{F0F0ED16-EEAD-4430-8DFD-A29F7B17E135}.Release|Any CPU.Build.0 = Release|Any CPU
		{0B4E1A40-79D6-4F52-B22B-F7F6D160E737}.Debug|Any CPU.ActiveCfg = Debug|Any CPU
		{0B4E1A40-79D6-4F52-B22B-F7F6D160E737}.Debug|Any CPU.Build.0 = Debug|Any CPU
		{0B4E1A40-79D6-4F52-B22B-F7F6D160E737}.Release|Any CPU.ActiveCfg = Release|Any CPU
		{0B4E1A40-79D6-4F52-B22B-F7F6D160E737}.Release|Any CPU.Build.0 = Release|Any CPU
		{7011DE2F-B2FD-4B64-8BFA-125F76192F81}.Debug|Any CPU.ActiveCfg = Debug|Any CPU
		{7011DE2F-B2FD-4B64-8BFA-125F76192F81}.Debug|Any CPU.Build.0 = Debug|Any CPU
		{7011DE2F-B2FD-4B64-8BFA-125F76192F81}.Release|Any CPU.ActiveCfg = Release|Any CPU
		{7011DE2F-B2FD-4B64-8BFA-125F76192F81}.Release|Any CPU.Build.0 = Release|Any CPU
		{C2D0E8AF-6EB1-416B-8A76-AFA2EEF85D97}.Debug|Any CPU.ActiveCfg = Debug|Any CPU
		{C2D0E8AF-6EB1-416B-8A76-AFA2EEF85D97}.Debug|Any CPU.Build.0 = Debug|Any CPU
		{C2D0E8AF-6EB1-416B-8A76-AFA2EEF85D97}.Release|Any CPU.ActiveCfg = Release|Any CPU
		{C2D0E8AF-6EB1-416B-8A76-AFA2EEF85D97}.Release|Any CPU.Build.0 = Release|Any CPU
		{E917546B-847F-4646-AB3B-039281EFD405}.Debug|Any CPU.ActiveCfg = Debug|Any CPU
		{E917546B-847F-4646-AB3B-039281EFD405}.Debug|Any CPU.Build.0 = Debug|Any CPU
		{E917546B-847F-4646-AB3B-039281EFD405}.Release|Any CPU.ActiveCfg = Release|Any CPU
		{E917546B-847F-4646-AB3B-039281EFD405}.Release|Any CPU.Build.0 = Release|Any CPU
		{444819F5-4E18-4827-A056-5287F077B0C9}.Debug|Any CPU.ActiveCfg = Debug|Any CPU
		{444819F5-4E18-4827-A056-5287F077B0C9}.Debug|Any CPU.Build.0 = Debug|Any CPU
		{444819F5-4E18-4827-A056-5287F077B0C9}.Release|Any CPU.ActiveCfg = Release|Any CPU
		{444819F5-4E18-4827-A056-5287F077B0C9}.Release|Any CPU.Build.0 = Release|Any CPU
		{1BB35934-2F3D-4057-9E5D-84AFDC15D903}.Debug|Any CPU.ActiveCfg = Debug|Any CPU
		{1BB35934-2F3D-4057-9E5D-84AFDC15D903}.Debug|Any CPU.Build.0 = Debug|Any CPU
		{1BB35934-2F3D-4057-9E5D-84AFDC15D903}.Release|Any CPU.ActiveCfg = Release|Any CPU
		{1BB35934-2F3D-4057-9E5D-84AFDC15D903}.Release|Any CPU.Build.0 = Release|Any CPU
		{75A4401F-FB06-4E4B-B259-F40416F487A3}.Debug|Any CPU.ActiveCfg = Debug|Any CPU
		{75A4401F-FB06-4E4B-B259-F40416F487A3}.Debug|Any CPU.Build.0 = Debug|Any CPU
		{75A4401F-FB06-4E4B-B259-F40416F487A3}.Release|Any CPU.ActiveCfg = Release|Any CPU
		{75A4401F-FB06-4E4B-B259-F40416F487A3}.Release|Any CPU.Build.0 = Release|Any CPU
		{0DA2C354-7374-43A1-9723-7AFE3A744FB0}.Debug|Any CPU.ActiveCfg = Debug|Any CPU
		{0DA2C354-7374-43A1-9723-7AFE3A744FB0}.Debug|Any CPU.Build.0 = Debug|Any CPU
		{0DA2C354-7374-43A1-9723-7AFE3A744FB0}.Release|Any CPU.ActiveCfg = Release|Any CPU
		{0DA2C354-7374-43A1-9723-7AFE3A744FB0}.Release|Any CPU.Build.0 = Release|Any CPU
	EndGlobalSection
	GlobalSection(SolutionProperties) = preSolution
		HideSolutionNode = FALSE
	EndGlobalSection
	GlobalSection(NestedProjects) = preSolution
		{F0F0ED16-EEAD-4430-8DFD-A29F7B17E135} = {68EBF962-1891-40BE-B044-9387C6A03EDE}
		{0B4E1A40-79D6-4F52-B22B-F7F6D160E737} = {EFAEE2B6-47FE-4687-AAE7-10C927249CC3}
		{7011DE2F-B2FD-4B64-8BFA-125F76192F81} = {EFAEE2B6-47FE-4687-AAE7-10C927249CC3}
		{C2D0E8AF-6EB1-416B-8A76-AFA2EEF85D97} = {EFAEE2B6-47FE-4687-AAE7-10C927249CC3}
		{E917546B-847F-4646-AB3B-039281EFD405} = {5CDD2AC8-81A9-410A-907C-0A3355331B3B}
		{444819F5-4E18-4827-A056-5287F077B0C9} = {EFAEE2B6-47FE-4687-AAE7-10C927249CC3}
		{1BB35934-2F3D-4057-9E5D-84AFDC15D903} = {EFAEE2B6-47FE-4687-AAE7-10C927249CC3}
		{75A4401F-FB06-4E4B-B259-F40416F487A3} = {EFAEE2B6-47FE-4687-AAE7-10C927249CC3}
		{0DA2C354-7374-43A1-9723-7AFE3A744FB0} = {5CDD2AC8-81A9-410A-907C-0A3355331B3B}
	EndGlobalSection
	GlobalSection(ExtensibilityGlobals) = postSolution
		SolutionGuid = {420CDCCC-1C76-406B-BBCD-D473EAC1DB95}
	EndGlobalSection
EndGlobal
