
Microsoft Visual Studio Solution File, Format Version 12.00
# Visual Studio Version 16
VisualStudioVersion = 16.0.31424.327
MinimumVisualStudioVersion = 10.0.40219.1
Project("{2150E333-8FDC-42A3-9474-1A3956D46DE8}") = "TestCase", "TestCase", "{2DED9358-90ED-4076-B844-FE2A64162C51}"
EndProject
Project("{9A19103F-16F7-4668-BE54-9A1E7A4F7556}") = "AutoCSer.RandomObject.NetStandard", "AutoCSer\RandomObject\AutoCSer.RandomObject.NetStandard.csproj", "{B9F6F06A-A21D-40D5-8BC4-D2424A4AD499}"
EndProject
Project("{9A19103F-16F7-4668-BE54-9A1E7A4F7556}") = "AutoCSer.TestCase.SerializePerformance.NetStandard", "TestCase\SerializePerformance\AutoCSer.TestCase.SerializePerformance.NetStandard.csproj", "{D7CD22CA-47C6-4B4B-868E-A3E465B500B4}"
EndProject
Project("{9A19103F-16F7-4668-BE54-9A1E7A4F7556}") = "AutoCSer.TestCase.NetStandard", "TestCase\TestCase\AutoCSer.TestCase.NetStandard.csproj", "{80C7F338-1F14-48A6-B05F-678E6218EE6B}"
EndProject
Project("{9A19103F-16F7-4668-BE54-9A1E7A4F7556}") = "AutoCSer.FieldEquals.NetStandard", "AutoCSer\FieldEquals\AutoCSer.FieldEquals.NetStandard.csproj", "{00279A4A-88B2-49A9-97BE-642157F678A2}"
EndProject
Project("{9A19103F-16F7-4668-BE54-9A1E7A4F7556}") = "AutoCSer.TestCase.CommandServerPerformance.NetStandard", "TestCase\CommandServerPerformance\AutoCSer.TestCase.CommandServerPerformance.NetStandard.csproj", "{22073251-5138-40A8-AFAC-947C34A104F2}"
EndProject
Project("{9A19103F-16F7-4668-BE54-9A1E7A4F7556}") = "AutoCSer.TestCase.CommandClientPerformance.NetStandard", "TestCase\CommandServerPerformance\Client\AutoCSer.TestCase.CommandClientPerformance.NetStandard.csproj", "{B7158D1C-2C4D-4865-8FC5-BE5518FE3F90}"
EndProject
Project("{2150E333-8FDC-42A3-9474-1A3956D46DE8}") = "Application", "Application", "{EFAEE2B6-47FE-4687-AAE7-10C927249CC3}"
EndProject
Project("{2150E333-8FDC-42A3-9474-1A3956D46DE8}") = "ServiceRegistry", "ServiceRegistry", "{D959554E-E027-467E-BD1E-D67FED62DCA3}"
EndProject
Project("{2150E333-8FDC-42A3-9474-1A3956D46DE8}") = "ExtensionTools", "ExtensionTools", "{68EBF962-1891-40BE-B044-9387C6A03EDE}"
EndProject
Project("{2150E333-8FDC-42A3-9474-1A3956D46DE8}") = "TestCase", "TestCase", "{58345396-676A-4C08-989E-728B866E54E9}"
EndProject
Project("{9A19103F-16F7-4668-BE54-9A1E7A4F7556}") = "AutoCSer.TestCase.Common.NetStandard", "TestCase\Common\AutoCSer.TestCase.Common.NetStandard.csproj", "{02EA8B7D-AD9B-4671-9A98-939C47465863}"
EndProject
Project("{9A19103F-16F7-4668-BE54-9A1E7A4F7556}") = "AutoCSer.TestCase.ServiceRegistry.NetStandard", "TestCase\ServiceRegistry\AutoCSer.TestCase.ServiceRegistry.NetStandard.csproj", "{524825D5-156F-4D88-B983-0D7812695295}"
EndProject
Project("{9A19103F-16F7-4668-BE54-9A1E7A4F7556}") = "AutoCSer.TestCase.ServiceRegistry.Service.NetStandard", "TestCase\ServiceRegistry\Service\AutoCSer.TestCase.ServiceRegistry.Service.NetStandard.csproj", "{F181FC87-2E3C-4493-BDA5-2B47EC629E29}"
EndProject
Project("{9A19103F-16F7-4668-BE54-9A1E7A4F7556}") = "AutoCSer.TestCase.ServiceRegistry.Client.NetStandard", "TestCase\ServiceRegistry\Service\Client\AutoCSer.TestCase.ServiceRegistry.Client.NetStandard.csproj", "{B9FEF2DB-21E0-4B3B-8DEB-469A84552D2F}"
EndProject
Project("{2150E333-8FDC-42A3-9474-1A3956D46DE8}") = "DistributedLock", "DistributedLock", "{9AB60571-45FC-4718-AEDB-538A3CF81693}"
EndProject
Project("{9A19103F-16F7-4668-BE54-9A1E7A4F7556}") = "AutoCSer.TestCase.DistributedLock.NetStandard", "TestCase\DistributedLock\AutoCSer.TestCase.DistributedLock.NetStandard.csproj", "{08F689E0-80BD-4B8B-96E9-868455045656}"
EndProject
Project("{2150E333-8FDC-42A3-9474-1A3956D46DE8}") = "TestCase", "TestCase", "{0221975A-9B6C-4EBB-8451-05DE52D74C9C}"
EndProject
Project("{9A19103F-16F7-4668-BE54-9A1E7A4F7556}") = "AutoCSer.TestCase.DistributedLockClient.NetStandard", "TestCase\DistributedLock\Client\AutoCSer.TestCase.DistributedLockClient.NetStandard.csproj", "{2A1061B4-696D-4227-850E-587529508FEE}"
EndProject
Project("{2150E333-8FDC-42A3-9474-1A3956D46DE8}") = "ProcessGuard", "ProcessGuard", "{28237FFE-2BD3-4299-B1B2-D790AF3AEDF0}"
EndProject
Project("{2150E333-8FDC-42A3-9474-1A3956D46DE8}") = "TestCase", "TestCase", "{5B7C24E8-9465-4DDD-8825-43CD426FC060}"
EndProject
Project("{9A19103F-16F7-4668-BE54-9A1E7A4F7556}") = "AutoCSer.TestCase.ProcessGuard.NetStandard", "TestCase\ProcessGuard\AutoCSer.TestCase.ProcessGuard.NetStandard.csproj", "{B9C7F0E1-5BAE-499E-A7D9-5DC2F19A993F}"
EndProject
Project("{9A19103F-16F7-4668-BE54-9A1E7A4F7556}") = "AutoCSer.TestCase.ProcessGuardClient.NetStandard", "TestCase\ProcessGuard\Client\AutoCSer.TestCase.ProcessGuardClient.NetStandard.csproj", "{3432C0F2-AA90-4714-8DB1-85CAAD97088F}"
EndProject
Project("{2150E333-8FDC-42A3-9474-1A3956D46DE8}") = "Example", "Example", "{5CDD2AC8-81A9-410A-907C-0A3355331B3B}"
EndProject
Project("{2150E333-8FDC-42A3-9474-1A3956D46DE8}") = "ExtensionTools", "ExtensionTools", "{8E2DAE91-968D-48C0-8495-76C13D781EDA}"
EndProject
Project("{2150E333-8FDC-42A3-9474-1A3956D46DE8}") = "TimestampVerify", "TimestampVerify", "{DC22596A-A449-4EF3-9624-C03110051383}"
EndProject
Project("{2150E333-8FDC-42A3-9474-1A3956D46DE8}") = "TestCase", "TestCase", "{64BF4F66-97A1-419D-B6D9-4026CEA920EC}"
EndProject
Project("{9A19103F-16F7-4668-BE54-9A1E7A4F7556}") = "AutoCSer.TestCase.TimestampVerify.NetStandard", "TestCase\TimestampVerify\AutoCSer.TestCase.TimestampVerify.NetStandard.csproj", "{CF83CADE-31B0-404E-A1B8-19BEC19316F8}"
EndProject
Project("{9A19103F-16F7-4668-BE54-9A1E7A4F7556}") = "AutoCSer.TestCase.TimestampVerifyClient.NetStandard", "TestCase\TimestampVerify\Client\AutoCSer.TestCase.TimestampVerifyClient.NetStandard.csproj", "{940F659D-0244-4CE3-8248-0E6868013620}"
EndProject
Project("{2150E333-8FDC-42A3-9474-1A3956D46DE8}") = "DatabaseBackup", "DatabaseBackup", "{6DB96D59-02D8-4E46-8DCD-A907EC6EF75B}"
EndProject
Project("{2150E333-8FDC-42A3-9474-1A3956D46DE8}") = "TestCase", "TestCase", "{62FABE0C-85B1-4B54-8536-BB4B16754686}"
EndProject
Project("{9A19103F-16F7-4668-BE54-9A1E7A4F7556}") = "AutoCSer.TestCase.DatabaseBackup.NetStandard", "TestCase\DatabaseBackup\AutoCSer.TestCase.DatabaseBackup.NetStandard.csproj", "{ED0293F2-7EB9-4F66-B239-CDDD5CD7FA45}"
EndProject
Project("{9A19103F-16F7-4668-BE54-9A1E7A4F7556}") = "AutoCSer.TestCase.DatabaseBackupClient.NetStandard", "TestCase\DatabaseBackup\Client\AutoCSer.TestCase.DatabaseBackupClient.NetStandard.csproj", "{25CA747A-7845-460C-8ACE-E0E2FC082537}"
EndProject
Project("{2150E333-8FDC-42A3-9474-1A3956D46DE8}") = "ReverseLogCollection", "ReverseLogCollection", "{A357478C-E846-4404-80A9-018BA5094048}"
EndProject
Project("{2150E333-8FDC-42A3-9474-1A3956D46DE8}") = "TestCase", "TestCase", "{7476361C-9566-4E07-82F6-1FBA1D67D1C0}"
EndProject
Project("{9A19103F-16F7-4668-BE54-9A1E7A4F7556}") = "AutoCSer.TestCase.ReverseLogCollectionClient.NetStandard", "TestCase\ReverseLogCollection\Client\AutoCSer.TestCase.ReverseLogCollectionClient.NetStandard.csproj", "{49AEB3D3-738B-45E6-80C2-1B33AE6EF827}"
EndProject
Project("{9A19103F-16F7-4668-BE54-9A1E7A4F7556}") = "AutoCSer.TestCase.ReverseLogCollection.NetStandard", "TestCase\ReverseLogCollection\AutoCSer.TestCase.ReverseLogCollection.NetStandard.csproj", "{3DCB4DDC-8892-4E0E-8689-5BEDA4AB51E8}"
EndProject
Project("{9A19103F-16F7-4668-BE54-9A1E7A4F7556}") = "AutoCSer.TestCase.ReverseLogCollectionCommon.NetStandard", "TestCase\ReverseLogCollection\Common\AutoCSer.TestCase.ReverseLogCollectionCommon.NetStandard.csproj", "{56397720-E0AD-4A14-ACDE-FC45F8137DF0}"
EndProject
Project("{9A19103F-16F7-4668-BE54-9A1E7A4F7556}") = "AutoCSer.TestCase.ProcessGuardSwitchProcess.NetStandard", "TestCase\ProcessGuard\SwitchProcess\AutoCSer.TestCase.ProcessGuardSwitchProcess.NetStandard.csproj", "{CF938EFE-1682-453F-81AF-71F61ADF5DAB}"
EndProject
Project("{9A19103F-16F7-4668-BE54-9A1E7A4F7556}") = "AutoCSer.Extensions.NetStandard2.1", "AutoCSer\Extensions\AutoCSer.Extensions.NetStandard2.1.csproj", "{2364DD10-5765-4BFF-90ED-FDAF3C9B3B26}"
EndProject
Project("{9A19103F-16F7-4668-BE54-9A1E7A4F7556}") = "AutoCSer.Example.CommandServer.NetStandard2.1", "Example\CommandServer\AutoCSer.Example.CommandServer.NetStandard2.1.csproj", "{EAD966F0-9025-4BA9-B764-B364D00E5938}"
EndProject
Project("{9A19103F-16F7-4668-BE54-9A1E7A4F7556}") = "AutoCSer.CommandService.TimestampVerify.NetStandard2.1", "Application\TimestampVerify\AutoCSer.CommandService.TimestampVerify.NetStandard2.1.csproj", "{1B655B7D-0B20-47D6-8A03-44537791537F}"
EndProject
Project("{9A19103F-16F7-4668-BE54-9A1E7A4F7556}") = "AutoCSer.CommandService.ServiceRegistry.NetStandard2.1", "Application\ServiceRegistry\AutoCSer.CommandService.ServiceRegistry.NetStandard2.1.csproj", "{C4A4F800-7C4C-4CED-ACFD-E93DDFF293AA}"
EndProject
Project("{9A19103F-16F7-4668-BE54-9A1E7A4F7556}") = "AutoCSer.CommandService.ReverseLogCollection.NetStandard2.1", "Application\ReverseLogCollection\AutoCSer.CommandService.ReverseLogCollection.NetStandard2.1.csproj", "{DC738939-5F62-46D3-B221-CCA775A07CE0}"
EndProject
Project("{9A19103F-16F7-4668-BE54-9A1E7A4F7556}") = "AutoCSer.CommandService.ProcessGuard.NetStandard2.1", "Application\ProcessGuard\AutoCSer.CommandService.ProcessGuard.NetStandard2.1.csproj", "{CCEEE640-8096-4C8C-8F08-2C724D025820}"
EndProject
Project("{9A19103F-16F7-4668-BE54-9A1E7A4F7556}") = "AutoCSer.CommandService.DistributedLock.NetStandard2.1", "Application\DistributedLock\AutoCSer.CommandService.DistributedLock.NetStandard2.1.csproj", "{719083AF-7D6A-41B5-9188-87347ADCF053}"
EndProject
Project("{9A19103F-16F7-4668-BE54-9A1E7A4F7556}") = "AutoCSer.CommandService.DatabaseBackup.NetStandard2.1", "Application\DatabaseBackup\AutoCSer.CommandService.DatabaseBackup.NetStandard2.1.csproj", "{8F15B443-4233-48B0-A6AD-79DBC1F489E5}"
EndProject
Global
	GlobalSection(SolutionConfigurationPlatforms) = preSolution
		Debug|Any CPU = Debug|Any CPU
		Release|Any CPU = Release|Any CPU
	EndGlobalSection
	GlobalSection(ProjectConfigurationPlatforms) = postSolution
		{B9F6F06A-A21D-40D5-8BC4-D2424A4AD499}.Debug|Any CPU.ActiveCfg = Debug|Any CPU
		{B9F6F06A-A21D-40D5-8BC4-D2424A4AD499}.Debug|Any CPU.Build.0 = Debug|Any CPU
		{B9F6F06A-A21D-40D5-8BC4-D2424A4AD499}.Release|Any CPU.ActiveCfg = Release|Any CPU
		{B9F6F06A-A21D-40D5-8BC4-D2424A4AD499}.Release|Any CPU.Build.0 = Release|Any CPU
		{D7CD22CA-47C6-4B4B-868E-A3E465B500B4}.Debug|Any CPU.ActiveCfg = Debug|Any CPU
		{D7CD22CA-47C6-4B4B-868E-A3E465B500B4}.Debug|Any CPU.Build.0 = Debug|Any CPU
		{D7CD22CA-47C6-4B4B-868E-A3E465B500B4}.Release|Any CPU.ActiveCfg = Release|Any CPU
		{D7CD22CA-47C6-4B4B-868E-A3E465B500B4}.Release|Any CPU.Build.0 = Release|Any CPU
		{80C7F338-1F14-48A6-B05F-678E6218EE6B}.Debug|Any CPU.ActiveCfg = Debug|Any CPU
		{80C7F338-1F14-48A6-B05F-678E6218EE6B}.Debug|Any CPU.Build.0 = Debug|Any CPU
		{80C7F338-1F14-48A6-B05F-678E6218EE6B}.Release|Any CPU.ActiveCfg = Release|Any CPU
		{80C7F338-1F14-48A6-B05F-678E6218EE6B}.Release|Any CPU.Build.0 = Release|Any CPU
		{00279A4A-88B2-49A9-97BE-642157F678A2}.Debug|Any CPU.ActiveCfg = Debug|Any CPU
		{00279A4A-88B2-49A9-97BE-642157F678A2}.Debug|Any CPU.Build.0 = Debug|Any CPU
		{00279A4A-88B2-49A9-97BE-642157F678A2}.Release|Any CPU.ActiveCfg = Release|Any CPU
		{00279A4A-88B2-49A9-97BE-642157F678A2}.Release|Any CPU.Build.0 = Release|Any CPU
		{22073251-5138-40A8-AFAC-947C34A104F2}.Debug|Any CPU.ActiveCfg = Debug|Any CPU
		{22073251-5138-40A8-AFAC-947C34A104F2}.Debug|Any CPU.Build.0 = Debug|Any CPU
		{22073251-5138-40A8-AFAC-947C34A104F2}.Release|Any CPU.ActiveCfg = Release|Any CPU
		{22073251-5138-40A8-AFAC-947C34A104F2}.Release|Any CPU.Build.0 = Release|Any CPU
		{B7158D1C-2C4D-4865-8FC5-BE5518FE3F90}.Debug|Any CPU.ActiveCfg = Debug|Any CPU
		{B7158D1C-2C4D-4865-8FC5-BE5518FE3F90}.Debug|Any CPU.Build.0 = Debug|Any CPU
		{B7158D1C-2C4D-4865-8FC5-BE5518FE3F90}.Release|Any CPU.ActiveCfg = Release|Any CPU
		{B7158D1C-2C4D-4865-8FC5-BE5518FE3F90}.Release|Any CPU.Build.0 = Release|Any CPU
		{02EA8B7D-AD9B-4671-9A98-939C47465863}.Debug|Any CPU.ActiveCfg = Debug|Any CPU
		{02EA8B7D-AD9B-4671-9A98-939C47465863}.Debug|Any CPU.Build.0 = Debug|Any CPU
		{02EA8B7D-AD9B-4671-9A98-939C47465863}.Release|Any CPU.ActiveCfg = Release|Any CPU
		{02EA8B7D-AD9B-4671-9A98-939C47465863}.Release|Any CPU.Build.0 = Release|Any CPU
		{524825D5-156F-4D88-B983-0D7812695295}.Debug|Any CPU.ActiveCfg = Debug|Any CPU
		{524825D5-156F-4D88-B983-0D7812695295}.Debug|Any CPU.Build.0 = Debug|Any CPU
		{524825D5-156F-4D88-B983-0D7812695295}.Release|Any CPU.ActiveCfg = Release|Any CPU
		{524825D5-156F-4D88-B983-0D7812695295}.Release|Any CPU.Build.0 = Release|Any CPU
		{F181FC87-2E3C-4493-BDA5-2B47EC629E29}.Debug|Any CPU.ActiveCfg = Debug|Any CPU
		{F181FC87-2E3C-4493-BDA5-2B47EC629E29}.Debug|Any CPU.Build.0 = Debug|Any CPU
		{F181FC87-2E3C-4493-BDA5-2B47EC629E29}.Release|Any CPU.ActiveCfg = Release|Any CPU
		{F181FC87-2E3C-4493-BDA5-2B47EC629E29}.Release|Any CPU.Build.0 = Release|Any CPU
		{B9FEF2DB-21E0-4B3B-8DEB-469A84552D2F}.Debug|Any CPU.ActiveCfg = Debug|Any CPU
		{B9FEF2DB-21E0-4B3B-8DEB-469A84552D2F}.Debug|Any CPU.Build.0 = Debug|Any CPU
		{B9FEF2DB-21E0-4B3B-8DEB-469A84552D2F}.Release|Any CPU.ActiveCfg = Release|Any CPU
		{B9FEF2DB-21E0-4B3B-8DEB-469A84552D2F}.Release|Any CPU.Build.0 = Release|Any CPU
		{08F689E0-80BD-4B8B-96E9-868455045656}.Debug|Any CPU.ActiveCfg = Debug|Any CPU
		{08F689E0-80BD-4B8B-96E9-868455045656}.Debug|Any CPU.Build.0 = Debug|Any CPU
		{08F689E0-80BD-4B8B-96E9-868455045656}.Release|Any CPU.ActiveCfg = Release|Any CPU
		{08F689E0-80BD-4B8B-96E9-868455045656}.Release|Any CPU.Build.0 = Release|Any CPU
		{2A1061B4-696D-4227-850E-587529508FEE}.Debug|Any CPU.ActiveCfg = Debug|Any CPU
		{2A1061B4-696D-4227-850E-587529508FEE}.Debug|Any CPU.Build.0 = Debug|Any CPU
		{2A1061B4-696D-4227-850E-587529508FEE}.Release|Any CPU.ActiveCfg = Release|Any CPU
		{2A1061B4-696D-4227-850E-587529508FEE}.Release|Any CPU.Build.0 = Release|Any CPU
		{B9C7F0E1-5BAE-499E-A7D9-5DC2F19A993F}.Debug|Any CPU.ActiveCfg = Debug|Any CPU
		{B9C7F0E1-5BAE-499E-A7D9-5DC2F19A993F}.Debug|Any CPU.Build.0 = Debug|Any CPU
		{B9C7F0E1-5BAE-499E-A7D9-5DC2F19A993F}.Release|Any CPU.ActiveCfg = Release|Any CPU
		{B9C7F0E1-5BAE-499E-A7D9-5DC2F19A993F}.Release|Any CPU.Build.0 = Release|Any CPU
		{3432C0F2-AA90-4714-8DB1-85CAAD97088F}.Debug|Any CPU.ActiveCfg = Debug|Any CPU
		{3432C0F2-AA90-4714-8DB1-85CAAD97088F}.Debug|Any CPU.Build.0 = Debug|Any CPU
		{3432C0F2-AA90-4714-8DB1-85CAAD97088F}.Release|Any CPU.ActiveCfg = Release|Any CPU
		{3432C0F2-AA90-4714-8DB1-85CAAD97088F}.Release|Any CPU.Build.0 = Release|Any CPU
		{CF83CADE-31B0-404E-A1B8-19BEC19316F8}.Debug|Any CPU.ActiveCfg = Debug|Any CPU
		{CF83CADE-31B0-404E-A1B8-19BEC19316F8}.Debug|Any CPU.Build.0 = Debug|Any CPU
		{CF83CADE-31B0-404E-A1B8-19BEC19316F8}.Release|Any CPU.ActiveCfg = Release|Any CPU
		{CF83CADE-31B0-404E-A1B8-19BEC19316F8}.Release|Any CPU.Build.0 = Release|Any CPU
		{940F659D-0244-4CE3-8248-0E6868013620}.Debug|Any CPU.ActiveCfg = Debug|Any CPU
		{940F659D-0244-4CE3-8248-0E6868013620}.Debug|Any CPU.Build.0 = Debug|Any CPU
		{940F659D-0244-4CE3-8248-0E6868013620}.Release|Any CPU.ActiveCfg = Release|Any CPU
		{940F659D-0244-4CE3-8248-0E6868013620}.Release|Any CPU.Build.0 = Release|Any CPU
		{ED0293F2-7EB9-4F66-B239-CDDD5CD7FA45}.Debug|Any CPU.ActiveCfg = Debug|Any CPU
		{ED0293F2-7EB9-4F66-B239-CDDD5CD7FA45}.Debug|Any CPU.Build.0 = Debug|Any CPU
		{ED0293F2-7EB9-4F66-B239-CDDD5CD7FA45}.Release|Any CPU.ActiveCfg = Release|Any CPU
		{ED0293F2-7EB9-4F66-B239-CDDD5CD7FA45}.Release|Any CPU.Build.0 = Release|Any CPU
		{25CA747A-7845-460C-8ACE-E0E2FC082537}.Debug|Any CPU.ActiveCfg = Debug|Any CPU
		{25CA747A-7845-460C-8ACE-E0E2FC082537}.Debug|Any CPU.Build.0 = Debug|Any CPU
		{25CA747A-7845-460C-8ACE-E0E2FC082537}.Release|Any CPU.ActiveCfg = Release|Any CPU
		{25CA747A-7845-460C-8ACE-E0E2FC082537}.Release|Any CPU.Build.0 = Release|Any CPU
		{49AEB3D3-738B-45E6-80C2-1B33AE6EF827}.Debug|Any CPU.ActiveCfg = Debug|Any CPU
		{49AEB3D3-738B-45E6-80C2-1B33AE6EF827}.Debug|Any CPU.Build.0 = Debug|Any CPU
		{49AEB3D3-738B-45E6-80C2-1B33AE6EF827}.Release|Any CPU.ActiveCfg = Release|Any CPU
		{49AEB3D3-738B-45E6-80C2-1B33AE6EF827}.Release|Any CPU.Build.0 = Release|Any CPU
		{3DCB4DDC-8892-4E0E-8689-5BEDA4AB51E8}.Debug|Any CPU.ActiveCfg = Debug|Any CPU
		{3DCB4DDC-8892-4E0E-8689-5BEDA4AB51E8}.Debug|Any CPU.Build.0 = Debug|Any CPU
		{3DCB4DDC-8892-4E0E-8689-5BEDA4AB51E8}.Release|Any CPU.ActiveCfg = Release|Any CPU
		{3DCB4DDC-8892-4E0E-8689-5BEDA4AB51E8}.Release|Any CPU.Build.0 = Release|Any CPU
		{56397720-E0AD-4A14-ACDE-FC45F8137DF0}.Debug|Any CPU.ActiveCfg = Debug|Any CPU
		{56397720-E0AD-4A14-ACDE-FC45F8137DF0}.Debug|Any CPU.Build.0 = Debug|Any CPU
		{56397720-E0AD-4A14-ACDE-FC45F8137DF0}.Release|Any CPU.ActiveCfg = Release|Any CPU
		{56397720-E0AD-4A14-ACDE-FC45F8137DF0}.Release|Any CPU.Build.0 = Release|Any CPU
		{CF938EFE-1682-453F-81AF-71F61ADF5DAB}.Debug|Any CPU.ActiveCfg = Debug|Any CPU
		{CF938EFE-1682-453F-81AF-71F61ADF5DAB}.Debug|Any CPU.Build.0 = Debug|Any CPU
		{CF938EFE-1682-453F-81AF-71F61ADF5DAB}.Release|Any CPU.ActiveCfg = Release|Any CPU
		{CF938EFE-1682-453F-81AF-71F61ADF5DAB}.Release|Any CPU.Build.0 = Release|Any CPU
		{2364DD10-5765-4BFF-90ED-FDAF3C9B3B26}.Debug|Any CPU.ActiveCfg = Debug|Any CPU
		{2364DD10-5765-4BFF-90ED-FDAF3C9B3B26}.Debug|Any CPU.Build.0 = Debug|Any CPU
		{2364DD10-5765-4BFF-90ED-FDAF3C9B3B26}.Release|Any CPU.ActiveCfg = Release|Any CPU
		{2364DD10-5765-4BFF-90ED-FDAF3C9B3B26}.Release|Any CPU.Build.0 = Release|Any CPU
		{EAD966F0-9025-4BA9-B764-B364D00E5938}.Debug|Any CPU.ActiveCfg = Debug|Any CPU
		{EAD966F0-9025-4BA9-B764-B364D00E5938}.Debug|Any CPU.Build.0 = Debug|Any CPU
		{EAD966F0-9025-4BA9-B764-B364D00E5938}.Release|Any CPU.ActiveCfg = Release|Any CPU
		{EAD966F0-9025-4BA9-B764-B364D00E5938}.Release|Any CPU.Build.0 = Release|Any CPU
		{1B655B7D-0B20-47D6-8A03-44537791537F}.Debug|Any CPU.ActiveCfg = Debug|Any CPU
		{1B655B7D-0B20-47D6-8A03-44537791537F}.Debug|Any CPU.Build.0 = Debug|Any CPU
		{1B655B7D-0B20-47D6-8A03-44537791537F}.Release|Any CPU.ActiveCfg = Release|Any CPU
		{1B655B7D-0B20-47D6-8A03-44537791537F}.Release|Any CPU.Build.0 = Release|Any CPU
		{C4A4F800-7C4C-4CED-ACFD-E93DDFF293AA}.Debug|Any CPU.ActiveCfg = Debug|Any CPU
		{C4A4F800-7C4C-4CED-ACFD-E93DDFF293AA}.Debug|Any CPU.Build.0 = Debug|Any CPU
		{C4A4F800-7C4C-4CED-ACFD-E93DDFF293AA}.Release|Any CPU.ActiveCfg = Release|Any CPU
		{C4A4F800-7C4C-4CED-ACFD-E93DDFF293AA}.Release|Any CPU.Build.0 = Release|Any CPU
		{DC738939-5F62-46D3-B221-CCA775A07CE0}.Debug|Any CPU.ActiveCfg = Debug|Any CPU
		{DC738939-5F62-46D3-B221-CCA775A07CE0}.Debug|Any CPU.Build.0 = Debug|Any CPU
		{DC738939-5F62-46D3-B221-CCA775A07CE0}.Release|Any CPU.ActiveCfg = Release|Any CPU
		{DC738939-5F62-46D3-B221-CCA775A07CE0}.Release|Any CPU.Build.0 = Release|Any CPU
		{CCEEE640-8096-4C8C-8F08-2C724D025820}.Debug|Any CPU.ActiveCfg = Debug|Any CPU
		{CCEEE640-8096-4C8C-8F08-2C724D025820}.Debug|Any CPU.Build.0 = Debug|Any CPU
		{CCEEE640-8096-4C8C-8F08-2C724D025820}.Release|Any CPU.ActiveCfg = Release|Any CPU
		{CCEEE640-8096-4C8C-8F08-2C724D025820}.Release|Any CPU.Build.0 = Release|Any CPU
		{719083AF-7D6A-41B5-9188-87347ADCF053}.Debug|Any CPU.ActiveCfg = Debug|Any CPU
		{719083AF-7D6A-41B5-9188-87347ADCF053}.Debug|Any CPU.Build.0 = Debug|Any CPU
		{719083AF-7D6A-41B5-9188-87347ADCF053}.Release|Any CPU.ActiveCfg = Release|Any CPU
		{719083AF-7D6A-41B5-9188-87347ADCF053}.Release|Any CPU.Build.0 = Release|Any CPU
		{8F15B443-4233-48B0-A6AD-79DBC1F489E5}.Debug|Any CPU.ActiveCfg = Debug|Any CPU
		{8F15B443-4233-48B0-A6AD-79DBC1F489E5}.Debug|Any CPU.Build.0 = Debug|Any CPU
		{8F15B443-4233-48B0-A6AD-79DBC1F489E5}.Release|Any CPU.ActiveCfg = Release|Any CPU
		{8F15B443-4233-48B0-A6AD-79DBC1F489E5}.Release|Any CPU.Build.0 = Release|Any CPU
	EndGlobalSection
	GlobalSection(SolutionProperties) = preSolution
		HideSolutionNode = FALSE
	EndGlobalSection
	GlobalSection(NestedProjects) = preSolution
		{B9F6F06A-A21D-40D5-8BC4-D2424A4AD499} = {8E2DAE91-968D-48C0-8495-76C13D781EDA}
		{D7CD22CA-47C6-4B4B-868E-A3E465B500B4} = {2DED9358-90ED-4076-B844-FE2A64162C51}
		{80C7F338-1F14-48A6-B05F-678E6218EE6B} = {2DED9358-90ED-4076-B844-FE2A64162C51}
		{00279A4A-88B2-49A9-97BE-642157F678A2} = {8E2DAE91-968D-48C0-8495-76C13D781EDA}
		{22073251-5138-40A8-AFAC-947C34A104F2} = {2DED9358-90ED-4076-B844-FE2A64162C51}
		{B7158D1C-2C4D-4865-8FC5-BE5518FE3F90} = {2DED9358-90ED-4076-B844-FE2A64162C51}
		{D959554E-E027-467E-BD1E-D67FED62DCA3} = {EFAEE2B6-47FE-4687-AAE7-10C927249CC3}
		{58345396-676A-4C08-989E-728B866E54E9} = {D959554E-E027-467E-BD1E-D67FED62DCA3}
		{02EA8B7D-AD9B-4671-9A98-939C47465863} = {2DED9358-90ED-4076-B844-FE2A64162C51}
		{524825D5-156F-4D88-B983-0D7812695295} = {58345396-676A-4C08-989E-728B866E54E9}
		{F181FC87-2E3C-4493-BDA5-2B47EC629E29} = {58345396-676A-4C08-989E-728B866E54E9}
		{B9FEF2DB-21E0-4B3B-8DEB-469A84552D2F} = {58345396-676A-4C08-989E-728B866E54E9}
		{9AB60571-45FC-4718-AEDB-538A3CF81693} = {EFAEE2B6-47FE-4687-AAE7-10C927249CC3}
		{08F689E0-80BD-4B8B-96E9-868455045656} = {0221975A-9B6C-4EBB-8451-05DE52D74C9C}
		{0221975A-9B6C-4EBB-8451-05DE52D74C9C} = {9AB60571-45FC-4718-AEDB-538A3CF81693}
		{2A1061B4-696D-4227-850E-587529508FEE} = {0221975A-9B6C-4EBB-8451-05DE52D74C9C}
		{28237FFE-2BD3-4299-B1B2-D790AF3AEDF0} = {EFAEE2B6-47FE-4687-AAE7-10C927249CC3}
		{5B7C24E8-9465-4DDD-8825-43CD426FC060} = {28237FFE-2BD3-4299-B1B2-D790AF3AEDF0}
		{B9C7F0E1-5BAE-499E-A7D9-5DC2F19A993F} = {5B7C24E8-9465-4DDD-8825-43CD426FC060}
		{3432C0F2-AA90-4714-8DB1-85CAAD97088F} = {5B7C24E8-9465-4DDD-8825-43CD426FC060}
		{8E2DAE91-968D-48C0-8495-76C13D781EDA} = {2DED9358-90ED-4076-B844-FE2A64162C51}
		{DC22596A-A449-4EF3-9624-C03110051383} = {EFAEE2B6-47FE-4687-AAE7-10C927249CC3}
		{64BF4F66-97A1-419D-B6D9-4026CEA920EC} = {DC22596A-A449-4EF3-9624-C03110051383}
		{CF83CADE-31B0-404E-A1B8-19BEC19316F8} = {64BF4F66-97A1-419D-B6D9-4026CEA920EC}
		{940F659D-0244-4CE3-8248-0E6868013620} = {64BF4F66-97A1-419D-B6D9-4026CEA920EC}
		{6DB96D59-02D8-4E46-8DCD-A907EC6EF75B} = {EFAEE2B6-47FE-4687-AAE7-10C927249CC3}
		{62FABE0C-85B1-4B54-8536-BB4B16754686} = {6DB96D59-02D8-4E46-8DCD-A907EC6EF75B}
		{ED0293F2-7EB9-4F66-B239-CDDD5CD7FA45} = {62FABE0C-85B1-4B54-8536-BB4B16754686}
		{25CA747A-7845-460C-8ACE-E0E2FC082537} = {62FABE0C-85B1-4B54-8536-BB4B16754686}
		{A357478C-E846-4404-80A9-018BA5094048} = {EFAEE2B6-47FE-4687-AAE7-10C927249CC3}
		{7476361C-9566-4E07-82F6-1FBA1D67D1C0} = {A357478C-E846-4404-80A9-018BA5094048}
		{49AEB3D3-738B-45E6-80C2-1B33AE6EF827} = {7476361C-9566-4E07-82F6-1FBA1D67D1C0}
		{3DCB4DDC-8892-4E0E-8689-5BEDA4AB51E8} = {7476361C-9566-4E07-82F6-1FBA1D67D1C0}
		{56397720-E0AD-4A14-ACDE-FC45F8137DF0} = {7476361C-9566-4E07-82F6-1FBA1D67D1C0}
		{CF938EFE-1682-453F-81AF-71F61ADF5DAB} = {5B7C24E8-9465-4DDD-8825-43CD426FC060}
		{2364DD10-5765-4BFF-90ED-FDAF3C9B3B26} = {68EBF962-1891-40BE-B044-9387C6A03EDE}
		{EAD966F0-9025-4BA9-B764-B364D00E5938} = {5CDD2AC8-81A9-410A-907C-0A3355331B3B}
		{1B655B7D-0B20-47D6-8A03-44537791537F} = {DC22596A-A449-4EF3-9624-C03110051383}
		{C4A4F800-7C4C-4CED-ACFD-E93DDFF293AA} = {D959554E-E027-467E-BD1E-D67FED62DCA3}
		{DC738939-5F62-46D3-B221-CCA775A07CE0} = {A357478C-E846-4404-80A9-018BA5094048}
		{CCEEE640-8096-4C8C-8F08-2C724D025820} = {28237FFE-2BD3-4299-B1B2-D790AF3AEDF0}
		{719083AF-7D6A-41B5-9188-87347ADCF053} = {9AB60571-45FC-4718-AEDB-538A3CF81693}
		{8F15B443-4233-48B0-A6AD-79DBC1F489E5} = {6DB96D59-02D8-4E46-8DCD-A907EC6EF75B}
	EndGlobalSection
	GlobalSection(ExtensibilityGlobals) = postSolution
		SolutionGuid = {420CDCCC-1C76-406B-BBCD-D473EAC1DB95}
	EndGlobalSection
EndGlobal
