
Microsoft Visual Studio Solution File, Format Version 12.00
# Visual Studio 15
VisualStudioVersion = 15.0.28307.1231
MinimumVisualStudioVersion = 10.0.40219.1
Project("{2150E333-8FDC-42A3-9474-1A3956D46DE8}") = "TestCase", "TestCase", "{2DED9358-90ED-4076-B844-FE2A64162C51}"
EndProject
Project("{9A19103F-16F7-4668-BE54-9A1E7A4F7556}") = "AutoCSer.Extensions.NetStandard", "AutoCSer\Extensions\AutoCSer.Extensions.NetStandard.csproj", "{F0F0ED16-EEAD-4430-8DFD-A29F7B17E135}"
EndProject
Project("{9A19103F-16F7-4668-BE54-9A1E7A4F7556}") = "AutoCSer.RandomObject.NetStandard", "AutoCSer\RandomObject\AutoCSer.RandomObject.NetStandard.csproj", "{B9F6F06A-A21D-40D5-8BC4-D2424A4AD499}"
EndProject
Project("{9A19103F-16F7-4668-BE54-9A1E7A4F7556}") = "AutoCSer.TestCase.SerializePerformance.NetStandard", "TestCase\SerializePerformance\AutoCSer.TestCase.SerializePerformance.NetStandard.csproj", "{D7CD22CA-47C6-4B4B-868E-A3E465B500B4}"
EndProject
Project("{9A19103F-16F7-4668-BE54-9A1E7A4F7556}") = "AutoCSer.TestCase.NetStandard", "TestCase\TestCase\AutoCSer.TestCase.NetStandard.csproj", "{80C7F338-1F14-48A6-B05F-678E6218EE6B}"
EndProject
Project("{9A19103F-16F7-4668-BE54-9A1E7A4F7556}") = "AutoCSer.FieldEquals.NetStandard", "AutoCSer\FieldEquals\AutoCSer.FieldEquals.NetStandard.csproj", "{00279A4A-88B2-49A9-97BE-642157F678A2}"
EndProject
Project("{9A19103F-16F7-4668-BE54-9A1E7A4F7556}") = "AutoCSer.TestCase.CommandServerPerformance.NetStandard", "TestCase\CommandServerPerformance\AutoCSer.TestCase.CommandServerPerformance.NetStandard.csproj", "{22073251-5138-40A8-AFAC-947C34A104F2}"
EndProject
Project("{9A19103F-16F7-4668-BE54-9A1E7A4F7556}") = "AutoCSer.TestCase.CommandClientPerformance.NetStandard", "TestCase\CommandServerPerformance\Client\AutoCSer.TestCase.CommandClientPerformance.NetStandard.csproj", "{B7158D1C-2C4D-4865-8FC5-BE5518FE3F90}"
EndProject
Project("{2150E333-8FDC-42A3-9474-1A3956D46DE8}") = "Application", "Application", "{EFAEE2B6-47FE-4687-AAE7-10C927249CC3}"
EndProject
Project("{9A19103F-16F7-4668-BE54-9A1E7A4F7556}") = "AutoCSer.CommandService.ServiceRegistry.NetStandard", "Application\ServiceRegistry\AutoCSer.CommandService.ServiceRegistry.NetStandard.csproj", "{0B4E1A40-79D6-4F52-B22B-F7F6D160E737}"
EndProject
Project("{2150E333-8FDC-42A3-9474-1A3956D46DE8}") = "ServiceRegistry", "ServiceRegistry", "{D959554E-E027-467E-BD1E-D67FED62DCA3}"
EndProject
Project("{2150E333-8FDC-42A3-9474-1A3956D46DE8}") = "ExtensionTools", "ExtensionTools", "{68EBF962-1891-40BE-B044-9387C6A03EDE}"
EndProject
Project("{2150E333-8FDC-42A3-9474-1A3956D46DE8}") = "TestCase", "TestCase", "{58345396-676A-4C08-989E-728B866E54E9}"
EndProject
Project("{9A19103F-16F7-4668-BE54-9A1E7A4F7556}") = "AutoCSer.TestCase.Common.NetStandard", "TestCase\Common\AutoCSer.TestCase.Common.NetStandard.csproj", "{02EA8B7D-AD9B-4671-9A98-939C47465863}"
EndProject
Project("{9A19103F-16F7-4668-BE54-9A1E7A4F7556}") = "AutoCSer.TestCase.ServiceRegistry.NetStandard", "TestCase\ServiceRegistry\AutoCSer.TestCase.ServiceRegistry.NetStandard.csproj", "{524825D5-156F-4D88-B983-0D7812695295}"
EndProject
Project("{9A19103F-16F7-4668-BE54-9A1E7A4F7556}") = "AutoCSer.TestCase.ServiceRegistry.Service.NetStandard", "TestCase\ServiceRegistry\Service\AutoCSer.TestCase.ServiceRegistry.Service.NetStandard.csproj", "{F181FC87-2E3C-4493-BDA5-2B47EC629E29}"
EndProject
Project("{9A19103F-16F7-4668-BE54-9A1E7A4F7556}") = "AutoCSer.TestCase.ServiceRegistry.Client.NetStandard", "TestCase\ServiceRegistry\Service\Client\AutoCSer.TestCase.ServiceRegistry.Client.NetStandard.csproj", "{B9FEF2DB-21E0-4B3B-8DEB-469A84552D2F}"
EndProject
Project("{9A19103F-16F7-4668-BE54-9A1E7A4F7556}") = "AutoCSer.CommandService.DistributedLock.NetStandard", "Application\DistributedLock\AutoCSer.CommandService.DistributedLock.NetStandard.csproj", "{7011DE2F-B2FD-4B64-8BFA-125F76192F81}"
EndProject
Project("{2150E333-8FDC-42A3-9474-1A3956D46DE8}") = "DistributedLock", "DistributedLock", "{9AB60571-45FC-4718-AEDB-538A3CF81693}"
EndProject
Project("{9A19103F-16F7-4668-BE54-9A1E7A4F7556}") = "AutoCSer.TestCase.DistributedLock.NetStandard", "TestCase\DistributedLock\AutoCSer.TestCase.DistributedLock.NetStandard.csproj", "{08F689E0-80BD-4B8B-96E9-868455045656}"
EndProject
Project("{2150E333-8FDC-42A3-9474-1A3956D46DE8}") = "TestCase", "TestCase", "{0221975A-9B6C-4EBB-8451-05DE52D74C9C}"
EndProject
Project("{9A19103F-16F7-4668-BE54-9A1E7A4F7556}") = "AutoCSer.TestCase.DistributedLockClient.NetStandard", "TestCase\DistributedLock\Client\AutoCSer.TestCase.DistributedLockClient.NetStandard.csproj", "{2A1061B4-696D-4227-850E-587529508FEE}"
EndProject
Project("{2150E333-8FDC-42A3-9474-1A3956D46DE8}") = "ProcessGuard", "ProcessGuard", "{28237FFE-2BD3-4299-B1B2-D790AF3AEDF0}"
EndProject
Project("{9A19103F-16F7-4668-BE54-9A1E7A4F7556}") = "AutoCSer.CommandService.ProcessGuard.NetStandard", "Application\ProcessGuard\AutoCSer.CommandService.ProcessGuard.NetStandard.csproj", "{C2D0E8AF-6EB1-416B-8A76-AFA2EEF85D97}"
EndProject
Project("{2150E333-8FDC-42A3-9474-1A3956D46DE8}") = "TestCase", "TestCase", "{5B7C24E8-9465-4DDD-8825-43CD426FC060}"
EndProject
Project("{9A19103F-16F7-4668-BE54-9A1E7A4F7556}") = "AutoCSer.TestCase.ProcessGuard.NetStandard", "TestCase\ProcessGuard\AutoCSer.TestCase.ProcessGuard.NetStandard.csproj", "{B9C7F0E1-5BAE-499E-A7D9-5DC2F19A993F}"
EndProject
Project("{9A19103F-16F7-4668-BE54-9A1E7A4F7556}") = "AutoCSer.TestCase.ProcessGuardClient.NetStandard", "TestCase\ProcessGuard\Client\AutoCSer.TestCase.ProcessGuardClient.NetStandard.csproj", "{3432C0F2-AA90-4714-8DB1-85CAAD97088F}"
EndProject
Project("{2150E333-8FDC-42A3-9474-1A3956D46DE8}") = "Example", "Example", "{5CDD2AC8-81A9-410A-907C-0A3355331B3B}"
EndProject
Project("{2150E333-8FDC-42A3-9474-1A3956D46DE8}") = "ExtensionTools", "ExtensionTools", "{8E2DAE91-968D-48C0-8495-76C13D781EDA}"
EndProject
Project("{9A19103F-16F7-4668-BE54-9A1E7A4F7556}") = "AutoCSer.Example.CommandServer.NetStandard", "Example\CommandServer\AutoCSer.Example.CommandServer.NetStandard.csproj", "{E917546B-847F-4646-AB3B-039281EFD405}"
EndProject
Project("{2150E333-8FDC-42A3-9474-1A3956D46DE8}") = "TimestampVerify", "TimestampVerify", "{55D9A121-3131-4218-B263-80871FDC8164}"
EndProject
Project("{9A19103F-16F7-4668-BE54-9A1E7A4F7556}") = "AutoCSer.CommandService.TimestampVerify.NetStandard", "Application\TimestampVerify\AutoCSer.CommandService.TimestampVerify.NetStandard.csproj", "{92EEB102-26D9-4C6E-A6D5-0289DA81750F}"
EndProject
Project("{2150E333-8FDC-42A3-9474-1A3956D46DE8}") = "TestCase", "TestCase", "{262A8F3C-351E-4EE5-BD13-8EB07014696A}"
EndProject
Project("{9A19103F-16F7-4668-BE54-9A1E7A4F7556}") = "AutoCSer.TestCase.TimestampVerify.NetStandard", "TestCase\TimestampVerify\AutoCSer.TestCase.TimestampVerify.NetStandard.csproj", "{FF5097D4-45A6-4479-9358-AB1F6B89E1F5}"
EndProject
Project("{9A19103F-16F7-4668-BE54-9A1E7A4F7556}") = "AutoCSer.TestCase.TimestampVerifyClient.NetStandard", "TestCase\TimestampVerify\Client\AutoCSer.TestCase.TimestampVerifyClient.NetStandard.csproj", "{C05EBBDB-2127-49B0-879B-A5EDC88BABAA}"
EndProject
Project("{2150E333-8FDC-42A3-9474-1A3956D46DE8}") = "DatabaseBackup", "DatabaseBackup", "{366914D9-34DD-45BA-B2DA-9C589D64CD73}"
EndProject
Project("{9A19103F-16F7-4668-BE54-9A1E7A4F7556}") = "AutoCSer.CommandService.DatabaseBackup.NetStandard", "Application\DatabaseBackup\AutoCSer.CommandService.DatabaseBackup.NetStandard.csproj", "{41FC999D-4E07-48DE-940E-D1FBC2028459}"
EndProject
Project("{2150E333-8FDC-42A3-9474-1A3956D46DE8}") = "TestCase", "TestCase", "{0F2CEE98-31CC-4104-B45D-1917C664C957}"
EndProject
Project("{9A19103F-16F7-4668-BE54-9A1E7A4F7556}") = "AutoCSer.TestCase.DatabaseBackup.NetStandard", "TestCase\DatabaseBackup\AutoCSer.TestCase.DatabaseBackup.NetStandard.csproj", "{061EB5DE-4645-4792-8954-25A53F1BCF12}"
EndProject
Project("{9A19103F-16F7-4668-BE54-9A1E7A4F7556}") = "AutoCSer.TestCase.DatabaseBackupClient.NetStandard", "TestCase\DatabaseBackup\Client\AutoCSer.TestCase.DatabaseBackupClient.NetStandard.csproj", "{37000725-9558-461C-B0A6-51D5352CEDF1}"
EndProject
Project("{2150E333-8FDC-42A3-9474-1A3956D46DE8}") = "ReverseLogCollection", "ReverseLogCollection", "{BA0B97EC-A1E5-4608-A7E5-94279799A494}"
EndProject
Project("{2150E333-8FDC-42A3-9474-1A3956D46DE8}") = "TestCase", "TestCase", "{EAFB90E1-4835-4760-869C-4F3880E9FCAE}"
EndProject
Project("{9A19103F-16F7-4668-BE54-9A1E7A4F7556}") = "AutoCSer.CommandService.ReverseLogCollection.NetStandard", "Application\ReverseLogCollection\AutoCSer.CommandService.ReverseLogCollection.NetStandard.csproj", "{AF22DB72-0EA7-4CF3-A84F-48F21CC3E5C1}"
EndProject
Project("{9A19103F-16F7-4668-BE54-9A1E7A4F7556}") = "AutoCSer.TestCase.ReverseLogCollection.NetStandard", "TestCase\ReverseLogCollection\AutoCSer.TestCase.ReverseLogCollection.NetStandard.csproj", "{8F8A8253-2C08-4A97-A27D-C9730A85B9FD}"
EndProject
Project("{9A19103F-16F7-4668-BE54-9A1E7A4F7556}") = "AutoCSer.TestCase.ReverseLogCollectionCommon.NetStandard", "TestCase\ReverseLogCollection\Common\AutoCSer.TestCase.ReverseLogCollectionCommon.NetStandard.csproj", "{E8C07822-A0B6-46A6-9755-5BCDE9118559}"
EndProject
Project("{9A19103F-16F7-4668-BE54-9A1E7A4F7556}") = "AutoCSer.TestCase.ReverseLogCollectionClient.NetStandard", "TestCase\ReverseLogCollection\Client\AutoCSer.TestCase.ReverseLogCollectionClient.NetStandard.csproj", "{5C977428-A027-4336-99DC-D158BDD38213}"
EndProject
Project("{9A19103F-16F7-4668-BE54-9A1E7A4F7556}") = "AutoCSer.TestCase.ProcessGuardSwitchProcess.NetStandard", "TestCase\ProcessGuard\SwitchProcess\AutoCSer.TestCase.ProcessGuardSwitchProcess.NetStandard.csproj", "{1CE0FE35-E610-4EC4-8B6D-6796F26C5A6D}"
EndProject
Global
	GlobalSection(SolutionConfigurationPlatforms) = preSolution
		Debug|Any CPU = Debug|Any CPU
		Release|Any CPU = Release|Any CPU
	EndGlobalSection
	GlobalSection(ProjectConfigurationPlatforms) = postSolution
		{F0F0ED16-EEAD-4430-8DFD-A29F7B17E135}.Debug|Any CPU.ActiveCfg = Debug|Any CPU
		{F0F0ED16-EEAD-4430-8DFD-A29F7B17E135}.Debug|Any CPU.Build.0 = Debug|Any CPU
		{F0F0ED16-EEAD-4430-8DFD-A29F7B17E135}.Release|Any CPU.ActiveCfg = Release|Any CPU
		{F0F0ED16-EEAD-4430-8DFD-A29F7B17E135}.Release|Any CPU.Build.0 = Release|Any CPU
		{B9F6F06A-A21D-40D5-8BC4-D2424A4AD499}.Debug|Any CPU.ActiveCfg = Debug|Any CPU
		{B9F6F06A-A21D-40D5-8BC4-D2424A4AD499}.Debug|Any CPU.Build.0 = Debug|Any CPU
		{B9F6F06A-A21D-40D5-8BC4-D2424A4AD499}.Release|Any CPU.ActiveCfg = Release|Any CPU
		{B9F6F06A-A21D-40D5-8BC4-D2424A4AD499}.Release|Any CPU.Build.0 = Release|Any CPU
		{D7CD22CA-47C6-4B4B-868E-A3E465B500B4}.Debug|Any CPU.ActiveCfg = Debug|Any CPU
		{D7CD22CA-47C6-4B4B-868E-A3E465B500B4}.Debug|Any CPU.Build.0 = Debug|Any CPU
		{D7CD22CA-47C6-4B4B-868E-A3E465B500B4}.Release|Any CPU.ActiveCfg = Release|Any CPU
		{D7CD22CA-47C6-4B4B-868E-A3E465B500B4}.Release|Any CPU.Build.0 = Release|Any CPU
		{80C7F338-1F14-48A6-B05F-678E6218EE6B}.Debug|Any CPU.ActiveCfg = Debug|Any CPU
		{80C7F338-1F14-48A6-B05F-678E6218EE6B}.Debug|Any CPU.Build.0 = Debug|Any CPU
		{80C7F338-1F14-48A6-B05F-678E6218EE6B}.Release|Any CPU.ActiveCfg = Release|Any CPU
		{80C7F338-1F14-48A6-B05F-678E6218EE6B}.Release|Any CPU.Build.0 = Release|Any CPU
		{00279A4A-88B2-49A9-97BE-642157F678A2}.Debug|Any CPU.ActiveCfg = Debug|Any CPU
		{00279A4A-88B2-49A9-97BE-642157F678A2}.Debug|Any CPU.Build.0 = Debug|Any CPU
		{00279A4A-88B2-49A9-97BE-642157F678A2}.Release|Any CPU.ActiveCfg = Release|Any CPU
		{00279A4A-88B2-49A9-97BE-642157F678A2}.Release|Any CPU.Build.0 = Release|Any CPU
		{22073251-5138-40A8-AFAC-947C34A104F2}.Debug|Any CPU.ActiveCfg = Debug|Any CPU
		{22073251-5138-40A8-AFAC-947C34A104F2}.Debug|Any CPU.Build.0 = Debug|Any CPU
		{22073251-5138-40A8-AFAC-947C34A104F2}.Release|Any CPU.ActiveCfg = Release|Any CPU
		{22073251-5138-40A8-AFAC-947C34A104F2}.Release|Any CPU.Build.0 = Release|Any CPU
		{B7158D1C-2C4D-4865-8FC5-BE5518FE3F90}.Debug|Any CPU.ActiveCfg = Debug|Any CPU
		{B7158D1C-2C4D-4865-8FC5-BE5518FE3F90}.Debug|Any CPU.Build.0 = Debug|Any CPU
		{B7158D1C-2C4D-4865-8FC5-BE5518FE3F90}.Release|Any CPU.ActiveCfg = Release|Any CPU
		{B7158D1C-2C4D-4865-8FC5-BE5518FE3F90}.Release|Any CPU.Build.0 = Release|Any CPU
		{0B4E1A40-79D6-4F52-B22B-F7F6D160E737}.Debug|Any CPU.ActiveCfg = Debug|Any CPU
		{0B4E1A40-79D6-4F52-B22B-F7F6D160E737}.Debug|Any CPU.Build.0 = Debug|Any CPU
		{0B4E1A40-79D6-4F52-B22B-F7F6D160E737}.Release|Any CPU.ActiveCfg = Release|Any CPU
		{0B4E1A40-79D6-4F52-B22B-F7F6D160E737}.Release|Any CPU.Build.0 = Release|Any CPU
		{02EA8B7D-AD9B-4671-9A98-939C47465863}.Debug|Any CPU.ActiveCfg = Debug|Any CPU
		{02EA8B7D-AD9B-4671-9A98-939C47465863}.Debug|Any CPU.Build.0 = Debug|Any CPU
		{02EA8B7D-AD9B-4671-9A98-939C47465863}.Release|Any CPU.ActiveCfg = Release|Any CPU
		{02EA8B7D-AD9B-4671-9A98-939C47465863}.Release|Any CPU.Build.0 = Release|Any CPU
		{524825D5-156F-4D88-B983-0D7812695295}.Debug|Any CPU.ActiveCfg = Debug|Any CPU
		{524825D5-156F-4D88-B983-0D7812695295}.Debug|Any CPU.Build.0 = Debug|Any CPU
		{524825D5-156F-4D88-B983-0D7812695295}.Release|Any CPU.ActiveCfg = Release|Any CPU
		{524825D5-156F-4D88-B983-0D7812695295}.Release|Any CPU.Build.0 = Release|Any CPU
		{F181FC87-2E3C-4493-BDA5-2B47EC629E29}.Debug|Any CPU.ActiveCfg = Debug|Any CPU
		{F181FC87-2E3C-4493-BDA5-2B47EC629E29}.Debug|Any CPU.Build.0 = Debug|Any CPU
		{F181FC87-2E3C-4493-BDA5-2B47EC629E29}.Release|Any CPU.ActiveCfg = Release|Any CPU
		{F181FC87-2E3C-4493-BDA5-2B47EC629E29}.Release|Any CPU.Build.0 = Release|Any CPU
		{B9FEF2DB-21E0-4B3B-8DEB-469A84552D2F}.Debug|Any CPU.ActiveCfg = Debug|Any CPU
		{B9FEF2DB-21E0-4B3B-8DEB-469A84552D2F}.Debug|Any CPU.Build.0 = Debug|Any CPU
		{B9FEF2DB-21E0-4B3B-8DEB-469A84552D2F}.Release|Any CPU.ActiveCfg = Release|Any CPU
		{B9FEF2DB-21E0-4B3B-8DEB-469A84552D2F}.Release|Any CPU.Build.0 = Release|Any CPU
		{7011DE2F-B2FD-4B64-8BFA-125F76192F81}.Debug|Any CPU.ActiveCfg = Debug|Any CPU
		{7011DE2F-B2FD-4B64-8BFA-125F76192F81}.Debug|Any CPU.Build.0 = Debug|Any CPU
		{7011DE2F-B2FD-4B64-8BFA-125F76192F81}.Release|Any CPU.ActiveCfg = Release|Any CPU
		{7011DE2F-B2FD-4B64-8BFA-125F76192F81}.Release|Any CPU.Build.0 = Release|Any CPU
		{08F689E0-80BD-4B8B-96E9-868455045656}.Debug|Any CPU.ActiveCfg = Debug|Any CPU
		{08F689E0-80BD-4B8B-96E9-868455045656}.Debug|Any CPU.Build.0 = Debug|Any CPU
		{08F689E0-80BD-4B8B-96E9-868455045656}.Release|Any CPU.ActiveCfg = Release|Any CPU
		{08F689E0-80BD-4B8B-96E9-868455045656}.Release|Any CPU.Build.0 = Release|Any CPU
		{2A1061B4-696D-4227-850E-587529508FEE}.Debug|Any CPU.ActiveCfg = Debug|Any CPU
		{2A1061B4-696D-4227-850E-587529508FEE}.Debug|Any CPU.Build.0 = Debug|Any CPU
		{2A1061B4-696D-4227-850E-587529508FEE}.Release|Any CPU.ActiveCfg = Release|Any CPU
		{2A1061B4-696D-4227-850E-587529508FEE}.Release|Any CPU.Build.0 = Release|Any CPU
		{C2D0E8AF-6EB1-416B-8A76-AFA2EEF85D97}.Debug|Any CPU.ActiveCfg = Debug|Any CPU
		{C2D0E8AF-6EB1-416B-8A76-AFA2EEF85D97}.Debug|Any CPU.Build.0 = Debug|Any CPU
		{C2D0E8AF-6EB1-416B-8A76-AFA2EEF85D97}.Release|Any CPU.ActiveCfg = Release|Any CPU
		{C2D0E8AF-6EB1-416B-8A76-AFA2EEF85D97}.Release|Any CPU.Build.0 = Release|Any CPU
		{B9C7F0E1-5BAE-499E-A7D9-5DC2F19A993F}.Debug|Any CPU.ActiveCfg = Debug|Any CPU
		{B9C7F0E1-5BAE-499E-A7D9-5DC2F19A993F}.Debug|Any CPU.Build.0 = Debug|Any CPU
		{B9C7F0E1-5BAE-499E-A7D9-5DC2F19A993F}.Release|Any CPU.ActiveCfg = Release|Any CPU
		{B9C7F0E1-5BAE-499E-A7D9-5DC2F19A993F}.Release|Any CPU.Build.0 = Release|Any CPU
		{3432C0F2-AA90-4714-8DB1-85CAAD97088F}.Debug|Any CPU.ActiveCfg = Debug|Any CPU
		{3432C0F2-AA90-4714-8DB1-85CAAD97088F}.Debug|Any CPU.Build.0 = Debug|Any CPU
		{3432C0F2-AA90-4714-8DB1-85CAAD97088F}.Release|Any CPU.ActiveCfg = Release|Any CPU
		{3432C0F2-AA90-4714-8DB1-85CAAD97088F}.Release|Any CPU.Build.0 = Release|Any CPU
		{E917546B-847F-4646-AB3B-039281EFD405}.Debug|Any CPU.ActiveCfg = Debug|Any CPU
		{E917546B-847F-4646-AB3B-039281EFD405}.Debug|Any CPU.Build.0 = Debug|Any CPU
		{E917546B-847F-4646-AB3B-039281EFD405}.Release|Any CPU.ActiveCfg = Release|Any CPU
		{E917546B-847F-4646-AB3B-039281EFD405}.Release|Any CPU.Build.0 = Release|Any CPU
		{92EEB102-26D9-4C6E-A6D5-0289DA81750F}.Debug|Any CPU.ActiveCfg = Debug|Any CPU
		{92EEB102-26D9-4C6E-A6D5-0289DA81750F}.Debug|Any CPU.Build.0 = Debug|Any CPU
		{92EEB102-26D9-4C6E-A6D5-0289DA81750F}.Release|Any CPU.ActiveCfg = Release|Any CPU
		{92EEB102-26D9-4C6E-A6D5-0289DA81750F}.Release|Any CPU.Build.0 = Release|Any CPU
		{FF5097D4-45A6-4479-9358-AB1F6B89E1F5}.Debug|Any CPU.ActiveCfg = Debug|Any CPU
		{FF5097D4-45A6-4479-9358-AB1F6B89E1F5}.Debug|Any CPU.Build.0 = Debug|Any CPU
		{FF5097D4-45A6-4479-9358-AB1F6B89E1F5}.Release|Any CPU.ActiveCfg = Release|Any CPU
		{FF5097D4-45A6-4479-9358-AB1F6B89E1F5}.Release|Any CPU.Build.0 = Release|Any CPU
		{C05EBBDB-2127-49B0-879B-A5EDC88BABAA}.Debug|Any CPU.ActiveCfg = Debug|Any CPU
		{C05EBBDB-2127-49B0-879B-A5EDC88BABAA}.Debug|Any CPU.Build.0 = Debug|Any CPU
		{C05EBBDB-2127-49B0-879B-A5EDC88BABAA}.Release|Any CPU.ActiveCfg = Release|Any CPU
		{C05EBBDB-2127-49B0-879B-A5EDC88BABAA}.Release|Any CPU.Build.0 = Release|Any CPU
		{41FC999D-4E07-48DE-940E-D1FBC2028459}.Debug|Any CPU.ActiveCfg = Debug|Any CPU
		{41FC999D-4E07-48DE-940E-D1FBC2028459}.Debug|Any CPU.Build.0 = Debug|Any CPU
		{41FC999D-4E07-48DE-940E-D1FBC2028459}.Release|Any CPU.ActiveCfg = Release|Any CPU
		{41FC999D-4E07-48DE-940E-D1FBC2028459}.Release|Any CPU.Build.0 = Release|Any CPU
		{061EB5DE-4645-4792-8954-25A53F1BCF12}.Debug|Any CPU.ActiveCfg = Debug|Any CPU
		{061EB5DE-4645-4792-8954-25A53F1BCF12}.Debug|Any CPU.Build.0 = Debug|Any CPU
		{061EB5DE-4645-4792-8954-25A53F1BCF12}.Release|Any CPU.ActiveCfg = Release|Any CPU
		{061EB5DE-4645-4792-8954-25A53F1BCF12}.Release|Any CPU.Build.0 = Release|Any CPU
		{37000725-9558-461C-B0A6-51D5352CEDF1}.Debug|Any CPU.ActiveCfg = Debug|Any CPU
		{37000725-9558-461C-B0A6-51D5352CEDF1}.Debug|Any CPU.Build.0 = Debug|Any CPU
		{37000725-9558-461C-B0A6-51D5352CEDF1}.Release|Any CPU.ActiveCfg = Release|Any CPU
		{37000725-9558-461C-B0A6-51D5352CEDF1}.Release|Any CPU.Build.0 = Release|Any CPU
		{AF22DB72-0EA7-4CF3-A84F-48F21CC3E5C1}.Debug|Any CPU.ActiveCfg = Debug|Any CPU
		{AF22DB72-0EA7-4CF3-A84F-48F21CC3E5C1}.Debug|Any CPU.Build.0 = Debug|Any CPU
		{AF22DB72-0EA7-4CF3-A84F-48F21CC3E5C1}.Release|Any CPU.ActiveCfg = Release|Any CPU
		{AF22DB72-0EA7-4CF3-A84F-48F21CC3E5C1}.Release|Any CPU.Build.0 = Release|Any CPU
		{8F8A8253-2C08-4A97-A27D-C9730A85B9FD}.Debug|Any CPU.ActiveCfg = Debug|Any CPU
		{8F8A8253-2C08-4A97-A27D-C9730A85B9FD}.Debug|Any CPU.Build.0 = Debug|Any CPU
		{8F8A8253-2C08-4A97-A27D-C9730A85B9FD}.Release|Any CPU.ActiveCfg = Release|Any CPU
		{8F8A8253-2C08-4A97-A27D-C9730A85B9FD}.Release|Any CPU.Build.0 = Release|Any CPU
		{E8C07822-A0B6-46A6-9755-5BCDE9118559}.Debug|Any CPU.ActiveCfg = Debug|Any CPU
		{E8C07822-A0B6-46A6-9755-5BCDE9118559}.Debug|Any CPU.Build.0 = Debug|Any CPU
		{E8C07822-A0B6-46A6-9755-5BCDE9118559}.Release|Any CPU.ActiveCfg = Release|Any CPU
		{E8C07822-A0B6-46A6-9755-5BCDE9118559}.Release|Any CPU.Build.0 = Release|Any CPU
		{5C977428-A027-4336-99DC-D158BDD38213}.Debug|Any CPU.ActiveCfg = Debug|Any CPU
		{5C977428-A027-4336-99DC-D158BDD38213}.Debug|Any CPU.Build.0 = Debug|Any CPU
		{5C977428-A027-4336-99DC-D158BDD38213}.Release|Any CPU.ActiveCfg = Release|Any CPU
		{5C977428-A027-4336-99DC-D158BDD38213}.Release|Any CPU.Build.0 = Release|Any CPU
		{1CE0FE35-E610-4EC4-8B6D-6796F26C5A6D}.Debug|Any CPU.ActiveCfg = Debug|Any CPU
		{1CE0FE35-E610-4EC4-8B6D-6796F26C5A6D}.Debug|Any CPU.Build.0 = Debug|Any CPU
		{1CE0FE35-E610-4EC4-8B6D-6796F26C5A6D}.Release|Any CPU.ActiveCfg = Release|Any CPU
		{1CE0FE35-E610-4EC4-8B6D-6796F26C5A6D}.Release|Any CPU.Build.0 = Release|Any CPU
	EndGlobalSection
	GlobalSection(SolutionProperties) = preSolution
		HideSolutionNode = FALSE
	EndGlobalSection
	GlobalSection(NestedProjects) = preSolution
		{F0F0ED16-EEAD-4430-8DFD-A29F7B17E135} = {68EBF962-1891-40BE-B044-9387C6A03EDE}
		{B9F6F06A-A21D-40D5-8BC4-D2424A4AD499} = {8E2DAE91-968D-48C0-8495-76C13D781EDA}
		{D7CD22CA-47C6-4B4B-868E-A3E465B500B4} = {2DED9358-90ED-4076-B844-FE2A64162C51}
		{80C7F338-1F14-48A6-B05F-678E6218EE6B} = {2DED9358-90ED-4076-B844-FE2A64162C51}
		{00279A4A-88B2-49A9-97BE-642157F678A2} = {8E2DAE91-968D-48C0-8495-76C13D781EDA}
		{22073251-5138-40A8-AFAC-947C34A104F2} = {2DED9358-90ED-4076-B844-FE2A64162C51}
		{B7158D1C-2C4D-4865-8FC5-BE5518FE3F90} = {2DED9358-90ED-4076-B844-FE2A64162C51}
		{0B4E1A40-79D6-4F52-B22B-F7F6D160E737} = {D959554E-E027-467E-BD1E-D67FED62DCA3}
		{D959554E-E027-467E-BD1E-D67FED62DCA3} = {EFAEE2B6-47FE-4687-AAE7-10C927249CC3}
		{58345396-676A-4C08-989E-728B866E54E9} = {D959554E-E027-467E-BD1E-D67FED62DCA3}
		{02EA8B7D-AD9B-4671-9A98-939C47465863} = {2DED9358-90ED-4076-B844-FE2A64162C51}
		{524825D5-156F-4D88-B983-0D7812695295} = {58345396-676A-4C08-989E-728B866E54E9}
		{F181FC87-2E3C-4493-BDA5-2B47EC629E29} = {58345396-676A-4C08-989E-728B866E54E9}
		{B9FEF2DB-21E0-4B3B-8DEB-469A84552D2F} = {58345396-676A-4C08-989E-728B866E54E9}
		{7011DE2F-B2FD-4B64-8BFA-125F76192F81} = {9AB60571-45FC-4718-AEDB-538A3CF81693}
		{9AB60571-45FC-4718-AEDB-538A3CF81693} = {EFAEE2B6-47FE-4687-AAE7-10C927249CC3}
		{08F689E0-80BD-4B8B-96E9-868455045656} = {0221975A-9B6C-4EBB-8451-05DE52D74C9C}
		{0221975A-9B6C-4EBB-8451-05DE52D74C9C} = {9AB60571-45FC-4718-AEDB-538A3CF81693}
		{2A1061B4-696D-4227-850E-587529508FEE} = {0221975A-9B6C-4EBB-8451-05DE52D74C9C}
		{28237FFE-2BD3-4299-B1B2-D790AF3AEDF0} = {EFAEE2B6-47FE-4687-AAE7-10C927249CC3}
		{C2D0E8AF-6EB1-416B-8A76-AFA2EEF85D97} = {28237FFE-2BD3-4299-B1B2-D790AF3AEDF0}
		{5B7C24E8-9465-4DDD-8825-43CD426FC060} = {28237FFE-2BD3-4299-B1B2-D790AF3AEDF0}
		{B9C7F0E1-5BAE-499E-A7D9-5DC2F19A993F} = {5B7C24E8-9465-4DDD-8825-43CD426FC060}
		{3432C0F2-AA90-4714-8DB1-85CAAD97088F} = {5B7C24E8-9465-4DDD-8825-43CD426FC060}
		{8E2DAE91-968D-48C0-8495-76C13D781EDA} = {2DED9358-90ED-4076-B844-FE2A64162C51}
		{E917546B-847F-4646-AB3B-039281EFD405} = {5CDD2AC8-81A9-410A-907C-0A3355331B3B}
		{55D9A121-3131-4218-B263-80871FDC8164} = {EFAEE2B6-47FE-4687-AAE7-10C927249CC3}
		{92EEB102-26D9-4C6E-A6D5-0289DA81750F} = {55D9A121-3131-4218-B263-80871FDC8164}
		{262A8F3C-351E-4EE5-BD13-8EB07014696A} = {55D9A121-3131-4218-B263-80871FDC8164}
		{FF5097D4-45A6-4479-9358-AB1F6B89E1F5} = {262A8F3C-351E-4EE5-BD13-8EB07014696A}
		{C05EBBDB-2127-49B0-879B-A5EDC88BABAA} = {262A8F3C-351E-4EE5-BD13-8EB07014696A}
		{366914D9-34DD-45BA-B2DA-9C589D64CD73} = {EFAEE2B6-47FE-4687-AAE7-10C927249CC3}
		{41FC999D-4E07-48DE-940E-D1FBC2028459} = {366914D9-34DD-45BA-B2DA-9C589D64CD73}
		{0F2CEE98-31CC-4104-B45D-1917C664C957} = {366914D9-34DD-45BA-B2DA-9C589D64CD73}
		{061EB5DE-4645-4792-8954-25A53F1BCF12} = {0F2CEE98-31CC-4104-B45D-1917C664C957}
		{37000725-9558-461C-B0A6-51D5352CEDF1} = {0F2CEE98-31CC-4104-B45D-1917C664C957}
		{BA0B97EC-A1E5-4608-A7E5-94279799A494} = {EFAEE2B6-47FE-4687-AAE7-10C927249CC3}
		{EAFB90E1-4835-4760-869C-4F3880E9FCAE} = {BA0B97EC-A1E5-4608-A7E5-94279799A494}
		{AF22DB72-0EA7-4CF3-A84F-48F21CC3E5C1} = {BA0B97EC-A1E5-4608-A7E5-94279799A494}
		{8F8A8253-2C08-4A97-A27D-C9730A85B9FD} = {EAFB90E1-4835-4760-869C-4F3880E9FCAE}
		{E8C07822-A0B6-46A6-9755-5BCDE9118559} = {EAFB90E1-4835-4760-869C-4F3880E9FCAE}
		{5C977428-A027-4336-99DC-D158BDD38213} = {EAFB90E1-4835-4760-869C-4F3880E9FCAE}
		{1CE0FE35-E610-4EC4-8B6D-6796F26C5A6D} = {5B7C24E8-9465-4DDD-8825-43CD426FC060}
	EndGlobalSection
	GlobalSection(ExtensibilityGlobals) = postSolution
		SolutionGuid = {420CDCCC-1C76-406B-BBCD-D473EAC1DB95}
	EndGlobalSection
EndGlobal
